// !$*UTF8*$!
{
	archiveVersion = 1;
	classes = {
	};
	objectVersion = 46;
	objects = {

/* Begin PBXBuildFile section */
		F009E3811B7C414300D80FD5 /* main.m in Sources */ = {isa = PBXBuildFile; fileRef = F009E3801B7C414300D80FD5 /* main.m */; };
		F009E3841B7C414300D80FD5 /* AppDelegate.m in Sources */ = {isa = PBXBuildFile; fileRef = F009E3831B7C414300D80FD5 /* AppDelegate.m */; };
		F009E3871B7C414300D80FD5 /* ViewController.m in Sources */ = {isa = PBXBuildFile; fileRef = F009E3861B7C414300D80FD5 /* ViewController.m */; };
		F009E38C1B7C414300D80FD5 /* Images.xcassets in Resources */ = {isa = PBXBuildFile; fileRef = F009E38B1B7C414300D80FD5 /* Images.xcassets */; };
		F009E38F1B7C414300D80FD5 /* LaunchScreen.xib in Resources */ = {isa = PBXBuildFile; fileRef = F009E38D1B7C414300D80FD5 /* LaunchScreen.xib */; };
		F009E39B1B7C414300D80FD5 /* YPKitTests.m in Sources */ = {isa = PBXBuildFile; fileRef = F009E39A1B7C414300D80FD5 /* YPKitTests.m */; };
		F009E4F21B7C422500D80FD5 /* YPBaseSegmentedController.m in Sources */ = {isa = PBXBuildFile; fileRef = F009E3A71B7C422500D80FD5 /* YPBaseSegmentedController.m */; };
		F009E4F31B7C422500D80FD5 /* YPBaseTableViewController.m in Sources */ = {isa = PBXBuildFile; fileRef = F009E3A91B7C422500D80FD5 /* YPBaseTableViewController.m */; };
		F009E4F41B7C422500D80FD5 /* YPBaseViewController.m in Sources */ = {isa = PBXBuildFile; fileRef = F009E3AB1B7C422500D80FD5 /* YPBaseViewController.m */; };
		F009E4F51B7C422500D80FD5 /* YPTableViewController.m in Sources */ = {isa = PBXBuildFile; fileRef = F009E3AD1B7C422500D80FD5 /* YPTableViewController.m */; };
		F009E4F61B7C422500D80FD5 /* CALayer+YPKit.m in Sources */ = {isa = PBXBuildFile; fileRef = F009E3B01B7C422500D80FD5 /* CALayer+YPKit.m */; };
		F009E4F71B7C422500D80FD5 /* NSArray+YPKit.m in Sources */ = {isa = PBXBuildFile; fileRef = F009E3B21B7C422500D80FD5 /* NSArray+YPKit.m */; };
		F009E4F81B7C422500D80FD5 /* NSAttributedString+YPKit.m in Sources */ = {isa = PBXBuildFile; fileRef = F009E3B41B7C422500D80FD5 /* NSAttributedString+YPKit.m */; };
		F009E4F91B7C422500D80FD5 /* NSDictionary+YPKit.m in Sources */ = {isa = PBXBuildFile; fileRef = F009E3B61B7C422500D80FD5 /* NSDictionary+YPKit.m */; };
		F009E4FA1B7C422500D80FD5 /* NSMutableAttributedString+YPKit.m in Sources */ = {isa = PBXBuildFile; fileRef = F009E3B81B7C422500D80FD5 /* NSMutableAttributedString+YPKit.m */; };
		F009E4FB1B7C422500D80FD5 /* NSNumber+YPKit.m in Sources */ = {isa = PBXBuildFile; fileRef = F009E3BA1B7C422500D80FD5 /* NSNumber+YPKit.m */; };
		F009E4FC1B7C422500D80FD5 /* NSObject+YPKit.m in Sources */ = {isa = PBXBuildFile; fileRef = F009E3BC1B7C422500D80FD5 /* NSObject+YPKit.m */; };
		F009E4FD1B7C422500D80FD5 /* NSSet+YPKit.m in Sources */ = {isa = PBXBuildFile; fileRef = F009E3BE1B7C422500D80FD5 /* NSSet+YPKit.m */; };
		F009E4FE1B7C422500D80FD5 /* NSString+YPKit.m in Sources */ = {isa = PBXBuildFile; fileRef = F009E3C01B7C422500D80FD5 /* NSString+YPKit.m */; };
		F009E4FF1B7C422500D80FD5 /* UIAlertView+YPKit.m in Sources */ = {isa = PBXBuildFile; fileRef = F009E3C21B7C422500D80FD5 /* UIAlertView+YPKit.m */; };
		F009E5001B7C422500D80FD5 /* UIButton+YPKit.m in Sources */ = {isa = PBXBuildFile; fileRef = F009E3C41B7C422500D80FD5 /* UIButton+YPKit.m */; };
		F009E5011B7C422500D80FD5 /* UIImage+YPKit.m in Sources */ = {isa = PBXBuildFile; fileRef = F009E3C61B7C422500D80FD5 /* UIImage+YPKit.m */; };
		F009E5021B7C422500D80FD5 /* UILabel+YPKit.m in Sources */ = {isa = PBXBuildFile; fileRef = F009E3C81B7C422500D80FD5 /* UILabel+YPKit.m */; };
		F009E5031B7C422500D80FD5 /* UITableView+YPKit.m in Sources */ = {isa = PBXBuildFile; fileRef = F009E3CA1B7C422500D80FD5 /* UITableView+YPKit.m */; };
		F009E5041B7C422500D80FD5 /* UITextField+YPKit.m in Sources */ = {isa = PBXBuildFile; fileRef = F009E3CC1B7C422500D80FD5 /* UITextField+YPKit.m */; };
		F009E5051B7C422500D80FD5 /* UIView+YPKit.m in Sources */ = {isa = PBXBuildFile; fileRef = F009E3CE1B7C422500D80FD5 /* UIView+YPKit.m */; };
		F009E5061B7C422500D80FD5 /* UIViewController+YPKit.m in Sources */ = {isa = PBXBuildFile; fileRef = F009E3D01B7C422500D80FD5 /* UIViewController+YPKit.m */; };
		F009E5071B7C422500D80FD5 /* YPBadgeView.m in Sources */ = {isa = PBXBuildFile; fileRef = F009E3D41B7C422500D80FD5 /* YPBadgeView.m */; };
		F009E5081B7C422500D80FD5 /* checkbox_checked.png in Resources */ = {isa = PBXBuildFile; fileRef = F009E3D61B7C422500D80FD5 /* checkbox_checked.png */; };
		F009E5091B7C422500D80FD5 /* checkbox_unchecked.png in Resources */ = {isa = PBXBuildFile; fileRef = F009E3D71B7C422500D80FD5 /* checkbox_unchecked.png */; };
		F009E50A1B7C422500D80FD5 /* YPCheckBox.m in Sources */ = {isa = PBXBuildFile; fileRef = F009E3D91B7C422500D80FD5 /* YPCheckBox.m */; };
		F009E50C1B7C422500D80FD5 /* YPUpwardsPicker.m in Sources */ = {isa = PBXBuildFile; fileRef = F009E3DE1B7C422500D80FD5 /* YPUpwardsPicker.m */; };
		F009E50D1B7C422500D80FD5 /* YPUpwardsPicker.xib in Resources */ = {isa = PBXBuildFile; fileRef = F009E3DF1B7C422500D80FD5 /* YPUpwardsPicker.xib */; };
		F009E50E1B7C422500D80FD5 /* YPSettingItem.m in Sources */ = {isa = PBXBuildFile; fileRef = F009E3E21B7C422500D80FD5 /* YPSettingItem.m */; };
		F009E5261B7C422500D80FD5 /* BUIControl.m in Sources */ = {isa = PBXBuildFile; fileRef = F009E4241B7C422500D80FD5 /* BUIControl.m */; };
		F009E5271B7C422500D80FD5 /* BUIView.m in Sources */ = {isa = PBXBuildFile; fileRef = F009E4261B7C422500D80FD5 /* BUIView.m */; };
		F009E5281B7C422500D80FD5 /* ZXObject.m in Sources */ = {isa = PBXBuildFile; fileRef = F009E4281B7C422500D80FD5 /* ZXObject.m */; };
		F009E5591B7C422500D80FD5 /* NSAlert+MKNetworkKitAdditions.m in Sources */ = {isa = PBXBuildFile; fileRef = F009E4A61B7C422500D80FD5 /* NSAlert+MKNetworkKitAdditions.m */; };
		F009E55A1B7C422500D80FD5 /* NSData+MKBase64.m in Sources */ = {isa = PBXBuildFile; fileRef = F009E4A81B7C422500D80FD5 /* NSData+MKBase64.m */; };
		F009E55B1B7C422500D80FD5 /* NSDate+RFC1123.m in Sources */ = {isa = PBXBuildFile; fileRef = F009E4AA1B7C422500D80FD5 /* NSDate+RFC1123.m */; };
		F009E55C1B7C422500D80FD5 /* NSDictionary+RequestEncoding.m in Sources */ = {isa = PBXBuildFile; fileRef = F009E4AC1B7C422500D80FD5 /* NSDictionary+RequestEncoding.m */; };
		F009E55D1B7C422500D80FD5 /* NSString+MKNetworkKitAdditions.m in Sources */ = {isa = PBXBuildFile; fileRef = F009E4AE1B7C422500D80FD5 /* NSString+MKNetworkKitAdditions.m */; };
		F009E55E1B7C422500D80FD5 /* UIAlertView+MKNetworkKitAdditions.m in Sources */ = {isa = PBXBuildFile; fileRef = F009E4B01B7C422500D80FD5 /* UIAlertView+MKNetworkKitAdditions.m */; };
		F009E55F1B7C422500D80FD5 /* UIImageView+MKNetworkKitAdditions.m in Sources */ = {isa = PBXBuildFile; fileRef = F009E4B21B7C422500D80FD5 /* UIImageView+MKNetworkKitAdditions.m */; };
		F009E5601B7C422500D80FD5 /* MKNetworkEngine.m in Sources */ = {isa = PBXBuildFile; fileRef = F009E4B41B7C422500D80FD5 /* MKNetworkEngine.m */; };
		F009E5611B7C422500D80FD5 /* MKNetworkOperation.m in Sources */ = {isa = PBXBuildFile; fileRef = F009E4B71B7C422500D80FD5 /* MKNetworkOperation.m */; };
		F009E5621B7C422500D80FD5 /* Reachability.m in Sources */ = {isa = PBXBuildFile; fileRef = F009E4BA1B7C422500D80FD5 /* Reachability.m */; };
		F009E5671B7C422500D80FD5 /* QBAssetsCollectionCheckmarkView.m in Sources */ = {isa = PBXBuildFile; fileRef = F009E4CA1B7C422500D80FD5 /* QBAssetsCollectionCheckmarkView.m */; };
		F009E5681B7C422500D80FD5 /* QBAssetsCollectionFooterView.m in Sources */ = {isa = PBXBuildFile; fileRef = F009E4CC1B7C422500D80FD5 /* QBAssetsCollectionFooterView.m */; };
		F009E5691B7C422500D80FD5 /* QBAssetsCollectionOverlayView.m in Sources */ = {isa = PBXBuildFile; fileRef = F009E4CE1B7C422500D80FD5 /* QBAssetsCollectionOverlayView.m */; };
		F009E56A1B7C422500D80FD5 /* QBAssetsCollectionViewCell.m in Sources */ = {isa = PBXBuildFile; fileRef = F009E4D01B7C422500D80FD5 /* QBAssetsCollectionViewCell.m */; };
		F009E56B1B7C422500D80FD5 /* QBAssetsCollectionViewController.m in Sources */ = {isa = PBXBuildFile; fileRef = F009E4D21B7C422500D80FD5 /* QBAssetsCollectionViewController.m */; };
		F009E56C1B7C422500D80FD5 /* QBAssetsCollectionViewLayout.m in Sources */ = {isa = PBXBuildFile; fileRef = F009E4D41B7C422500D80FD5 /* QBAssetsCollectionViewLayout.m */; };
		F009E56D1B7C422500D80FD5 /* QBImagePickerController.m in Sources */ = {isa = PBXBuildFile; fileRef = F009E4D61B7C422500D80FD5 /* QBImagePickerController.m */; };
		F009E56E1B7C422500D80FD5 /* QBImagePickerGroupCell.m in Sources */ = {isa = PBXBuildFile; fileRef = F009E4D81B7C422500D80FD5 /* QBImagePickerGroupCell.m */; };
		F009E56F1B7C422500D80FD5 /* QBImagePickerThumbnailView.m in Sources */ = {isa = PBXBuildFile; fileRef = F009E4DA1B7C422500D80FD5 /* QBImagePickerThumbnailView.m */; };
		F009E5701B7C422500D80FD5 /* QBImagePickerController.strings in Resources */ = {isa = PBXBuildFile; fileRef = F009E4DC1B7C422500D80FD5 /* QBImagePickerController.strings */; };
		F009E5731B7C422500D80FD5 /* YPDateUtil.m in Sources */ = {isa = PBXBuildFile; fileRef = F009E4E81B7C422500D80FD5 /* YPDateUtil.m */; };
		F009E5741B7C422500D80FD5 /* YPFileUtil.m in Sources */ = {isa = PBXBuildFile; fileRef = F009E4EA1B7C422500D80FD5 /* YPFileUtil.m */; };
		F009E5751B7C422500D80FD5 /* YPHttpEngine.m in Sources */ = {isa = PBXBuildFile; fileRef = F009E4EC1B7C422500D80FD5 /* YPHttpEngine.m */; };
		F009E5761B7C422500D80FD5 /* YPNativeUtil.m in Sources */ = {isa = PBXBuildFile; fileRef = F009E4EE1B7C422500D80FD5 /* YPNativeUtil.m */; };
		F009E5771B7C422500D80FD5 /* YPImagePicker.m in Sources */ = {isa = PBXBuildFile; fileRef = F009E4F01B7C422500D80FD5 /* YPImagePicker.m */; };
		F05B6E581B945CE80080B21F /* MBProgressHUD.m in Sources */ = {isa = PBXBuildFile; fileRef = F05B6E571B945CE80080B21F /* MBProgressHUD.m */; };
		F0BA04171B8EF53100F49425 /* YPControlView.m in Sources */ = {isa = PBXBuildFile; fileRef = F0BA04161B8EF53100F49425 /* YPControlView.m */; };
		F0BA041A1B9007BF00F49425 /* icon_arrow_light@2x.png in Resources */ = {isa = PBXBuildFile; fileRef = F0BA04181B9007BF00F49425 /* icon_arrow_light@2x.png */; };
		F0BA041B1B9007BF00F49425 /* icon_discovery_joined@2x.png in Resources */ = {isa = PBXBuildFile; fileRef = F0BA04191B9007BF00F49425 /* icon_discovery_joined@2x.png */; };
		F0C5D2011B85C1F500DA537E /* YPDateUtilController.m in Sources */ = {isa = PBXBuildFile; fileRef = F0C5D1FF1B85C1F500DA537E /* YPDateUtilController.m */; };
		F0C5D2021B85C1F500DA537E /* YPDateUtilController.xib in Resources */ = {isa = PBXBuildFile; fileRef = F0C5D2001B85C1F500DA537E /* YPDateUtilController.xib */; };
		F0CA30391B7DE0F7003D8AB4 /* RootController.m in Sources */ = {isa = PBXBuildFile; fileRef = F0CA30381B7DE0F7003D8AB4 /* RootController.m */; };
		F0CA303D1B7DE1E1003D8AB4 /* YPTextViewController.m in Sources */ = {isa = PBXBuildFile; fileRef = F0CA303B1B7DE1E1003D8AB4 /* YPTextViewController.m */; };
		F0CA303E1B7DE1E1003D8AB4 /* YPTextViewController.xib in Resources */ = {isa = PBXBuildFile; fileRef = F0CA303C1B7DE1E1003D8AB4 /* YPTextViewController.xib */; };
		F0CA30441B7DE384003D8AB4 /* YPTextView.m in Sources */ = {isa = PBXBuildFile; fileRef = F0CA30431B7DE384003D8AB4 /* YPTextView.m */; };
		F0F809271B8DC4F7001318F2 /* Info.plist in Resources */ = {isa = PBXBuildFile; fileRef = F0F809261B8DC4F7001318F2 /* Info.plist */; };
/* End PBXBuildFile section */

/* Begin PBXContainerItemProxy section */
		F009E3951B7C414300D80FD5 /* PBXContainerItemProxy */ = {
			isa = PBXContainerItemProxy;
			containerPortal = F009E3731B7C414300D80FD5 /* Project object */;
			proxyType = 1;
			remoteGlobalIDString = F009E37A1B7C414300D80FD5;
			remoteInfo = YPKit;
		};
/* End PBXContainerItemProxy section */

/* Begin PBXFileReference section */
		F009E37B1B7C414300D80FD5 /* YPKit.app */ = {isa = PBXFileReference; explicitFileType = wrapper.application; includeInIndex = 0; path = YPKit.app; sourceTree = BUILT_PRODUCTS_DIR; };
		F009E3801B7C414300D80FD5 /* main.m */ = {isa = PBXFileReference; lastKnownFileType = sourcecode.c.objc; path = main.m; sourceTree = "<group>"; };
		F009E3821B7C414300D80FD5 /* AppDelegate.h */ = {isa = PBXFileReference; lastKnownFileType = sourcecode.c.h; path = AppDelegate.h; sourceTree = "<group>"; };
		F009E3831B7C414300D80FD5 /* AppDelegate.m */ = {isa = PBXFileReference; lastKnownFileType = sourcecode.c.objc; path = AppDelegate.m; sourceTree = "<group>"; };
		F009E3851B7C414300D80FD5 /* ViewController.h */ = {isa = PBXFileReference; lastKnownFileType = sourcecode.c.h; path = ViewController.h; sourceTree = "<group>"; };
		F009E3861B7C414300D80FD5 /* ViewController.m */ = {isa = PBXFileReference; lastKnownFileType = sourcecode.c.objc; path = ViewController.m; sourceTree = "<group>"; };
		F009E38B1B7C414300D80FD5 /* Images.xcassets */ = {isa = PBXFileReference; lastKnownFileType = folder.assetcatalog; path = Images.xcassets; sourceTree = "<group>"; };
		F009E38E1B7C414300D80FD5 /* Base */ = {isa = PBXFileReference; lastKnownFileType = file.xib; name = Base; path = Base.lproj/LaunchScreen.xib; sourceTree = "<group>"; };
		F009E3941B7C414300D80FD5 /* YPKitTests.xctest */ = {isa = PBXFileReference; explicitFileType = wrapper.cfbundle; includeInIndex = 0; path = YPKitTests.xctest; sourceTree = BUILT_PRODUCTS_DIR; };
		F009E3991B7C414300D80FD5 /* Info.plist */ = {isa = PBXFileReference; lastKnownFileType = text.plist.xml; path = Info.plist; sourceTree = "<group>"; };
		F009E39A1B7C414300D80FD5 /* YPKitTests.m */ = {isa = PBXFileReference; lastKnownFileType = sourcecode.c.objc; path = YPKitTests.m; sourceTree = "<group>"; };
		F009E3A61B7C422500D80FD5 /* YPBaseSegmentedController.h */ = {isa = PBXFileReference; fileEncoding = 4; lastKnownFileType = sourcecode.c.h; path = YPBaseSegmentedController.h; sourceTree = "<group>"; };
		F009E3A71B7C422500D80FD5 /* YPBaseSegmentedController.m */ = {isa = PBXFileReference; fileEncoding = 4; lastKnownFileType = sourcecode.c.objc; path = YPBaseSegmentedController.m; sourceTree = "<group>"; };
		F009E3A81B7C422500D80FD5 /* YPBaseTableViewController.h */ = {isa = PBXFileReference; fileEncoding = 4; lastKnownFileType = sourcecode.c.h; path = YPBaseTableViewController.h; sourceTree = "<group>"; };
		F009E3A91B7C422500D80FD5 /* YPBaseTableViewController.m */ = {isa = PBXFileReference; fileEncoding = 4; lastKnownFileType = sourcecode.c.objc; path = YPBaseTableViewController.m; sourceTree = "<group>"; };
		F009E3AA1B7C422500D80FD5 /* YPBaseViewController.h */ = {isa = PBXFileReference; fileEncoding = 4; lastKnownFileType = sourcecode.c.h; path = YPBaseViewController.h; sourceTree = "<group>"; };
		F009E3AB1B7C422500D80FD5 /* YPBaseViewController.m */ = {isa = PBXFileReference; fileEncoding = 4; lastKnownFileType = sourcecode.c.objc; path = YPBaseViewController.m; sourceTree = "<group>"; };
		F009E3AC1B7C422500D80FD5 /* YPTableViewController.h */ = {isa = PBXFileReference; fileEncoding = 4; lastKnownFileType = sourcecode.c.h; path = YPTableViewController.h; sourceTree = "<group>"; };
		F009E3AD1B7C422500D80FD5 /* YPTableViewController.m */ = {isa = PBXFileReference; fileEncoding = 4; lastKnownFileType = sourcecode.c.objc; path = YPTableViewController.m; sourceTree = "<group>"; };
		F009E3AF1B7C422500D80FD5 /* CALayer+YPKit.h */ = {isa = PBXFileReference; fileEncoding = 4; lastKnownFileType = sourcecode.c.h; path = "CALayer+YPKit.h"; sourceTree = "<group>"; };
		F009E3B01B7C422500D80FD5 /* CALayer+YPKit.m */ = {isa = PBXFileReference; fileEncoding = 4; lastKnownFileType = sourcecode.c.objc; path = "CALayer+YPKit.m"; sourceTree = "<group>"; };
		F009E3B11B7C422500D80FD5 /* NSArray+YPKit.h */ = {isa = PBXFileReference; fileEncoding = 4; lastKnownFileType = sourcecode.c.h; path = "NSArray+YPKit.h"; sourceTree = "<group>"; };
		F009E3B21B7C422500D80FD5 /* NSArray+YPKit.m */ = {isa = PBXFileReference; fileEncoding = 4; lastKnownFileType = sourcecode.c.objc; path = "NSArray+YPKit.m"; sourceTree = "<group>"; };
		F009E3B31B7C422500D80FD5 /* NSAttributedString+YPKit.h */ = {isa = PBXFileReference; fileEncoding = 4; lastKnownFileType = sourcecode.c.h; path = "NSAttributedString+YPKit.h"; sourceTree = "<group>"; };
		F009E3B41B7C422500D80FD5 /* NSAttributedString+YPKit.m */ = {isa = PBXFileReference; fileEncoding = 4; lastKnownFileType = sourcecode.c.objc; path = "NSAttributedString+YPKit.m"; sourceTree = "<group>"; };
		F009E3B51B7C422500D80FD5 /* NSDictionary+YPKit.h */ = {isa = PBXFileReference; fileEncoding = 4; lastKnownFileType = sourcecode.c.h; path = "NSDictionary+YPKit.h"; sourceTree = "<group>"; };
		F009E3B61B7C422500D80FD5 /* NSDictionary+YPKit.m */ = {isa = PBXFileReference; fileEncoding = 4; lastKnownFileType = sourcecode.c.objc; path = "NSDictionary+YPKit.m"; sourceTree = "<group>"; };
		F009E3B71B7C422500D80FD5 /* NSMutableAttributedString+YPKit.h */ = {isa = PBXFileReference; fileEncoding = 4; lastKnownFileType = sourcecode.c.h; path = "NSMutableAttributedString+YPKit.h"; sourceTree = "<group>"; };
		F009E3B81B7C422500D80FD5 /* NSMutableAttributedString+YPKit.m */ = {isa = PBXFileReference; fileEncoding = 4; lastKnownFileType = sourcecode.c.objc; path = "NSMutableAttributedString+YPKit.m"; sourceTree = "<group>"; };
		F009E3B91B7C422500D80FD5 /* NSNumber+YPKit.h */ = {isa = PBXFileReference; fileEncoding = 4; lastKnownFileType = sourcecode.c.h; path = "NSNumber+YPKit.h"; sourceTree = "<group>"; };
		F009E3BA1B7C422500D80FD5 /* NSNumber+YPKit.m */ = {isa = PBXFileReference; fileEncoding = 4; lastKnownFileType = sourcecode.c.objc; path = "NSNumber+YPKit.m"; sourceTree = "<group>"; };
		F009E3BB1B7C422500D80FD5 /* NSObject+YPKit.h */ = {isa = PBXFileReference; fileEncoding = 4; lastKnownFileType = sourcecode.c.h; path = "NSObject+YPKit.h"; sourceTree = "<group>"; };
		F009E3BC1B7C422500D80FD5 /* NSObject+YPKit.m */ = {isa = PBXFileReference; fileEncoding = 4; lastKnownFileType = sourcecode.c.objc; path = "NSObject+YPKit.m"; sourceTree = "<group>"; };
		F009E3BD1B7C422500D80FD5 /* NSSet+YPKit.h */ = {isa = PBXFileReference; fileEncoding = 4; lastKnownFileType = sourcecode.c.h; path = "NSSet+YPKit.h"; sourceTree = "<group>"; };
		F009E3BE1B7C422500D80FD5 /* NSSet+YPKit.m */ = {isa = PBXFileReference; fileEncoding = 4; lastKnownFileType = sourcecode.c.objc; path = "NSSet+YPKit.m"; sourceTree = "<group>"; };
		F009E3BF1B7C422500D80FD5 /* NSString+YPKit.h */ = {isa = PBXFileReference; fileEncoding = 4; lastKnownFileType = sourcecode.c.h; path = "NSString+YPKit.h"; sourceTree = "<group>"; };
		F009E3C01B7C422500D80FD5 /* NSString+YPKit.m */ = {isa = PBXFileReference; fileEncoding = 4; lastKnownFileType = sourcecode.c.objc; path = "NSString+YPKit.m"; sourceTree = "<group>"; };
		F009E3C11B7C422500D80FD5 /* UIAlertView+YPKit.h */ = {isa = PBXFileReference; fileEncoding = 4; lastKnownFileType = sourcecode.c.h; path = "UIAlertView+YPKit.h"; sourceTree = "<group>"; };
		F009E3C21B7C422500D80FD5 /* UIAlertView+YPKit.m */ = {isa = PBXFileReference; fileEncoding = 4; lastKnownFileType = sourcecode.c.objc; path = "UIAlertView+YPKit.m"; sourceTree = "<group>"; };
		F009E3C31B7C422500D80FD5 /* UIButton+YPKit.h */ = {isa = PBXFileReference; fileEncoding = 4; lastKnownFileType = sourcecode.c.h; path = "UIButton+YPKit.h"; sourceTree = "<group>"; };
		F009E3C41B7C422500D80FD5 /* UIButton+YPKit.m */ = {isa = PBXFileReference; fileEncoding = 4; lastKnownFileType = sourcecode.c.objc; path = "UIButton+YPKit.m"; sourceTree = "<group>"; };
		F009E3C51B7C422500D80FD5 /* UIImage+YPKit.h */ = {isa = PBXFileReference; fileEncoding = 4; lastKnownFileType = sourcecode.c.h; path = "UIImage+YPKit.h"; sourceTree = "<group>"; };
		F009E3C61B7C422500D80FD5 /* UIImage+YPKit.m */ = {isa = PBXFileReference; fileEncoding = 4; lastKnownFileType = sourcecode.c.objc; path = "UIImage+YPKit.m"; sourceTree = "<group>"; };
		F009E3C71B7C422500D80FD5 /* UILabel+YPKit.h */ = {isa = PBXFileReference; fileEncoding = 4; lastKnownFileType = sourcecode.c.h; path = "UILabel+YPKit.h"; sourceTree = "<group>"; };
		F009E3C81B7C422500D80FD5 /* UILabel+YPKit.m */ = {isa = PBXFileReference; fileEncoding = 4; lastKnownFileType = sourcecode.c.objc; path = "UILabel+YPKit.m"; sourceTree = "<group>"; };
		F009E3C91B7C422500D80FD5 /* UITableView+YPKit.h */ = {isa = PBXFileReference; fileEncoding = 4; lastKnownFileType = sourcecode.c.h; path = "UITableView+YPKit.h"; sourceTree = "<group>"; };
		F009E3CA1B7C422500D80FD5 /* UITableView+YPKit.m */ = {isa = PBXFileReference; fileEncoding = 4; lastKnownFileType = sourcecode.c.objc; path = "UITableView+YPKit.m"; sourceTree = "<group>"; };
		F009E3CB1B7C422500D80FD5 /* UITextField+YPKit.h */ = {isa = PBXFileReference; fileEncoding = 4; lastKnownFileType = sourcecode.c.h; path = "UITextField+YPKit.h"; sourceTree = "<group>"; };
		F009E3CC1B7C422500D80FD5 /* UITextField+YPKit.m */ = {isa = PBXFileReference; fileEncoding = 4; lastKnownFileType = sourcecode.c.objc; path = "UITextField+YPKit.m"; sourceTree = "<group>"; };
		F009E3CD1B7C422500D80FD5 /* UIView+YPKit.h */ = {isa = PBXFileReference; fileEncoding = 4; lastKnownFileType = sourcecode.c.h; path = "UIView+YPKit.h"; sourceTree = "<group>"; };
		F009E3CE1B7C422500D80FD5 /* UIView+YPKit.m */ = {isa = PBXFileReference; fileEncoding = 4; lastKnownFileType = sourcecode.c.objc; path = "UIView+YPKit.m"; sourceTree = "<group>"; };
		F009E3CF1B7C422500D80FD5 /* UIViewController+YPKit.h */ = {isa = PBXFileReference; fileEncoding = 4; lastKnownFileType = sourcecode.c.h; path = "UIViewController+YPKit.h"; sourceTree = "<group>"; };
		F009E3D01B7C422500D80FD5 /* UIViewController+YPKit.m */ = {isa = PBXFileReference; fileEncoding = 4; lastKnownFileType = sourcecode.c.objc; path = "UIViewController+YPKit.m"; sourceTree = "<group>"; };
		F009E3D31B7C422500D80FD5 /* YPBadgeView.h */ = {isa = PBXFileReference; fileEncoding = 4; lastKnownFileType = sourcecode.c.h; path = YPBadgeView.h; sourceTree = "<group>"; };
		F009E3D41B7C422500D80FD5 /* YPBadgeView.m */ = {isa = PBXFileReference; fileEncoding = 4; lastKnownFileType = sourcecode.c.objc; path = YPBadgeView.m; sourceTree = "<group>"; };
		F009E3D61B7C422500D80FD5 /* checkbox_checked.png */ = {isa = PBXFileReference; lastKnownFileType = image.png; path = checkbox_checked.png; sourceTree = "<group>"; };
		F009E3D71B7C422500D80FD5 /* checkbox_unchecked.png */ = {isa = PBXFileReference; lastKnownFileType = image.png; path = checkbox_unchecked.png; sourceTree = "<group>"; };
		F009E3D81B7C422500D80FD5 /* YPCheckBox.h */ = {isa = PBXFileReference; fileEncoding = 4; lastKnownFileType = sourcecode.c.h; path = YPCheckBox.h; sourceTree = "<group>"; };
		F009E3D91B7C422500D80FD5 /* YPCheckBox.m */ = {isa = PBXFileReference; fileEncoding = 4; lastKnownFileType = sourcecode.c.objc; path = YPCheckBox.m; sourceTree = "<group>"; };
		F009E3DD1B7C422500D80FD5 /* YPUpwardsPicker.h */ = {isa = PBXFileReference; fileEncoding = 4; lastKnownFileType = sourcecode.c.h; path = YPUpwardsPicker.h; sourceTree = "<group>"; };
		F009E3DE1B7C422500D80FD5 /* YPUpwardsPicker.m */ = {isa = PBXFileReference; fileEncoding = 4; lastKnownFileType = sourcecode.c.objc; path = YPUpwardsPicker.m; sourceTree = "<group>"; };
		F009E3DF1B7C422500D80FD5 /* YPUpwardsPicker.xib */ = {isa = PBXFileReference; fileEncoding = 4; lastKnownFileType = file.xib; path = YPUpwardsPicker.xib; sourceTree = "<group>"; };
		F009E3E11B7C422500D80FD5 /* YPSettingItem.h */ = {isa = PBXFileReference; fileEncoding = 4; lastKnownFileType = sourcecode.c.h; path = YPSettingItem.h; sourceTree = "<group>"; };
		F009E3E21B7C422500D80FD5 /* YPSettingItem.m */ = {isa = PBXFileReference; fileEncoding = 4; lastKnownFileType = sourcecode.c.objc; path = YPSettingItem.m; sourceTree = "<group>"; };
		F009E4221B7C422500D80FD5 /* BlockUI.h */ = {isa = PBXFileReference; fileEncoding = 4; lastKnownFileType = sourcecode.c.h; path = BlockUI.h; sourceTree = "<group>"; };
		F009E4231B7C422500D80FD5 /* BUIControl.h */ = {isa = PBXFileReference; fileEncoding = 4; lastKnownFileType = sourcecode.c.h; path = BUIControl.h; sourceTree = "<group>"; };
		F009E4241B7C422500D80FD5 /* BUIControl.m */ = {isa = PBXFileReference; fileEncoding = 4; lastKnownFileType = sourcecode.c.objc; path = BUIControl.m; sourceTree = "<group>"; };
		F009E4251B7C422500D80FD5 /* BUIView.h */ = {isa = PBXFileReference; fileEncoding = 4; lastKnownFileType = sourcecode.c.h; path = BUIView.h; sourceTree = "<group>"; };
		F009E4261B7C422500D80FD5 /* BUIView.m */ = {isa = PBXFileReference; fileEncoding = 4; lastKnownFileType = sourcecode.c.objc; path = BUIView.m; sourceTree = "<group>"; };
		F009E4271B7C422500D80FD5 /* ZXObject.h */ = {isa = PBXFileReference; fileEncoding = 4; lastKnownFileType = sourcecode.c.h; path = ZXObject.h; sourceTree = "<group>"; };
		F009E4281B7C422500D80FD5 /* ZXObject.m */ = {isa = PBXFileReference; fileEncoding = 4; lastKnownFileType = sourcecode.c.objc; path = ZXObject.m; sourceTree = "<group>"; };
		F009E4A51B7C422500D80FD5 /* NSAlert+MKNetworkKitAdditions.h */ = {isa = PBXFileReference; fileEncoding = 4; lastKnownFileType = sourcecode.c.h; path = "NSAlert+MKNetworkKitAdditions.h"; sourceTree = "<group>"; };
		F009E4A61B7C422500D80FD5 /* NSAlert+MKNetworkKitAdditions.m */ = {isa = PBXFileReference; fileEncoding = 4; lastKnownFileType = sourcecode.c.objc; path = "NSAlert+MKNetworkKitAdditions.m"; sourceTree = "<group>"; };
		F009E4A71B7C422500D80FD5 /* NSData+MKBase64.h */ = {isa = PBXFileReference; fileEncoding = 4; lastKnownFileType = sourcecode.c.h; path = "NSData+MKBase64.h"; sourceTree = "<group>"; };
		F009E4A81B7C422500D80FD5 /* NSData+MKBase64.m */ = {isa = PBXFileReference; fileEncoding = 4; lastKnownFileType = sourcecode.c.objc; path = "NSData+MKBase64.m"; sourceTree = "<group>"; };
		F009E4A91B7C422500D80FD5 /* NSDate+RFC1123.h */ = {isa = PBXFileReference; fileEncoding = 4; lastKnownFileType = sourcecode.c.h; path = "NSDate+RFC1123.h"; sourceTree = "<group>"; };
		F009E4AA1B7C422500D80FD5 /* NSDate+RFC1123.m */ = {isa = PBXFileReference; fileEncoding = 4; lastKnownFileType = sourcecode.c.objc; path = "NSDate+RFC1123.m"; sourceTree = "<group>"; };
		F009E4AB1B7C422500D80FD5 /* NSDictionary+RequestEncoding.h */ = {isa = PBXFileReference; fileEncoding = 4; lastKnownFileType = sourcecode.c.h; path = "NSDictionary+RequestEncoding.h"; sourceTree = "<group>"; };
		F009E4AC1B7C422500D80FD5 /* NSDictionary+RequestEncoding.m */ = {isa = PBXFileReference; fileEncoding = 4; lastKnownFileType = sourcecode.c.objc; path = "NSDictionary+RequestEncoding.m"; sourceTree = "<group>"; };
		F009E4AD1B7C422500D80FD5 /* NSString+MKNetworkKitAdditions.h */ = {isa = PBXFileReference; fileEncoding = 4; lastKnownFileType = sourcecode.c.h; path = "NSString+MKNetworkKitAdditions.h"; sourceTree = "<group>"; };
		F009E4AE1B7C422500D80FD5 /* NSString+MKNetworkKitAdditions.m */ = {isa = PBXFileReference; fileEncoding = 4; lastKnownFileType = sourcecode.c.objc; path = "NSString+MKNetworkKitAdditions.m"; sourceTree = "<group>"; };
		F009E4AF1B7C422500D80FD5 /* UIAlertView+MKNetworkKitAdditions.h */ = {isa = PBXFileReference; fileEncoding = 4; lastKnownFileType = sourcecode.c.h; path = "UIAlertView+MKNetworkKitAdditions.h"; sourceTree = "<group>"; };
		F009E4B01B7C422500D80FD5 /* UIAlertView+MKNetworkKitAdditions.m */ = {isa = PBXFileReference; fileEncoding = 4; lastKnownFileType = sourcecode.c.objc; path = "UIAlertView+MKNetworkKitAdditions.m"; sourceTree = "<group>"; };
		F009E4B11B7C422500D80FD5 /* UIImageView+MKNetworkKitAdditions.h */ = {isa = PBXFileReference; fileEncoding = 4; lastKnownFileType = sourcecode.c.h; path = "UIImageView+MKNetworkKitAdditions.h"; sourceTree = "<group>"; };
		F009E4B21B7C422500D80FD5 /* UIImageView+MKNetworkKitAdditions.m */ = {isa = PBXFileReference; fileEncoding = 4; lastKnownFileType = sourcecode.c.objc; path = "UIImageView+MKNetworkKitAdditions.m"; sourceTree = "<group>"; };
		F009E4B31B7C422500D80FD5 /* MKNetworkEngine.h */ = {isa = PBXFileReference; fileEncoding = 4; lastKnownFileType = sourcecode.c.h; path = MKNetworkEngine.h; sourceTree = "<group>"; };
		F009E4B41B7C422500D80FD5 /* MKNetworkEngine.m */ = {isa = PBXFileReference; fileEncoding = 4; lastKnownFileType = sourcecode.c.objc; path = MKNetworkEngine.m; sourceTree = "<group>"; };
		F009E4B51B7C422500D80FD5 /* MKNetworkKit.h */ = {isa = PBXFileReference; fileEncoding = 4; lastKnownFileType = sourcecode.c.h; path = MKNetworkKit.h; sourceTree = "<group>"; };
		F009E4B61B7C422500D80FD5 /* MKNetworkOperation.h */ = {isa = PBXFileReference; fileEncoding = 4; lastKnownFileType = sourcecode.c.h; path = MKNetworkOperation.h; sourceTree = "<group>"; };
		F009E4B71B7C422500D80FD5 /* MKNetworkOperation.m */ = {isa = PBXFileReference; fileEncoding = 4; lastKnownFileType = sourcecode.c.objc; path = MKNetworkOperation.m; sourceTree = "<group>"; };
		F009E4B91B7C422500D80FD5 /* Reachability.h */ = {isa = PBXFileReference; fileEncoding = 4; lastKnownFileType = sourcecode.c.h; path = Reachability.h; sourceTree = "<group>"; };
		F009E4BA1B7C422500D80FD5 /* Reachability.m */ = {isa = PBXFileReference; fileEncoding = 4; lastKnownFileType = sourcecode.c.objc; path = Reachability.m; sourceTree = "<group>"; };
		F009E4C91B7C422500D80FD5 /* QBAssetsCollectionCheckmarkView.h */ = {isa = PBXFileReference; fileEncoding = 4; lastKnownFileType = sourcecode.c.h; path = QBAssetsCollectionCheckmarkView.h; sourceTree = "<group>"; };
		F009E4CA1B7C422500D80FD5 /* QBAssetsCollectionCheckmarkView.m */ = {isa = PBXFileReference; fileEncoding = 4; lastKnownFileType = sourcecode.c.objc; path = QBAssetsCollectionCheckmarkView.m; sourceTree = "<group>"; };
		F009E4CB1B7C422500D80FD5 /* QBAssetsCollectionFooterView.h */ = {isa = PBXFileReference; fileEncoding = 4; lastKnownFileType = sourcecode.c.h; path = QBAssetsCollectionFooterView.h; sourceTree = "<group>"; };
		F009E4CC1B7C422500D80FD5 /* QBAssetsCollectionFooterView.m */ = {isa = PBXFileReference; fileEncoding = 4; lastKnownFileType = sourcecode.c.objc; path = QBAssetsCollectionFooterView.m; sourceTree = "<group>"; };
		F009E4CD1B7C422500D80FD5 /* QBAssetsCollectionOverlayView.h */ = {isa = PBXFileReference; fileEncoding = 4; lastKnownFileType = sourcecode.c.h; path = QBAssetsCollectionOverlayView.h; sourceTree = "<group>"; };
		F009E4CE1B7C422500D80FD5 /* QBAssetsCollectionOverlayView.m */ = {isa = PBXFileReference; fileEncoding = 4; lastKnownFileType = sourcecode.c.objc; path = QBAssetsCollectionOverlayView.m; sourceTree = "<group>"; };
		F009E4CF1B7C422500D80FD5 /* QBAssetsCollectionViewCell.h */ = {isa = PBXFileReference; fileEncoding = 4; lastKnownFileType = sourcecode.c.h; path = QBAssetsCollectionViewCell.h; sourceTree = "<group>"; };
		F009E4D01B7C422500D80FD5 /* QBAssetsCollectionViewCell.m */ = {isa = PBXFileReference; fileEncoding = 4; lastKnownFileType = sourcecode.c.objc; path = QBAssetsCollectionViewCell.m; sourceTree = "<group>"; };
		F009E4D11B7C422500D80FD5 /* QBAssetsCollectionViewController.h */ = {isa = PBXFileReference; fileEncoding = 4; lastKnownFileType = sourcecode.c.h; path = QBAssetsCollectionViewController.h; sourceTree = "<group>"; };
		F009E4D21B7C422500D80FD5 /* QBAssetsCollectionViewController.m */ = {isa = PBXFileReference; fileEncoding = 4; lastKnownFileType = sourcecode.c.objc; path = QBAssetsCollectionViewController.m; sourceTree = "<group>"; };
		F009E4D31B7C422500D80FD5 /* QBAssetsCollectionViewLayout.h */ = {isa = PBXFileReference; fileEncoding = 4; lastKnownFileType = sourcecode.c.h; path = QBAssetsCollectionViewLayout.h; sourceTree = "<group>"; };
		F009E4D41B7C422500D80FD5 /* QBAssetsCollectionViewLayout.m */ = {isa = PBXFileReference; fileEncoding = 4; lastKnownFileType = sourcecode.c.objc; path = QBAssetsCollectionViewLayout.m; sourceTree = "<group>"; };
		F009E4D51B7C422500D80FD5 /* QBImagePickerController.h */ = {isa = PBXFileReference; fileEncoding = 4; lastKnownFileType = sourcecode.c.h; path = QBImagePickerController.h; sourceTree = "<group>"; };
		F009E4D61B7C422500D80FD5 /* QBImagePickerController.m */ = {isa = PBXFileReference; fileEncoding = 4; lastKnownFileType = sourcecode.c.objc; path = QBImagePickerController.m; sourceTree = "<group>"; };
		F009E4D71B7C422500D80FD5 /* QBImagePickerGroupCell.h */ = {isa = PBXFileReference; fileEncoding = 4; lastKnownFileType = sourcecode.c.h; path = QBImagePickerGroupCell.h; sourceTree = "<group>"; };
		F009E4D81B7C422500D80FD5 /* QBImagePickerGroupCell.m */ = {isa = PBXFileReference; fileEncoding = 4; lastKnownFileType = sourcecode.c.objc; path = QBImagePickerGroupCell.m; sourceTree = "<group>"; };
		F009E4D91B7C422500D80FD5 /* QBImagePickerThumbnailView.h */ = {isa = PBXFileReference; fileEncoding = 4; lastKnownFileType = sourcecode.c.h; path = QBImagePickerThumbnailView.h; sourceTree = "<group>"; };
		F009E4DA1B7C422500D80FD5 /* QBImagePickerThumbnailView.m */ = {isa = PBXFileReference; fileEncoding = 4; lastKnownFileType = sourcecode.c.objc; path = QBImagePickerThumbnailView.m; sourceTree = "<group>"; };
		F009E4DD1B7C422500D80FD5 /* en */ = {isa = PBXFileReference; lastKnownFileType = text.plist.strings; name = en; path = en.lproj/QBImagePickerController.strings; sourceTree = "<group>"; };
		F009E4DE1B7C422500D80FD5 /* ja */ = {isa = PBXFileReference; lastKnownFileType = text.plist.strings; name = ja; path = ja.lproj/QBImagePickerController.strings; sourceTree = "<group>"; };
		F009E4DF1B7C422500D80FD5 /* zh-Hans */ = {isa = PBXFileReference; lastKnownFileType = text.plist.strings; name = "zh-Hans"; path = "zh-Hans.lproj/QBImagePickerController.strings"; sourceTree = "<group>"; };
		F009E4E71B7C422500D80FD5 /* YPDateUtil.h */ = {isa = PBXFileReference; fileEncoding = 4; lastKnownFileType = sourcecode.c.h; path = YPDateUtil.h; sourceTree = "<group>"; };
		F009E4E81B7C422500D80FD5 /* YPDateUtil.m */ = {isa = PBXFileReference; fileEncoding = 4; lastKnownFileType = sourcecode.c.objc; path = YPDateUtil.m; sourceTree = "<group>"; };
		F009E4E91B7C422500D80FD5 /* YPFileUtil.h */ = {isa = PBXFileReference; fileEncoding = 4; lastKnownFileType = sourcecode.c.h; path = YPFileUtil.h; sourceTree = "<group>"; };
		F009E4EA1B7C422500D80FD5 /* YPFileUtil.m */ = {isa = PBXFileReference; fileEncoding = 4; lastKnownFileType = sourcecode.c.objc; path = YPFileUtil.m; sourceTree = "<group>"; };
		F009E4EB1B7C422500D80FD5 /* YPHttpEngine.h */ = {isa = PBXFileReference; fileEncoding = 4; lastKnownFileType = sourcecode.c.h; path = YPHttpEngine.h; sourceTree = "<group>"; };
		F009E4EC1B7C422500D80FD5 /* YPHttpEngine.m */ = {isa = PBXFileReference; fileEncoding = 4; lastKnownFileType = sourcecode.c.objc; path = YPHttpEngine.m; sourceTree = "<group>"; };
		F009E4ED1B7C422500D80FD5 /* YPNativeUtil.h */ = {isa = PBXFileReference; fileEncoding = 4; lastKnownFileType = sourcecode.c.h; path = YPNativeUtil.h; sourceTree = "<group>"; };
		F009E4EE1B7C422500D80FD5 /* YPNativeUtil.m */ = {isa = PBXFileReference; fileEncoding = 4; lastKnownFileType = sourcecode.c.objc; path = YPNativeUtil.m; sourceTree = "<group>"; };
		F009E4EF1B7C422500D80FD5 /* YPImagePicker.h */ = {isa = PBXFileReference; fileEncoding = 4; lastKnownFileType = sourcecode.c.h; path = YPImagePicker.h; sourceTree = "<group>"; };
		F009E4F01B7C422500D80FD5 /* YPImagePicker.m */ = {isa = PBXFileReference; fileEncoding = 4; lastKnownFileType = sourcecode.c.objc; path = YPImagePicker.m; sourceTree = "<group>"; };
		F009E4F11B7C422500D80FD5 /* YPKit.h */ = {isa = PBXFileReference; fileEncoding = 4; lastKnownFileType = sourcecode.c.h; path = YPKit.h; sourceTree = "<group>"; };
		F009E5781B7C425C00D80FD5 /* YPKit-Prefix.pch */ = {isa = PBXFileReference; lastKnownFileType = sourcecode.c.h; path = "YPKit-Prefix.pch"; sourceTree = "<group>"; };
		F05B6E561B945CE80080B21F /* MBProgressHUD.h */ = {isa = PBXFileReference; fileEncoding = 4; lastKnownFileType = sourcecode.c.h; path = MBProgressHUD.h; sourceTree = "<group>"; };
		F05B6E571B945CE80080B21F /* MBProgressHUD.m */ = {isa = PBXFileReference; fileEncoding = 4; lastKnownFileType = sourcecode.c.objc; path = MBProgressHUD.m; sourceTree = "<group>"; };
		F0BA04151B8EF53100F49425 /* YPControlView.h */ = {isa = PBXFileReference; fileEncoding = 4; lastKnownFileType = sourcecode.c.h; path = YPControlView.h; sourceTree = "<group>"; };
		F0BA04161B8EF53100F49425 /* YPControlView.m */ = {isa = PBXFileReference; fileEncoding = 4; lastKnownFileType = sourcecode.c.objc; path = YPControlView.m; sourceTree = "<group>"; };
		F0BA04181B9007BF00F49425 /* icon_arrow_light@2x.png */ = {isa = PBXFileReference; lastKnownFileType = image.png; path = "icon_arrow_light@2x.png"; sourceTree = "<group>"; };
		F0BA04191B9007BF00F49425 /* icon_discovery_joined@2x.png */ = {isa = PBXFileReference; lastKnownFileType = image.png; path = "icon_discovery_joined@2x.png"; sourceTree = "<group>"; };
		F0C5D1FE1B85C1F500DA537E /* YPDateUtilController.h */ = {isa = PBXFileReference; fileEncoding = 4; lastKnownFileType = sourcecode.c.h; path = YPDateUtilController.h; sourceTree = "<group>"; };
		F0C5D1FF1B85C1F500DA537E /* YPDateUtilController.m */ = {isa = PBXFileReference; fileEncoding = 4; lastKnownFileType = sourcecode.c.objc; path = YPDateUtilController.m; sourceTree = "<group>"; };
		F0C5D2001B85C1F500DA537E /* YPDateUtilController.xib */ = {isa = PBXFileReference; fileEncoding = 4; lastKnownFileType = file.xib; path = YPDateUtilController.xib; sourceTree = "<group>"; };
		F0CA30371B7DE0F7003D8AB4 /* RootController.h */ = {isa = PBXFileReference; fileEncoding = 4; lastKnownFileType = sourcecode.c.h; path = RootController.h; sourceTree = "<group>"; };
		F0CA30381B7DE0F7003D8AB4 /* RootController.m */ = {isa = PBXFileReference; fileEncoding = 4; lastKnownFileType = sourcecode.c.objc; path = RootController.m; sourceTree = "<group>"; };
		F0CA303A1B7DE1E1003D8AB4 /* YPTextViewController.h */ = {isa = PBXFileReference; fileEncoding = 4; lastKnownFileType = sourcecode.c.h; path = YPTextViewController.h; sourceTree = "<group>"; };
		F0CA303B1B7DE1E1003D8AB4 /* YPTextViewController.m */ = {isa = PBXFileReference; fileEncoding = 4; lastKnownFileType = sourcecode.c.objc; path = YPTextViewController.m; sourceTree = "<group>"; };
		F0CA303C1B7DE1E1003D8AB4 /* YPTextViewController.xib */ = {isa = PBXFileReference; fileEncoding = 4; lastKnownFileType = file.xib; path = YPTextViewController.xib; sourceTree = "<group>"; };
		F0CA30421B7DE384003D8AB4 /* YPTextView.h */ = {isa = PBXFileReference; fileEncoding = 4; lastKnownFileType = sourcecode.c.h; path = YPTextView.h; sourceTree = "<group>"; };
		F0CA30431B7DE384003D8AB4 /* YPTextView.m */ = {isa = PBXFileReference; fileEncoding = 4; lastKnownFileType = sourcecode.c.objc; path = YPTextView.m; sourceTree = "<group>"; };
		F0F809261B8DC4F7001318F2 /* Info.plist */ = {isa = PBXFileReference; fileEncoding = 4; lastKnownFileType = text.plist.xml; path = Info.plist; sourceTree = "<group>"; };
/* End PBXFileReference section */

/* Begin PBXFrameworksBuildPhase section */
		F009E3781B7C414300D80FD5 /* Frameworks */ = {
			isa = PBXFrameworksBuildPhase;
			buildActionMask = 2147483647;
			files = (
			);
			runOnlyForDeploymentPostprocessing = 0;
		};
		F009E3911B7C414300D80FD5 /* Frameworks */ = {
			isa = PBXFrameworksBuildPhase;
			buildActionMask = 2147483647;
			files = (
			);
			runOnlyForDeploymentPostprocessing = 0;
		};
/* End PBXFrameworksBuildPhase section */

/* Begin PBXGroup section */
		F009E3721B7C414300D80FD5 = {
			isa = PBXGroup;
			children = (
				F009E37D1B7C414300D80FD5 /* YPKit */,
				F009E3971B7C414300D80FD5 /* YPKitTests */,
				F009E37C1B7C414300D80FD5 /* Products */,
				F24CD6ED5F73D0B48B12E584 /* Frameworks */,
			);
			sourceTree = "<group>";
		};
		F009E37C1B7C414300D80FD5 /* Products */ = {
			isa = PBXGroup;
			children = (
				F009E37B1B7C414300D80FD5 /* YPKit.app */,
				F009E3941B7C414300D80FD5 /* YPKitTests.xctest */,
			);
			name = Products;
			sourceTree = "<group>";
		};
		F009E37D1B7C414300D80FD5 /* YPKit */ = {
			isa = PBXGroup;
			children = (
				F009E3A41B7C422500D80FD5 /* YPKit */,
				F009E3821B7C414300D80FD5 /* AppDelegate.h */,
				F009E3831B7C414300D80FD5 /* AppDelegate.m */,
				F009E3851B7C414300D80FD5 /* ViewController.h */,
				F009E3861B7C414300D80FD5 /* ViewController.m */,
				F009E38B1B7C414300D80FD5 /* Images.xcassets */,
				F009E38D1B7C414300D80FD5 /* LaunchScreen.xib */,
				F009E37E1B7C414300D80FD5 /* Supporting Files */,
				F0CA30371B7DE0F7003D8AB4 /* RootController.h */,
				F0CA30381B7DE0F7003D8AB4 /* RootController.m */,
				F0CA303A1B7DE1E1003D8AB4 /* YPTextViewController.h */,
				F0CA303B1B7DE1E1003D8AB4 /* YPTextViewController.m */,
				F0CA303C1B7DE1E1003D8AB4 /* YPTextViewController.xib */,
				F0C5D1FE1B85C1F500DA537E /* YPDateUtilController.h */,
				F0C5D1FF1B85C1F500DA537E /* YPDateUtilController.m */,
				F0C5D2001B85C1F500DA537E /* YPDateUtilController.xib */,
				F0BA04181B9007BF00F49425 /* icon_arrow_light@2x.png */,
				F0BA04191B9007BF00F49425 /* icon_discovery_joined@2x.png */,
			);
			path = YPKit;
			sourceTree = "<group>";
		};
		F009E37E1B7C414300D80FD5 /* Supporting Files */ = {
			isa = PBXGroup;
			children = (
				F0F809261B8DC4F7001318F2 /* Info.plist */,
				F009E3801B7C414300D80FD5 /* main.m */,
				F009E5781B7C425C00D80FD5 /* YPKit-Prefix.pch */,
			);
			name = "Supporting Files";
			sourceTree = "<group>";
		};
		F009E3971B7C414300D80FD5 /* YPKitTests */ = {
			isa = PBXGroup;
			children = (
				F009E39A1B7C414300D80FD5 /* YPKitTests.m */,
				F009E3981B7C414300D80FD5 /* Supporting Files */,
			);
			path = YPKitTests;
			sourceTree = "<group>";
		};
		F009E3981B7C414300D80FD5 /* Supporting Files */ = {
			isa = PBXGroup;
			children = (
				F009E3991B7C414300D80FD5 /* Info.plist */,
			);
			name = "Supporting Files";
			sourceTree = "<group>";
		};
		F009E3A41B7C422500D80FD5 /* YPKit */ = {
			isa = PBXGroup;
			children = (
				F009E3A51B7C422500D80FD5 /* BaseViewController */,
				F009E3AE1B7C422500D80FD5 /* Category */,
				F009E3D11B7C422500D80FD5 /* CustomView */,
				F009E40C1B7C422500D80FD5 /* ThirdParty */,
				F009E4E61B7C422500D80FD5 /* Util */,
				F009E4F11B7C422500D80FD5 /* YPKit.h */,
			);
			path = YPKit;
			sourceTree = "<group>";
		};
		F009E3A51B7C422500D80FD5 /* BaseViewController */ = {
			isa = PBXGroup;
			children = (
				F009E3A61B7C422500D80FD5 /* YPBaseSegmentedController.h */,
				F009E3A71B7C422500D80FD5 /* YPBaseSegmentedController.m */,
				F009E3A81B7C422500D80FD5 /* YPBaseTableViewController.h */,
				F009E3A91B7C422500D80FD5 /* YPBaseTableViewController.m */,
				F009E3AA1B7C422500D80FD5 /* YPBaseViewController.h */,
				F009E3AB1B7C422500D80FD5 /* YPBaseViewController.m */,
				F009E3AC1B7C422500D80FD5 /* YPTableViewController.h */,
				F009E3AD1B7C422500D80FD5 /* YPTableViewController.m */,
			);
			path = BaseViewController;
			sourceTree = "<group>";
		};
		F009E3AE1B7C422500D80FD5 /* Category */ = {
			isa = PBXGroup;
			children = (
				F009E3AF1B7C422500D80FD5 /* CALayer+YPKit.h */,
				F009E3B01B7C422500D80FD5 /* CALayer+YPKit.m */,
				F009E3B11B7C422500D80FD5 /* NSArray+YPKit.h */,
				F009E3B21B7C422500D80FD5 /* NSArray+YPKit.m */,
				F009E3B31B7C422500D80FD5 /* NSAttributedString+YPKit.h */,
				F009E3B41B7C422500D80FD5 /* NSAttributedString+YPKit.m */,
				F009E3B51B7C422500D80FD5 /* NSDictionary+YPKit.h */,
				F009E3B61B7C422500D80FD5 /* NSDictionary+YPKit.m */,
				F009E3B71B7C422500D80FD5 /* NSMutableAttributedString+YPKit.h */,
				F009E3B81B7C422500D80FD5 /* NSMutableAttributedString+YPKit.m */,
				F009E3B91B7C422500D80FD5 /* NSNumber+YPKit.h */,
				F009E3BA1B7C422500D80FD5 /* NSNumber+YPKit.m */,
				F009E3BB1B7C422500D80FD5 /* NSObject+YPKit.h */,
				F009E3BC1B7C422500D80FD5 /* NSObject+YPKit.m */,
				F009E3BD1B7C422500D80FD5 /* NSSet+YPKit.h */,
				F009E3BE1B7C422500D80FD5 /* NSSet+YPKit.m */,
				F009E3BF1B7C422500D80FD5 /* NSString+YPKit.h */,
				F009E3C01B7C422500D80FD5 /* NSString+YPKit.m */,
				F009E3C11B7C422500D80FD5 /* UIAlertView+YPKit.h */,
				F009E3C21B7C422500D80FD5 /* UIAlertView+YPKit.m */,
				F009E3C31B7C422500D80FD5 /* UIButton+YPKit.h */,
				F009E3C41B7C422500D80FD5 /* UIButton+YPKit.m */,
				F009E3C51B7C422500D80FD5 /* UIImage+YPKit.h */,
				F009E3C61B7C422500D80FD5 /* UIImage+YPKit.m */,
				F009E3C71B7C422500D80FD5 /* UILabel+YPKit.h */,
				F009E3C81B7C422500D80FD5 /* UILabel+YPKit.m */,
				F009E3C91B7C422500D80FD5 /* UITableView+YPKit.h */,
				F009E3CA1B7C422500D80FD5 /* UITableView+YPKit.m */,
				F009E3CB1B7C422500D80FD5 /* UITextField+YPKit.h */,
				F009E3CC1B7C422500D80FD5 /* UITextField+YPKit.m */,
				F009E3CD1B7C422500D80FD5 /* UIView+YPKit.h */,
				F009E3CE1B7C422500D80FD5 /* UIView+YPKit.m */,
				F009E3CF1B7C422500D80FD5 /* UIViewController+YPKit.h */,
				F009E3D01B7C422500D80FD5 /* UIViewController+YPKit.m */,
			);
			path = Category;
			sourceTree = "<group>";
		};
		F009E3D11B7C422500D80FD5 /* CustomView */ = {
			isa = PBXGroup;
			children = (
				F0BA04141B8EF53100F49425 /* YPControlView */,
				F009E3D21B7C422500D80FD5 /* YPBadgeView */,
				F009E3D51B7C422500D80FD5 /* YPCheckBox */,
				F009E3DC1B7C422500D80FD5 /* YPPickerView */,
				F009E3E01B7C422500D80FD5 /* YPSettingItem */,
				F009E3EB1B7C422500D80FD5 /* YPTextView */,
			);
			path = CustomView;
			sourceTree = "<group>";
		};
		F009E3D21B7C422500D80FD5 /* YPBadgeView */ = {
			isa = PBXGroup;
			children = (
				F009E3D31B7C422500D80FD5 /* YPBadgeView.h */,
				F009E3D41B7C422500D80FD5 /* YPBadgeView.m */,
			);
			path = YPBadgeView;
			sourceTree = "<group>";
		};
		F009E3D51B7C422500D80FD5 /* YPCheckBox */ = {
			isa = PBXGroup;
			children = (
				F009E3D61B7C422500D80FD5 /* checkbox_checked.png */,
				F009E3D71B7C422500D80FD5 /* checkbox_unchecked.png */,
				F009E3D81B7C422500D80FD5 /* YPCheckBox.h */,
				F009E3D91B7C422500D80FD5 /* YPCheckBox.m */,
			);
			path = YPCheckBox;
			sourceTree = "<group>";
		};
		F009E3DC1B7C422500D80FD5 /* YPPickerView */ = {
			isa = PBXGroup;
			children = (
				F009E3DD1B7C422500D80FD5 /* YPUpwardsPicker.h */,
				F009E3DE1B7C422500D80FD5 /* YPUpwardsPicker.m */,
				F009E3DF1B7C422500D80FD5 /* YPUpwardsPicker.xib */,
			);
			path = YPPickerView;
			sourceTree = "<group>";
		};
		F009E3E01B7C422500D80FD5 /* YPSettingItem */ = {
			isa = PBXGroup;
			children = (
				F009E3E11B7C422500D80FD5 /* YPSettingItem.h */,
				F009E3E21B7C422500D80FD5 /* YPSettingItem.m */,
			);
			path = YPSettingItem;
			sourceTree = "<group>";
		};
		F009E3EB1B7C422500D80FD5 /* YPTextView */ = {
			isa = PBXGroup;
			children = (
				F0CA30421B7DE384003D8AB4 /* YPTextView.h */,
				F0CA30431B7DE384003D8AB4 /* YPTextView.m */,
			);
			path = YPTextView;
			sourceTree = "<group>";
		};
		F009E40C1B7C422500D80FD5 /* ThirdParty */ = {
			isa = PBXGroup;
			children = (
				F05B6E551B945CE80080B21F /* MBProgressHUD */,
				F009E4211B7C422500D80FD5 /* BlockUI */,
				F009E4A31B7C422500D80FD5 /* MKNetworkKit */,
				F009E4C81B7C422500D80FD5 /* QBImagePickerController */,
			);
			path = ThirdParty;
			sourceTree = "<group>";
		};
		F009E4211B7C422500D80FD5 /* BlockUI */ = {
			isa = PBXGroup;
			children = (
				F009E4221B7C422500D80FD5 /* BlockUI.h */,
				F009E4231B7C422500D80FD5 /* BUIControl.h */,
				F009E4241B7C422500D80FD5 /* BUIControl.m */,
				F009E4251B7C422500D80FD5 /* BUIView.h */,
				F009E4261B7C422500D80FD5 /* BUIView.m */,
				F009E4271B7C422500D80FD5 /* ZXObject.h */,
				F009E4281B7C422500D80FD5 /* ZXObject.m */,
			);
			path = BlockUI;
			sourceTree = "<group>";
		};
		F009E4A31B7C422500D80FD5 /* MKNetworkKit */ = {
			isa = PBXGroup;
			children = (
				F009E4A41B7C422500D80FD5 /* Categories */,
				F009E4B31B7C422500D80FD5 /* MKNetworkEngine.h */,
				F009E4B41B7C422500D80FD5 /* MKNetworkEngine.m */,
				F009E4B51B7C422500D80FD5 /* MKNetworkKit.h */,
				F009E4B61B7C422500D80FD5 /* MKNetworkOperation.h */,
				F009E4B71B7C422500D80FD5 /* MKNetworkOperation.m */,
				F009E4B81B7C422500D80FD5 /* Reachability */,
			);
			path = MKNetworkKit;
			sourceTree = "<group>";
		};
		F009E4A41B7C422500D80FD5 /* Categories */ = {
			isa = PBXGroup;
			children = (
				F009E4A51B7C422500D80FD5 /* NSAlert+MKNetworkKitAdditions.h */,
				F009E4A61B7C422500D80FD5 /* NSAlert+MKNetworkKitAdditions.m */,
				F009E4A71B7C422500D80FD5 /* NSData+MKBase64.h */,
				F009E4A81B7C422500D80FD5 /* NSData+MKBase64.m */,
				F009E4A91B7C422500D80FD5 /* NSDate+RFC1123.h */,
				F009E4AA1B7C422500D80FD5 /* NSDate+RFC1123.m */,
				F009E4AB1B7C422500D80FD5 /* NSDictionary+RequestEncoding.h */,
				F009E4AC1B7C422500D80FD5 /* NSDictionary+RequestEncoding.m */,
				F009E4AD1B7C422500D80FD5 /* NSString+MKNetworkKitAdditions.h */,
				F009E4AE1B7C422500D80FD5 /* NSString+MKNetworkKitAdditions.m */,
				F009E4AF1B7C422500D80FD5 /* UIAlertView+MKNetworkKitAdditions.h */,
				F009E4B01B7C422500D80FD5 /* UIAlertView+MKNetworkKitAdditions.m */,
				F009E4B11B7C422500D80FD5 /* UIImageView+MKNetworkKitAdditions.h */,
				F009E4B21B7C422500D80FD5 /* UIImageView+MKNetworkKitAdditions.m */,
			);
			path = Categories;
			sourceTree = "<group>";
		};
		F009E4B81B7C422500D80FD5 /* Reachability */ = {
			isa = PBXGroup;
			children = (
				F009E4B91B7C422500D80FD5 /* Reachability.h */,
				F009E4BA1B7C422500D80FD5 /* Reachability.m */,
			);
			path = Reachability;
			sourceTree = "<group>";
		};
		F009E4C81B7C422500D80FD5 /* QBImagePickerController */ = {
			isa = PBXGroup;
			children = (
				F009E4C91B7C422500D80FD5 /* QBAssetsCollectionCheckmarkView.h */,
				F009E4CA1B7C422500D80FD5 /* QBAssetsCollectionCheckmarkView.m */,
				F009E4CB1B7C422500D80FD5 /* QBAssetsCollectionFooterView.h */,
				F009E4CC1B7C422500D80FD5 /* QBAssetsCollectionFooterView.m */,
				F009E4CD1B7C422500D80FD5 /* QBAssetsCollectionOverlayView.h */,
				F009E4CE1B7C422500D80FD5 /* QBAssetsCollectionOverlayView.m */,
				F009E4CF1B7C422500D80FD5 /* QBAssetsCollectionViewCell.h */,
				F009E4D01B7C422500D80FD5 /* QBAssetsCollectionViewCell.m */,
				F009E4D11B7C422500D80FD5 /* QBAssetsCollectionViewController.h */,
				F009E4D21B7C422500D80FD5 /* QBAssetsCollectionViewController.m */,
				F009E4D31B7C422500D80FD5 /* QBAssetsCollectionViewLayout.h */,
				F009E4D41B7C422500D80FD5 /* QBAssetsCollectionViewLayout.m */,
				F009E4D51B7C422500D80FD5 /* QBImagePickerController.h */,
				F009E4D61B7C422500D80FD5 /* QBImagePickerController.m */,
				F009E4D71B7C422500D80FD5 /* QBImagePickerGroupCell.h */,
				F009E4D81B7C422500D80FD5 /* QBImagePickerGroupCell.m */,
				F009E4D91B7C422500D80FD5 /* QBImagePickerThumbnailView.h */,
				F009E4DA1B7C422500D80FD5 /* QBImagePickerThumbnailView.m */,
				F009E4DB1B7C422500D80FD5 /* Resources */,
			);
			path = QBImagePickerController;
			sourceTree = "<group>";
		};
		F009E4DB1B7C422500D80FD5 /* Resources */ = {
			isa = PBXGroup;
			children = (
				F009E4DC1B7C422500D80FD5 /* QBImagePickerController.strings */,
			);
			path = Resources;
			sourceTree = "<group>";
		};
		F009E4E61B7C422500D80FD5 /* Util */ = {
			isa = PBXGroup;
			children = (
				F009E4E71B7C422500D80FD5 /* YPDateUtil.h */,
				F009E4E81B7C422500D80FD5 /* YPDateUtil.m */,
				F009E4E91B7C422500D80FD5 /* YPFileUtil.h */,
				F009E4EA1B7C422500D80FD5 /* YPFileUtil.m */,
				F009E4EB1B7C422500D80FD5 /* YPHttpEngine.h */,
				F009E4EC1B7C422500D80FD5 /* YPHttpEngine.m */,
				F009E4ED1B7C422500D80FD5 /* YPNativeUtil.h */,
				F009E4EE1B7C422500D80FD5 /* YPNativeUtil.m */,
				F009E4EF1B7C422500D80FD5 /* YPImagePicker.h */,
				F009E4F01B7C422500D80FD5 /* YPImagePicker.m */,
			);
			path = Util;
			sourceTree = "<group>";
		};
		F05B6E551B945CE80080B21F /* MBProgressHUD */ = {
			isa = PBXGroup;
			children = (
				F05B6E561B945CE80080B21F /* MBProgressHUD.h */,
				F05B6E571B945CE80080B21F /* MBProgressHUD.m */,
			);
			path = MBProgressHUD;
			sourceTree = "<group>";
		};
		F0BA04141B8EF53100F49425 /* YPControlView */ = {
			isa = PBXGroup;
			children = (
				F0BA04151B8EF53100F49425 /* YPControlView.h */,
				F0BA04161B8EF53100F49425 /* YPControlView.m */,
			);
			path = YPControlView;
			sourceTree = "<group>";
		};
		F24CD6ED5F73D0B48B12E584 /* Frameworks */ = {
			isa = PBXGroup;
			children = (
			);
			name = Frameworks;
			sourceTree = "<group>";
		};
/* End PBXGroup section */

/* Begin PBXNativeTarget section */
		F009E37A1B7C414300D80FD5 /* YPKit */ = {
			isa = PBXNativeTarget;
			buildConfigurationList = F009E39E1B7C414300D80FD5 /* Build configuration list for PBXNativeTarget "YPKit" */;
			buildPhases = (
				F009E3771B7C414300D80FD5 /* Sources */,
				F009E3781B7C414300D80FD5 /* Frameworks */,
				F009E3791B7C414300D80FD5 /* Resources */,
			);
			buildRules = (
			);
			dependencies = (
			);
			name = YPKit;
			productName = YPKit;
			productReference = F009E37B1B7C414300D80FD5 /* YPKit.app */;
			productType = "com.apple.product-type.application";
		};
		F009E3931B7C414300D80FD5 /* YPKitTests */ = {
			isa = PBXNativeTarget;
			buildConfigurationList = F009E3A11B7C414300D80FD5 /* Build configuration list for PBXNativeTarget "YPKitTests" */;
			buildPhases = (
				F009E3901B7C414300D80FD5 /* Sources */,
				F009E3911B7C414300D80FD5 /* Frameworks */,
				F009E3921B7C414300D80FD5 /* Resources */,
			);
			buildRules = (
			);
			dependencies = (
				F009E3961B7C414300D80FD5 /* PBXTargetDependency */,
			);
			name = YPKitTests;
			productName = YPKitTests;
			productReference = F009E3941B7C414300D80FD5 /* YPKitTests.xctest */;
			productType = "com.apple.product-type.bundle.unit-test";
		};
/* End PBXNativeTarget section */

/* Begin PBXProject section */
		F009E3731B7C414300D80FD5 /* Project object */ = {
			isa = PBXProject;
			attributes = {
				LastUpgradeCheck = 0640;
				ORGANIZATIONNAME = YPKit;
				TargetAttributes = {
					F009E37A1B7C414300D80FD5 = {
						CreatedOnToolsVersion = 6.4;
						DevelopmentTeam = 7X2852KFDE;
					};
					F009E3931B7C414300D80FD5 = {
						CreatedOnToolsVersion = 6.4;
						TestTargetID = F009E37A1B7C414300D80FD5;
					};
				};
			};
			buildConfigurationList = F009E3761B7C414300D80FD5 /* Build configuration list for PBXProject "YPKit" */;
			compatibilityVersion = "Xcode 3.2";
			developmentRegion = English;
			hasScannedForEncodings = 0;
			knownRegions = (
				en,
				Base,
				ja,
				"zh-Hans",
			);
			mainGroup = F009E3721B7C414300D80FD5;
			productRefGroup = F009E37C1B7C414300D80FD5 /* Products */;
			projectDirPath = "";
			projectRoot = "";
			targets = (
				F009E37A1B7C414300D80FD5 /* YPKit */,
				F009E3931B7C414300D80FD5 /* YPKitTests */,
			);
		};
/* End PBXProject section */

/* Begin PBXResourcesBuildPhase section */
		F009E3791B7C414300D80FD5 /* Resources */ = {
			isa = PBXResourcesBuildPhase;
			buildActionMask = 2147483647;
			files = (
				F0BA041A1B9007BF00F49425 /* icon_arrow_light@2x.png in Resources */,
				F0BA041B1B9007BF00F49425 /* icon_discovery_joined@2x.png in Resources */,
				F009E5081B7C422500D80FD5 /* checkbox_checked.png in Resources */,
				F009E50D1B7C422500D80FD5 /* YPUpwardsPicker.xib in Resources */,
				F009E38F1B7C414300D80FD5 /* LaunchScreen.xib in Resources */,
				F0CA303E1B7DE1E1003D8AB4 /* YPTextViewController.xib in Resources */,
				F009E5701B7C422500D80FD5 /* QBImagePickerController.strings in Resources */,
				F009E5091B7C422500D80FD5 /* checkbox_unchecked.png in Resources */,
				F009E38C1B7C414300D80FD5 /* Images.xcassets in Resources */,
				F0F809271B8DC4F7001318F2 /* Info.plist in Resources */,
				F0C5D2021B85C1F500DA537E /* YPDateUtilController.xib in Resources */,
			);
			runOnlyForDeploymentPostprocessing = 0;
		};
		F009E3921B7C414300D80FD5 /* Resources */ = {
			isa = PBXResourcesBuildPhase;
			buildActionMask = 2147483647;
			files = (
			);
			runOnlyForDeploymentPostprocessing = 0;
		};
/* End PBXResourcesBuildPhase section */

/* Begin PBXSourcesBuildPhase section */
		F009E3771B7C414300D80FD5 /* Sources */ = {
			isa = PBXSourcesBuildPhase;
			buildActionMask = 2147483647;
			files = (
				F009E56B1B7C422500D80FD5 /* QBAssetsCollectionViewController.m in Sources */,
				F0CA30441B7DE384003D8AB4 /* YPTextView.m in Sources */,
				F009E5271B7C422500D80FD5 /* BUIView.m in Sources */,
				F009E4F41B7C422500D80FD5 /* YPBaseViewController.m in Sources */,
				F009E4F71B7C422500D80FD5 /* NSArray+YPKit.m in Sources */,
				F009E5671B7C422500D80FD5 /* QBAssetsCollectionCheckmarkView.m in Sources */,
				F009E4F61B7C422500D80FD5 /* CALayer+YPKit.m in Sources */,
				F009E56C1B7C422500D80FD5 /* QBAssetsCollectionViewLayout.m in Sources */,
				F05B6E581B945CE80080B21F /* MBProgressHUD.m in Sources */,
				F009E55D1B7C422500D80FD5 /* NSString+MKNetworkKitAdditions.m in Sources */,
				F009E5001B7C422500D80FD5 /* UIButton+YPKit.m in Sources */,
				F009E5691B7C422500D80FD5 /* QBAssetsCollectionOverlayView.m in Sources */,
				F009E4F91B7C422500D80FD5 /* NSDictionary+YPKit.m in Sources */,
				F009E5041B7C422500D80FD5 /* UITextField+YPKit.m in Sources */,
				F009E5761B7C422500D80FD5 /* YPNativeUtil.m in Sources */,
				F009E4FF1B7C422500D80FD5 /* UIAlertView+YPKit.m in Sources */,
				F009E5281B7C422500D80FD5 /* ZXObject.m in Sources */,
				F009E55F1B7C422500D80FD5 /* UIImageView+MKNetworkKitAdditions.m in Sources */,
				F009E4FB1B7C422500D80FD5 /* NSNumber+YPKit.m in Sources */,
				F009E5751B7C422500D80FD5 /* YPHttpEngine.m in Sources */,
				F0CA303D1B7DE1E1003D8AB4 /* YPTextViewController.m in Sources */,
				F009E56F1B7C422500D80FD5 /* QBImagePickerThumbnailView.m in Sources */,
				F0C5D2011B85C1F500DA537E /* YPDateUtilController.m in Sources */,
				F009E5771B7C422500D80FD5 /* YPImagePicker.m in Sources */,
				F009E5051B7C422500D80FD5 /* UIView+YPKit.m in Sources */,
				F009E5591B7C422500D80FD5 /* NSAlert+MKNetworkKitAdditions.m in Sources */,
				F009E5611B7C422500D80FD5 /* MKNetworkOperation.m in Sources */,
				F009E5031B7C422500D80FD5 /* UITableView+YPKit.m in Sources */,
				F009E56E1B7C422500D80FD5 /* QBImagePickerGroupCell.m in Sources */,
				F0CA30391B7DE0F7003D8AB4 /* RootController.m in Sources */,
				F009E3871B7C414300D80FD5 /* ViewController.m in Sources */,
				F009E55E1B7C422500D80FD5 /* UIAlertView+MKNetworkKitAdditions.m in Sources */,
				F009E3841B7C414300D80FD5 /* AppDelegate.m in Sources */,
				F009E4F31B7C422500D80FD5 /* YPBaseTableViewController.m in Sources */,
				F009E5021B7C422500D80FD5 /* UILabel+YPKit.m in Sources */,
				F009E4F51B7C422500D80FD5 /* YPTableViewController.m in Sources */,
				F009E5681B7C422500D80FD5 /* QBAssetsCollectionFooterView.m in Sources */,
				F009E5261B7C422500D80FD5 /* BUIControl.m in Sources */,
				F009E50A1B7C422500D80FD5 /* YPCheckBox.m in Sources */,
				F009E5731B7C422500D80FD5 /* YPDateUtil.m in Sources */,
				F009E55C1B7C422500D80FD5 /* NSDictionary+RequestEncoding.m in Sources */,
				F009E50C1B7C422500D80FD5 /* YPUpwardsPicker.m in Sources */,
				F009E4FE1B7C422500D80FD5 /* NSString+YPKit.m in Sources */,
				F0BA04171B8EF53100F49425 /* YPControlView.m in Sources */,
				F009E55A1B7C422500D80FD5 /* NSData+MKBase64.m in Sources */,
				F009E4FC1B7C422500D80FD5 /* NSObject+YPKit.m in Sources */,
				F009E55B1B7C422500D80FD5 /* NSDate+RFC1123.m in Sources */,
				F009E4FA1B7C422500D80FD5 /* NSMutableAttributedString+YPKit.m in Sources */,
				F009E4F81B7C422500D80FD5 /* NSAttributedString+YPKit.m in Sources */,
				F009E5011B7C422500D80FD5 /* UIImage+YPKit.m in Sources */,
				F009E5741B7C422500D80FD5 /* YPFileUtil.m in Sources */,
				F009E56A1B7C422500D80FD5 /* QBAssetsCollectionViewCell.m in Sources */,
				F009E4F21B7C422500D80FD5 /* YPBaseSegmentedController.m in Sources */,
				F009E5601B7C422500D80FD5 /* MKNetworkEngine.m in Sources */,
				F009E3811B7C414300D80FD5 /* main.m in Sources */,
				F009E5621B7C422500D80FD5 /* Reachability.m in Sources */,
				F009E5061B7C422500D80FD5 /* UIViewController+YPKit.m in Sources */,
				F009E50E1B7C422500D80FD5 /* YPSettingItem.m in Sources */,
				F009E56D1B7C422500D80FD5 /* QBImagePickerController.m in Sources */,
				F009E4FD1B7C422500D80FD5 /* NSSet+YPKit.m in Sources */,
				F009E5071B7C422500D80FD5 /* YPBadgeView.m in Sources */,
			);
			runOnlyForDeploymentPostprocessing = 0;
		};
		F009E3901B7C414300D80FD5 /* Sources */ = {
			isa = PBXSourcesBuildPhase;
			buildActionMask = 2147483647;
			files = (
				F009E39B1B7C414300D80FD5 /* YPKitTests.m in Sources */,
			);
			runOnlyForDeploymentPostprocessing = 0;
		};
/* End PBXSourcesBuildPhase section */

/* Begin PBXTargetDependency section */
		F009E3961B7C414300D80FD5 /* PBXTargetDependency */ = {
			isa = PBXTargetDependency;
			target = F009E37A1B7C414300D80FD5 /* YPKit */;
			targetProxy = F009E3951B7C414300D80FD5 /* PBXContainerItemProxy */;
		};
/* End PBXTargetDependency section */

/* Begin PBXVariantGroup section */
		F009E38D1B7C414300D80FD5 /* LaunchScreen.xib */ = {
			isa = PBXVariantGroup;
			children = (
				F009E38E1B7C414300D80FD5 /* Base */,
			);
			name = LaunchScreen.xib;
			sourceTree = "<group>";
		};
		F009E4DC1B7C422500D80FD5 /* QBImagePickerController.strings */ = {
			isa = PBXVariantGroup;
			children = (
				F009E4DD1B7C422500D80FD5 /* en */,
				F009E4DE1B7C422500D80FD5 /* ja */,
				F009E4DF1B7C422500D80FD5 /* zh-Hans */,
			);
			name = QBImagePickerController.strings;
			sourceTree = "<group>";
		};
/* End PBXVariantGroup section */

/* Begin XCBuildConfiguration section */
		F009E39C1B7C414300D80FD5 /* Debug */ = {
			isa = XCBuildConfiguration;
			buildSettings = {
				ALWAYS_SEARCH_USER_PATHS = NO;
				CLANG_CXX_LANGUAGE_STANDARD = "gnu++0x";
				CLANG_CXX_LIBRARY = "libc++";
				CLANG_ENABLE_MODULES = YES;
				CLANG_ENABLE_OBJC_ARC = YES;
				CLANG_WARN_BOOL_CONVERSION = YES;
				CLANG_WARN_CONSTANT_CONVERSION = YES;
				CLANG_WARN_DIRECT_OBJC_ISA_USAGE = YES_ERROR;
				CLANG_WARN_EMPTY_BODY = YES;
				CLANG_WARN_ENUM_CONVERSION = YES;
				CLANG_WARN_INT_CONVERSION = YES;
				CLANG_WARN_OBJC_ROOT_CLASS = YES_ERROR;
				CLANG_WARN_UNREACHABLE_CODE = YES;
				CLANG_WARN__DUPLICATE_METHOD_MATCH = YES;
				"CODE_SIGN_IDENTITY[sdk=iphoneos*]" = "iPhone Developer";
				COPY_PHASE_STRIP = NO;
				DEBUG_INFORMATION_FORMAT = "dwarf-with-dsym";
				ENABLE_STRICT_OBJC_MSGSEND = YES;
				GCC_C_LANGUAGE_STANDARD = gnu99;
				GCC_DYNAMIC_NO_PIC = NO;
				GCC_NO_COMMON_BLOCKS = YES;
				GCC_OPTIMIZATION_LEVEL = 0;
				GCC_PREPROCESSOR_DEFINITIONS = (
					"DEBUG=1",
					"$(inherited)",
				);
				GCC_SYMBOLS_PRIVATE_EXTERN = NO;
				GCC_WARN_64_TO_32_BIT_CONVERSION = YES;
				GCC_WARN_ABOUT_RETURN_TYPE = YES_ERROR;
				GCC_WARN_UNDECLARED_SELECTOR = YES;
				GCC_WARN_UNINITIALIZED_AUTOS = YES_AGGRESSIVE;
				GCC_WARN_UNUSED_FUNCTION = YES;
				GCC_WARN_UNUSED_VARIABLE = YES;
				IPHONEOS_DEPLOYMENT_TARGET = 8.4;
				MTL_ENABLE_DEBUG_INFO = YES;
				ONLY_ACTIVE_ARCH = YES;
				SDKROOT = iphoneos;
			};
			name = Debug;
		};
		F009E39D1B7C414300D80FD5 /* Release */ = {
			isa = XCBuildConfiguration;
			buildSettings = {
				ALWAYS_SEARCH_USER_PATHS = NO;
				CLANG_CXX_LANGUAGE_STANDARD = "gnu++0x";
				CLANG_CXX_LIBRARY = "libc++";
				CLANG_ENABLE_MODULES = YES;
				CLANG_ENABLE_OBJC_ARC = YES;
				CLANG_WARN_BOOL_CONVERSION = YES;
				CLANG_WARN_CONSTANT_CONVERSION = YES;
				CLANG_WARN_DIRECT_OBJC_ISA_USAGE = YES_ERROR;
				CLANG_WARN_EMPTY_BODY = YES;
				CLANG_WARN_ENUM_CONVERSION = YES;
				CLANG_WARN_INT_CONVERSION = YES;
				CLANG_WARN_OBJC_ROOT_CLASS = YES_ERROR;
				CLANG_WARN_UNREACHABLE_CODE = YES;
				CLANG_WARN__DUPLICATE_METHOD_MATCH = YES;
				"CODE_SIGN_IDENTITY[sdk=iphoneos*]" = "iPhone Developer";
				COPY_PHASE_STRIP = NO;
				DEBUG_INFORMATION_FORMAT = "dwarf-with-dsym";
				ENABLE_NS_ASSERTIONS = NO;
				ENABLE_STRICT_OBJC_MSGSEND = YES;
				GCC_C_LANGUAGE_STANDARD = gnu99;
				GCC_NO_COMMON_BLOCKS = YES;
				GCC_WARN_64_TO_32_BIT_CONVERSION = YES;
				GCC_WARN_ABOUT_RETURN_TYPE = YES_ERROR;
				GCC_WARN_UNDECLARED_SELECTOR = YES;
				GCC_WARN_UNINITIALIZED_AUTOS = YES_AGGRESSIVE;
				GCC_WARN_UNUSED_FUNCTION = YES;
				GCC_WARN_UNUSED_VARIABLE = YES;
				IPHONEOS_DEPLOYMENT_TARGET = 8.4;
				MTL_ENABLE_DEBUG_INFO = NO;
				SDKROOT = iphoneos;
				VALIDATE_PRODUCT = YES;
			};
			name = Release;
		};
		F009E39F1B7C414300D80FD5 /* Debug */ = {
			isa = XCBuildConfiguration;
			buildSettings = {
				ASSETCATALOG_COMPILER_APPICON_NAME = AppIcon;
				CODE_SIGN_IDENTITY = "iPhone Developer";
				FRAMEWORK_SEARCH_PATHS = "$(inherited)";
				GCC_PREFIX_HEADER = "YPKit/YPKit-Prefix.pch";
				INFOPLIST_FILE = YPKit/Info.plist;
				IPHONEOS_DEPLOYMENT_TARGET = 7.0;
				LD_RUNPATH_SEARCH_PATHS = "$(inherited) @executable_path/Frameworks";
				LIBRARY_SEARCH_PATHS = "$(inherited)";
				PRODUCT_MODULE_NAME = "$(TARGET_NAME)";
				PRODUCT_NAME = "$(TARGET_NAME)";
			};
			name = Debug;
		};
		F009E3A01B7C414300D80FD5 /* Release */ = {
			isa = XCBuildConfiguration;
			buildSettings = {
				ASSETCATALOG_COMPILER_APPICON_NAME = AppIcon;
				CODE_SIGN_IDENTITY = "iPhone Developer";
				FRAMEWORK_SEARCH_PATHS = "$(inherited)";
				GCC_PREFIX_HEADER = "YPKit/YPKit-Prefix.pch";
				INFOPLIST_FILE = YPKit/Info.plist;
				IPHONEOS_DEPLOYMENT_TARGET = 7.0;
				LD_RUNPATH_SEARCH_PATHS = "$(inherited) @executable_path/Frameworks";
				LIBRARY_SEARCH_PATHS = "$(inherited)";
				PRODUCT_MODULE_NAME = "$(TARGET_NAME)";
				PRODUCT_NAME = "$(TARGET_NAME)";
			};
			name = Release;
		};
		F009E3A21B7C414300D80FD5 /* Debug */ = {
			isa = XCBuildConfiguration;
			buildSettings = {
				BUNDLE_LOADER = "$(TEST_HOST)";
				FRAMEWORK_SEARCH_PATHS = (
					"$(SDKROOT)/Developer/Library/Frameworks",
					"$(inherited)",
				);
				GCC_PREPROCESSOR_DEFINITIONS = (
					"DEBUG=1",
					"$(inherited)",
				);
				INFOPLIST_FILE = YPKitTests/Info.plist;
				LD_RUNPATH_SEARCH_PATHS = "$(inherited) @executable_path/Frameworks @loader_path/Frameworks";
				PRODUCT_NAME = "$(TARGET_NAME)";
				TEST_HOST = "$(BUILT_PRODUCTS_DIR)/YPKit.app/YPKit";
			};
			name = Debug;
		};
		F009E3A31B7C414300D80FD5 /* Release */ = {
			isa = XCBuildConfiguration;
			buildSettings = {
				BUNDLE_LOADER = "$(TEST_HOST)";
				FRAMEWORK_SEARCH_PATHS = (
					"$(SDKROOT)/Developer/Library/Frameworks",
					"$(inherited)",
				);
				INFOPLIST_FILE = YPKitTests/Info.plist;
				LD_RUNPATH_SEARCH_PATHS = "$(inherited) @executable_path/Frameworks @loader_path/Frameworks";
				PRODUCT_NAME = "$(TARGET_NAME)";
				TEST_HOST = "$(BUILT_PRODUCTS_DIR)/YPKit.app/YPKit";
			};
			name = Release;
		};
/* End XCBuildConfiguration section */

/* Begin XCConfigurationList section */
		F009E3761B7C414300D80FD5 /* Build configuration list for PBXProject "YPKit" */ = {
			isa = XCConfigurationList;
			buildConfigurations = (
				F009E39C1B7C414300D80FD5 /* Debug */,
				F009E39D1B7C414300D80FD5 /* Release */,
			);
			defaultConfigurationIsVisible = 0;
			defaultConfigurationName = Release;
		};
		F009E39E1B7C414300D80FD5 /* Build configuration list for PBXNativeTarget "YPKit" */ = {
			isa = XCConfigurationList;
			buildConfigurations = (
				F009E39F1B7C414300D80FD5 /* Debug */,
				F009E3A01B7C414300D80FD5 /* Release */,
			);
			defaultConfigurationIsVisible = 0;
			defaultConfigurationName = Release;
		};
		F009E3A11B7C414300D80FD5 /* Build configuration list for PBXNativeTarget "YPKitTests" */ = {
			isa = XCConfigurationList;
			buildConfigurations = (
				F009E3A21B7C414300D80FD5 /* Debug */,
				F009E3A31B7C414300D80FD5 /* Release */,
			);
			defaultConfigurationIsVisible = 0;
			defaultConfigurationName = Release;
		};
/* End XCConfigurationList section */
	};
	rootObject = F009E3731B7C414300D80FD5 /* Project object */;
}
