// !$*UTF8*$!
{
	archiveVersion = 1;
	classes = {
	};
	objectVersion = 48;
	objects = {

/* Begin PBXBuildFile section */
		7ECB6C391F9F19BF009F8AAF /* AppDelegate.m in Sources */ = {isa = PBXBuildFile; fileRef = 7ECB6C311F9F19BF009F8AAF /* AppDelegate.m */; };
		7ECB6C3A1F9F19BF009F8AAF /* Assets.xcassets in Resources */ = {isa = PBXBuildFile; fileRef = 7ECB6C321F9F19BF009F8AAF /* Assets.xcassets */; };
		7ECB6C3C1F9F19BF009F8AAF /* LaunchScreen.storyboard in Resources */ = {isa = PBXBuildFile; fileRef = 7ECB6C341F9F19BF009F8AAF /* LaunchScreen.storyboard */; };
		7ECB6C3D1F9F19BF009F8AAF /* main.m in Sources */ = {isa = PBXBuildFile; fileRef = 7ECB6C351F9F19BF009F8AAF /* main.m */; };
		7ECB6C3E1F9F19BF009F8AAF /* Main.storyboard in Resources */ = {isa = PBXBuildFile; fileRef = 7ECB6C361F9F19BF009F8AAF /* Main.storyboard */; };
		7ECB6C3F1F9F19BF009F8AAF /* ViewController.m in Sources */ = {isa = PBXBuildFile; fileRef = 7ECB6C381F9F19BF009F8AAF /* ViewController.m */; };
		7ECB6CA01FA02CBC009F8AAF /* NSArray+YPKit.m in Sources */ = {isa = PBXBuildFile; fileRef = 7ECB6C461FA02CBC009F8AAF /* NSArray+YPKit.m */; };
		7ECB6CA11FA02CBC009F8AAF /* NSAttributedString+YPKit.m in Sources */ = {isa = PBXBuildFile; fileRef = 7ECB6C481FA02CBC009F8AAF /* NSAttributedString+YPKit.m */; };
		7ECB6CA21FA02CBC009F8AAF /* NSData+YPKit.m in Sources */ = {isa = PBXBuildFile; fileRef = 7ECB6C4A1FA02CBC009F8AAF /* NSData+YPKit.m */; };
		7ECB6CA31FA02CBC009F8AAF /* NSDate+YPKit.m in Sources */ = {isa = PBXBuildFile; fileRef = 7ECB6C4C1FA02CBC009F8AAF /* NSDate+YPKit.m */; };
		7ECB6CA41FA02CBC009F8AAF /* NSDictionary+YPKit.m in Sources */ = {isa = PBXBuildFile; fileRef = 7ECB6C4E1FA02CBC009F8AAF /* NSDictionary+YPKit.m */; };
		7ECB6CA51FA02CBC009F8AAF /* NSFileManager+YPKit.m in Sources */ = {isa = PBXBuildFile; fileRef = 7ECB6C501FA02CBC009F8AAF /* NSFileManager+YPKit.m */; };
		7ECB6CA61FA02CBC009F8AAF /* NSMutableArray+YPKit.m in Sources */ = {isa = PBXBuildFile; fileRef = 7ECB6C521FA02CBC009F8AAF /* NSMutableArray+YPKit.m */; };
		7ECB6CA71FA02CBC009F8AAF /* NSMutableAttributedString+YPKit.m in Sources */ = {isa = PBXBuildFile; fileRef = 7ECB6C541FA02CBC009F8AAF /* NSMutableAttributedString+YPKit.m */; };
		7ECB6CA81FA02CBC009F8AAF /* NSNumber+YPKit.m in Sources */ = {isa = PBXBuildFile; fileRef = 7ECB6C561FA02CBC009F8AAF /* NSNumber+YPKit.m */; };
		7ECB6CA91FA02CBC009F8AAF /* NSObject+YPKit.m in Sources */ = {isa = PBXBuildFile; fileRef = 7ECB6C581FA02CBC009F8AAF /* NSObject+YPKit.m */; };
		7ECB6CAA1FA02CBC009F8AAF /* NSSet+YPKit.m in Sources */ = {isa = PBXBuildFile; fileRef = 7ECB6C5A1FA02CBC009F8AAF /* NSSet+YPKit.m */; };
		7ECB6CAB1FA02CBC009F8AAF /* NSString+YPKit.m in Sources */ = {isa = PBXBuildFile; fileRef = 7ECB6C5C1FA02CBC009F8AAF /* NSString+YPKit.m */; };
		7ECB6CAC1FA02CBC009F8AAF /* NSTimer+YPKit.m in Sources */ = {isa = PBXBuildFile; fileRef = 7ECB6C5E1FA02CBC009F8AAF /* NSTimer+YPKit.m */; };
		7ECB6CAD1FA02CBC009F8AAF /* NSUserDefaults+YPKit.m in Sources */ = {isa = PBXBuildFile; fileRef = 7ECB6C601FA02CBC009F8AAF /* NSUserDefaults+YPKit.m */; };
		7ECB6CAE1FA02CBC009F8AAF /* CALayer+YPKit.m in Sources */ = {isa = PBXBuildFile; fileRef = 7ECB6C631FA02CBC009F8AAF /* CALayer+YPKit.m */; };
		7ECB6CAF1FA02CBC009F8AAF /* UIAlertController+YPKit.m in Sources */ = {isa = PBXBuildFile; fileRef = 7ECB6C661FA02CBC009F8AAF /* UIAlertController+YPKit.m */; };
		7ECB6CB01FA02CBC009F8AAF /* UIApplication+YPKit.m in Sources */ = {isa = PBXBuildFile; fileRef = 7ECB6C681FA02CBC009F8AAF /* UIApplication+YPKit.m */; };
		7ECB6CB11FA02CBC009F8AAF /* UIButton+YPKit.m in Sources */ = {isa = PBXBuildFile; fileRef = 7ECB6C6A1FA02CBC009F8AAF /* UIButton+YPKit.m */; };
		7ECB6CB21FA02CBC009F8AAF /* UIColor+YPKit.m in Sources */ = {isa = PBXBuildFile; fileRef = 7ECB6C6C1FA02CBC009F8AAF /* UIColor+YPKit.m */; };
		7ECB6CB31FA02CBC009F8AAF /* UIControl+YPKit.m in Sources */ = {isa = PBXBuildFile; fileRef = 7ECB6C6E1FA02CBC009F8AAF /* UIControl+YPKit.m */; };
		7ECB6CB41FA02CBC009F8AAF /* UIDevice+YPKit.m in Sources */ = {isa = PBXBuildFile; fileRef = 7ECB6C701FA02CBC009F8AAF /* UIDevice+YPKit.m */; };
		7ECB6CB51FA02CBC009F8AAF /* UIGestureRecognizer+YPKit.m in Sources */ = {isa = PBXBuildFile; fileRef = 7ECB6C721FA02CBC009F8AAF /* UIGestureRecognizer+YPKit.m */; };
		7ECB6CB61FA02CBC009F8AAF /* UIImage+YPKit.m in Sources */ = {isa = PBXBuildFile; fileRef = 7ECB6C741FA02CBC009F8AAF /* UIImage+YPKit.m */; };
		7ECB6CB71FA02CBC009F8AAF /* UILabel+YPKit.m in Sources */ = {isa = PBXBuildFile; fileRef = 7ECB6C761FA02CBC009F8AAF /* UILabel+YPKit.m */; };
		7ECB6CB81FA02CBC009F8AAF /* UIScreen+YPKit.m in Sources */ = {isa = PBXBuildFile; fileRef = 7ECB6C781FA02CBC009F8AAF /* UIScreen+YPKit.m */; };
		7ECB6CB91FA02CBC009F8AAF /* UIScrollView+YPKit.m in Sources */ = {isa = PBXBuildFile; fileRef = 7ECB6C7A1FA02CBC009F8AAF /* UIScrollView+YPKit.m */; };
		7ECB6CBA1FA02CBC009F8AAF /* UITableView+YPKit.m in Sources */ = {isa = PBXBuildFile; fileRef = 7ECB6C7C1FA02CBC009F8AAF /* UITableView+YPKit.m */; };
		7ECB6CBB1FA02CBC009F8AAF /* UITableViewCell+YPKit.m in Sources */ = {isa = PBXBuildFile; fileRef = 7ECB6C7E1FA02CBC009F8AAF /* UITableViewCell+YPKit.m */; };
		7ECB6CBC1FA02CBC009F8AAF /* UITextField+YPKit.m in Sources */ = {isa = PBXBuildFile; fileRef = 7ECB6C801FA02CBC009F8AAF /* UITextField+YPKit.m */; };
		7ECB6CBD1FA02CBC009F8AAF /* UIView+YPKit.m in Sources */ = {isa = PBXBuildFile; fileRef = 7ECB6C821FA02CBC009F8AAF /* UIView+YPKit.m */; };
		7ECB6CBE1FA02CBC009F8AAF /* UIViewController+YPKit.m in Sources */ = {isa = PBXBuildFile; fileRef = 7ECB6C841FA02CBC009F8AAF /* UIViewController+YPKit.m */; };
		7ECB6CC01FA02CBC009F8AAF /* YPCheckBox.m in Sources */ = {isa = PBXBuildFile; fileRef = 7ECB6C8B1FA02CBC009F8AAF /* YPCheckBox.m */; };
		7ECB6CC11FA02CBC009F8AAF /* YPPageView.m in Sources */ = {isa = PBXBuildFile; fileRef = 7ECB6C8E1FA02CBC009F8AAF /* YPPageView.m */; };
		7ECB6CC21FA02CBC009F8AAF /* YPPageViewCell.m in Sources */ = {isa = PBXBuildFile; fileRef = 7ECB6C901FA02CBC009F8AAF /* YPPageViewCell.m */; };
		7ECB6CC61FA02CBC009F8AAF /* YPTagCloudView.m in Sources */ = {isa = PBXBuildFile; fileRef = 7ECB6C981FA02CBC009F8AAF /* YPTagCloudView.m */; };
		7ECB6CC71FA02CBC009F8AAF /* YPPlaceHolderTextView.m in Sources */ = {isa = PBXBuildFile; fileRef = 7ECB6C9B1FA02CBC009F8AAF /* YPPlaceHolderTextView.m */; };
		7ECB6CC81FA02CBC009F8AAF /* YPTextView.m in Sources */ = {isa = PBXBuildFile; fileRef = 7ECB6C9D1FA02CBC009F8AAF /* YPTextView.m */; };
		7ECB6CCC1FA02D3E009F8AAF /* YPBaseUpwardsView.m in Sources */ = {isa = PBXBuildFile; fileRef = 7ECB6CCB1FA02D3E009F8AAF /* YPBaseUpwardsView.m */; };
/* End PBXBuildFile section */

/* Begin PBXFileReference section */
		7ECB6B7B1F9F168C009F8AAF /* YPKit.app */ = {isa = PBXFileReference; explicitFileType = wrapper.application; includeInIndex = 0; path = YPKit.app; sourceTree = BUILT_PRODUCTS_DIR; };
		7ECB6C301F9F19BF009F8AAF /* AppDelegate.h */ = {isa = PBXFileReference; fileEncoding = 4; lastKnownFileType = sourcecode.c.h; path = AppDelegate.h; sourceTree = "<group>"; };
		7ECB6C311F9F19BF009F8AAF /* AppDelegate.m */ = {isa = PBXFileReference; fileEncoding = 4; lastKnownFileType = sourcecode.c.objc; path = AppDelegate.m; sourceTree = "<group>"; };
		7ECB6C321F9F19BF009F8AAF /* Assets.xcassets */ = {isa = PBXFileReference; lastKnownFileType = folder.assetcatalog; path = Assets.xcassets; sourceTree = "<group>"; };
		7ECB6C331F9F19BF009F8AAF /* Info.plist */ = {isa = PBXFileReference; fileEncoding = 4; lastKnownFileType = text.plist.xml; path = Info.plist; sourceTree = "<group>"; };
		7ECB6C341F9F19BF009F8AAF /* LaunchScreen.storyboard */ = {isa = PBXFileReference; fileEncoding = 4; lastKnownFileType = file.storyboard; path = LaunchScreen.storyboard; sourceTree = "<group>"; };
		7ECB6C351F9F19BF009F8AAF /* main.m */ = {isa = PBXFileReference; fileEncoding = 4; lastKnownFileType = sourcecode.c.objc; path = main.m; sourceTree = "<group>"; };
		7ECB6C361F9F19BF009F8AAF /* Main.storyboard */ = {isa = PBXFileReference; fileEncoding = 4; lastKnownFileType = file.storyboard; path = Main.storyboard; sourceTree = "<group>"; };
		7ECB6C371F9F19BF009F8AAF /* ViewController.h */ = {isa = PBXFileReference; fileEncoding = 4; lastKnownFileType = sourcecode.c.h; path = ViewController.h; sourceTree = "<group>"; };
		7ECB6C381F9F19BF009F8AAF /* ViewController.m */ = {isa = PBXFileReference; fileEncoding = 4; lastKnownFileType = sourcecode.c.objc; path = ViewController.m; sourceTree = "<group>"; };
		7ECB6C451FA02CBC009F8AAF /* NSArray+YPKit.h */ = {isa = PBXFileReference; fileEncoding = 4; lastKnownFileType = sourcecode.c.h; path = "NSArray+YPKit.h"; sourceTree = "<group>"; };
		7ECB6C461FA02CBC009F8AAF /* NSArray+YPKit.m */ = {isa = PBXFileReference; fileEncoding = 4; lastKnownFileType = sourcecode.c.objc; path = "NSArray+YPKit.m"; sourceTree = "<group>"; };
		7ECB6C471FA02CBC009F8AAF /* NSAttributedString+YPKit.h */ = {isa = PBXFileReference; fileEncoding = 4; lastKnownFileType = sourcecode.c.h; path = "NSAttributedString+YPKit.h"; sourceTree = "<group>"; };
		7ECB6C481FA02CBC009F8AAF /* NSAttributedString+YPKit.m */ = {isa = PBXFileReference; fileEncoding = 4; lastKnownFileType = sourcecode.c.objc; path = "NSAttributedString+YPKit.m"; sourceTree = "<group>"; };
		7ECB6C491FA02CBC009F8AAF /* NSData+YPKit.h */ = {isa = PBXFileReference; fileEncoding = 4; lastKnownFileType = sourcecode.c.h; path = "NSData+YPKit.h"; sourceTree = "<group>"; };
		7ECB6C4A1FA02CBC009F8AAF /* NSData+YPKit.m */ = {isa = PBXFileReference; fileEncoding = 4; lastKnownFileType = sourcecode.c.objc; path = "NSData+YPKit.m"; sourceTree = "<group>"; };
		7ECB6C4B1FA02CBC009F8AAF /* NSDate+YPKit.h */ = {isa = PBXFileReference; fileEncoding = 4; lastKnownFileType = sourcecode.c.h; path = "NSDate+YPKit.h"; sourceTree = "<group>"; };
		7ECB6C4C1FA02CBC009F8AAF /* NSDate+YPKit.m */ = {isa = PBXFileReference; fileEncoding = 4; lastKnownFileType = sourcecode.c.objc; path = "NSDate+YPKit.m"; sourceTree = "<group>"; };
		7ECB6C4D1FA02CBC009F8AAF /* NSDictionary+YPKit.h */ = {isa = PBXFileReference; fileEncoding = 4; lastKnownFileType = sourcecode.c.h; path = "NSDictionary+YPKit.h"; sourceTree = "<group>"; };
		7ECB6C4E1FA02CBC009F8AAF /* NSDictionary+YPKit.m */ = {isa = PBXFileReference; fileEncoding = 4; lastKnownFileType = sourcecode.c.objc; path = "NSDictionary+YPKit.m"; sourceTree = "<group>"; };
		7ECB6C4F1FA02CBC009F8AAF /* NSFileManager+YPKit.h */ = {isa = PBXFileReference; fileEncoding = 4; lastKnownFileType = sourcecode.c.h; path = "NSFileManager+YPKit.h"; sourceTree = "<group>"; };
		7ECB6C501FA02CBC009F8AAF /* NSFileManager+YPKit.m */ = {isa = PBXFileReference; fileEncoding = 4; lastKnownFileType = sourcecode.c.objc; path = "NSFileManager+YPKit.m"; sourceTree = "<group>"; };
		7ECB6C511FA02CBC009F8AAF /* NSMutableArray+YPKit.h */ = {isa = PBXFileReference; fileEncoding = 4; lastKnownFileType = sourcecode.c.h; path = "NSMutableArray+YPKit.h"; sourceTree = "<group>"; };
		7ECB6C521FA02CBC009F8AAF /* NSMutableArray+YPKit.m */ = {isa = PBXFileReference; fileEncoding = 4; lastKnownFileType = sourcecode.c.objc; path = "NSMutableArray+YPKit.m"; sourceTree = "<group>"; };
		7ECB6C531FA02CBC009F8AAF /* NSMutableAttributedString+YPKit.h */ = {isa = PBXFileReference; fileEncoding = 4; lastKnownFileType = sourcecode.c.h; path = "NSMutableAttributedString+YPKit.h"; sourceTree = "<group>"; };
		7ECB6C541FA02CBC009F8AAF /* NSMutableAttributedString+YPKit.m */ = {isa = PBXFileReference; fileEncoding = 4; lastKnownFileType = sourcecode.c.objc; path = "NSMutableAttributedString+YPKit.m"; sourceTree = "<group>"; };
		7ECB6C551FA02CBC009F8AAF /* NSNumber+YPKit.h */ = {isa = PBXFileReference; fileEncoding = 4; lastKnownFileType = sourcecode.c.h; path = "NSNumber+YPKit.h"; sourceTree = "<group>"; };
		7ECB6C561FA02CBC009F8AAF /* NSNumber+YPKit.m */ = {isa = PBXFileReference; fileEncoding = 4; lastKnownFileType = sourcecode.c.objc; path = "NSNumber+YPKit.m"; sourceTree = "<group>"; };
		7ECB6C571FA02CBC009F8AAF /* NSObject+YPKit.h */ = {isa = PBXFileReference; fileEncoding = 4; lastKnownFileType = sourcecode.c.h; path = "NSObject+YPKit.h"; sourceTree = "<group>"; };
		7ECB6C581FA02CBC009F8AAF /* NSObject+YPKit.m */ = {isa = PBXFileReference; fileEncoding = 4; lastKnownFileType = sourcecode.c.objc; path = "NSObject+YPKit.m"; sourceTree = "<group>"; };
		7ECB6C591FA02CBC009F8AAF /* NSSet+YPKit.h */ = {isa = PBXFileReference; fileEncoding = 4; lastKnownFileType = sourcecode.c.h; path = "NSSet+YPKit.h"; sourceTree = "<group>"; };
		7ECB6C5A1FA02CBC009F8AAF /* NSSet+YPKit.m */ = {isa = PBXFileReference; fileEncoding = 4; lastKnownFileType = sourcecode.c.objc; path = "NSSet+YPKit.m"; sourceTree = "<group>"; };
		7ECB6C5B1FA02CBC009F8AAF /* NSString+YPKit.h */ = {isa = PBXFileReference; fileEncoding = 4; lastKnownFileType = sourcecode.c.h; path = "NSString+YPKit.h"; sourceTree = "<group>"; };
		7ECB6C5C1FA02CBC009F8AAF /* NSString+YPKit.m */ = {isa = PBXFileReference; fileEncoding = 4; lastKnownFileType = sourcecode.c.objc; path = "NSString+YPKit.m"; sourceTree = "<group>"; };
		7ECB6C5D1FA02CBC009F8AAF /* NSTimer+YPKit.h */ = {isa = PBXFileReference; fileEncoding = 4; lastKnownFileType = sourcecode.c.h; path = "NSTimer+YPKit.h"; sourceTree = "<group>"; };
		7ECB6C5E1FA02CBC009F8AAF /* NSTimer+YPKit.m */ = {isa = PBXFileReference; fileEncoding = 4; lastKnownFileType = sourcecode.c.objc; path = "NSTimer+YPKit.m"; sourceTree = "<group>"; };
		7ECB6C5F1FA02CBC009F8AAF /* NSUserDefaults+YPKit.h */ = {isa = PBXFileReference; fileEncoding = 4; lastKnownFileType = sourcecode.c.h; path = "NSUserDefaults+YPKit.h"; sourceTree = "<group>"; };
		7ECB6C601FA02CBC009F8AAF /* NSUserDefaults+YPKit.m */ = {isa = PBXFileReference; fileEncoding = 4; lastKnownFileType = sourcecode.c.objc; path = "NSUserDefaults+YPKit.m"; sourceTree = "<group>"; };
		7ECB6C621FA02CBC009F8AAF /* CALayer+YPKit.h */ = {isa = PBXFileReference; fileEncoding = 4; lastKnownFileType = sourcecode.c.h; path = "CALayer+YPKit.h"; sourceTree = "<group>"; };
		7ECB6C631FA02CBC009F8AAF /* CALayer+YPKit.m */ = {isa = PBXFileReference; fileEncoding = 4; lastKnownFileType = sourcecode.c.objc; path = "CALayer+YPKit.m"; sourceTree = "<group>"; };
		7ECB6C651FA02CBC009F8AAF /* UIAlertController+YPKit.h */ = {isa = PBXFileReference; fileEncoding = 4; lastKnownFileType = sourcecode.c.h; path = "UIAlertController+YPKit.h"; sourceTree = "<group>"; };
		7ECB6C661FA02CBC009F8AAF /* UIAlertController+YPKit.m */ = {isa = PBXFileReference; fileEncoding = 4; lastKnownFileType = sourcecode.c.objc; path = "UIAlertController+YPKit.m"; sourceTree = "<group>"; };
		7ECB6C671FA02CBC009F8AAF /* UIApplication+YPKit.h */ = {isa = PBXFileReference; fileEncoding = 4; lastKnownFileType = sourcecode.c.h; path = "UIApplication+YPKit.h"; sourceTree = "<group>"; };
		7ECB6C681FA02CBC009F8AAF /* UIApplication+YPKit.m */ = {isa = PBXFileReference; fileEncoding = 4; lastKnownFileType = sourcecode.c.objc; path = "UIApplication+YPKit.m"; sourceTree = "<group>"; };
		7ECB6C691FA02CBC009F8AAF /* UIButton+YPKit.h */ = {isa = PBXFileReference; fileEncoding = 4; lastKnownFileType = sourcecode.c.h; path = "UIButton+YPKit.h"; sourceTree = "<group>"; };
		7ECB6C6A1FA02CBC009F8AAF /* UIButton+YPKit.m */ = {isa = PBXFileReference; fileEncoding = 4; lastKnownFileType = sourcecode.c.objc; path = "UIButton+YPKit.m"; sourceTree = "<group>"; };
		7ECB6C6B1FA02CBC009F8AAF /* UIColor+YPKit.h */ = {isa = PBXFileReference; fileEncoding = 4; lastKnownFileType = sourcecode.c.h; path = "UIColor+YPKit.h"; sourceTree = "<group>"; };
		7ECB6C6C1FA02CBC009F8AAF /* UIColor+YPKit.m */ = {isa = PBXFileReference; fileEncoding = 4; lastKnownFileType = sourcecode.c.objc; path = "UIColor+YPKit.m"; sourceTree = "<group>"; };
		7ECB6C6D1FA02CBC009F8AAF /* UIControl+YPKit.h */ = {isa = PBXFileReference; fileEncoding = 4; lastKnownFileType = sourcecode.c.h; path = "UIControl+YPKit.h"; sourceTree = "<group>"; };
		7ECB6C6E1FA02CBC009F8AAF /* UIControl+YPKit.m */ = {isa = PBXFileReference; fileEncoding = 4; lastKnownFileType = sourcecode.c.objc; path = "UIControl+YPKit.m"; sourceTree = "<group>"; };
		7ECB6C6F1FA02CBC009F8AAF /* UIDevice+YPKit.h */ = {isa = PBXFileReference; fileEncoding = 4; lastKnownFileType = sourcecode.c.h; path = "UIDevice+YPKit.h"; sourceTree = "<group>"; };
		7ECB6C701FA02CBC009F8AAF /* UIDevice+YPKit.m */ = {isa = PBXFileReference; fileEncoding = 4; lastKnownFileType = sourcecode.c.objc; path = "UIDevice+YPKit.m"; sourceTree = "<group>"; };
		7ECB6C711FA02CBC009F8AAF /* UIGestureRecognizer+YPKit.h */ = {isa = PBXFileReference; fileEncoding = 4; lastKnownFileType = sourcecode.c.h; path = "UIGestureRecognizer+YPKit.h"; sourceTree = "<group>"; };
		7ECB6C721FA02CBC009F8AAF /* UIGestureRecognizer+YPKit.m */ = {isa = PBXFileReference; fileEncoding = 4; lastKnownFileType = sourcecode.c.objc; path = "UIGestureRecognizer+YPKit.m"; sourceTree = "<group>"; };
		7ECB6C731FA02CBC009F8AAF /* UIImage+YPKit.h */ = {isa = PBXFileReference; fileEncoding = 4; lastKnownFileType = sourcecode.c.h; path = "UIImage+YPKit.h"; sourceTree = "<group>"; };
		7ECB6C741FA02CBC009F8AAF /* UIImage+YPKit.m */ = {isa = PBXFileReference; fileEncoding = 4; lastKnownFileType = sourcecode.c.objc; path = "UIImage+YPKit.m"; sourceTree = "<group>"; };
		7ECB6C751FA02CBC009F8AAF /* UILabel+YPKit.h */ = {isa = PBXFileReference; fileEncoding = 4; lastKnownFileType = sourcecode.c.h; path = "UILabel+YPKit.h"; sourceTree = "<group>"; };
		7ECB6C761FA02CBC009F8AAF /* UILabel+YPKit.m */ = {isa = PBXFileReference; fileEncoding = 4; lastKnownFileType = sourcecode.c.objc; path = "UILabel+YPKit.m"; sourceTree = "<group>"; };
		7ECB6C771FA02CBC009F8AAF /* UIScreen+YPKit.h */ = {isa = PBXFileReference; fileEncoding = 4; lastKnownFileType = sourcecode.c.h; path = "UIScreen+YPKit.h"; sourceTree = "<group>"; };
		7ECB6C781FA02CBC009F8AAF /* UIScreen+YPKit.m */ = {isa = PBXFileReference; fileEncoding = 4; lastKnownFileType = sourcecode.c.objc; path = "UIScreen+YPKit.m"; sourceTree = "<group>"; };
		7ECB6C791FA02CBC009F8AAF /* UIScrollView+YPKit.h */ = {isa = PBXFileReference; fileEncoding = 4; lastKnownFileType = sourcecode.c.h; path = "UIScrollView+YPKit.h"; sourceTree = "<group>"; };
		7ECB6C7A1FA02CBC009F8AAF /* UIScrollView+YPKit.m */ = {isa = PBXFileReference; fileEncoding = 4; lastKnownFileType = sourcecode.c.objc; path = "UIScrollView+YPKit.m"; sourceTree = "<group>"; };
		7ECB6C7B1FA02CBC009F8AAF /* UITableView+YPKit.h */ = {isa = PBXFileReference; fileEncoding = 4; lastKnownFileType = sourcecode.c.h; path = "UITableView+YPKit.h"; sourceTree = "<group>"; };
		7ECB6C7C1FA02CBC009F8AAF /* UITableView+YPKit.m */ = {isa = PBXFileReference; fileEncoding = 4; lastKnownFileType = sourcecode.c.objc; path = "UITableView+YPKit.m"; sourceTree = "<group>"; };
		7ECB6C7D1FA02CBC009F8AAF /* UITableViewCell+YPKit.h */ = {isa = PBXFileReference; fileEncoding = 4; lastKnownFileType = sourcecode.c.h; path = "UITableViewCell+YPKit.h"; sourceTree = "<group>"; };
		7ECB6C7E1FA02CBC009F8AAF /* UITableViewCell+YPKit.m */ = {isa = PBXFileReference; fileEncoding = 4; lastKnownFileType = sourcecode.c.objc; path = "UITableViewCell+YPKit.m"; sourceTree = "<group>"; };
		7ECB6C7F1FA02CBC009F8AAF /* UITextField+YPKit.h */ = {isa = PBXFileReference; fileEncoding = 4; lastKnownFileType = sourcecode.c.h; path = "UITextField+YPKit.h"; sourceTree = "<group>"; };
		7ECB6C801FA02CBC009F8AAF /* UITextField+YPKit.m */ = {isa = PBXFileReference; fileEncoding = 4; lastKnownFileType = sourcecode.c.objc; path = "UITextField+YPKit.m"; sourceTree = "<group>"; };
		7ECB6C811FA02CBC009F8AAF /* UIView+YPKit.h */ = {isa = PBXFileReference; fileEncoding = 4; lastKnownFileType = sourcecode.c.h; path = "UIView+YPKit.h"; sourceTree = "<group>"; };
		7ECB6C821FA02CBC009F8AAF /* UIView+YPKit.m */ = {isa = PBXFileReference; fileEncoding = 4; lastKnownFileType = sourcecode.c.objc; path = "UIView+YPKit.m"; sourceTree = "<group>"; };
		7ECB6C831FA02CBC009F8AAF /* UIViewController+YPKit.h */ = {isa = PBXFileReference; fileEncoding = 4; lastKnownFileType = sourcecode.c.h; path = "UIViewController+YPKit.h"; sourceTree = "<group>"; };
		7ECB6C841FA02CBC009F8AAF /* UIViewController+YPKit.m */ = {isa = PBXFileReference; fileEncoding = 4; lastKnownFileType = sourcecode.c.objc; path = "UIViewController+YPKit.m"; sourceTree = "<group>"; };
		7ECB6C8A1FA02CBC009F8AAF /* YPCheckBox.h */ = {isa = PBXFileReference; fileEncoding = 4; lastKnownFileType = sourcecode.c.h; path = YPCheckBox.h; sourceTree = "<group>"; };
		7ECB6C8B1FA02CBC009F8AAF /* YPCheckBox.m */ = {isa = PBXFileReference; fileEncoding = 4; lastKnownFileType = sourcecode.c.objc; path = YPCheckBox.m; sourceTree = "<group>"; };
		7ECB6C8D1FA02CBC009F8AAF /* YPPageView.h */ = {isa = PBXFileReference; fileEncoding = 4; lastKnownFileType = sourcecode.c.h; path = YPPageView.h; sourceTree = "<group>"; };
		7ECB6C8E1FA02CBC009F8AAF /* YPPageView.m */ = {isa = PBXFileReference; fileEncoding = 4; lastKnownFileType = sourcecode.c.objc; path = YPPageView.m; sourceTree = "<group>"; };
		7ECB6C8F1FA02CBC009F8AAF /* YPPageViewCell.h */ = {isa = PBXFileReference; fileEncoding = 4; lastKnownFileType = sourcecode.c.h; path = YPPageViewCell.h; sourceTree = "<group>"; };
		7ECB6C901FA02CBC009F8AAF /* YPPageViewCell.m */ = {isa = PBXFileReference; fileEncoding = 4; lastKnownFileType = sourcecode.c.objc; path = YPPageViewCell.m; sourceTree = "<group>"; };
		7ECB6C971FA02CBC009F8AAF /* YPTagCloudView.h */ = {isa = PBXFileReference; fileEncoding = 4; lastKnownFileType = sourcecode.c.h; path = YPTagCloudView.h; sourceTree = "<group>"; };
		7ECB6C981FA02CBC009F8AAF /* YPTagCloudView.m */ = {isa = PBXFileReference; fileEncoding = 4; lastKnownFileType = sourcecode.c.objc; path = YPTagCloudView.m; sourceTree = "<group>"; };
		7ECB6C9A1FA02CBC009F8AAF /* YPPlaceHolderTextView.h */ = {isa = PBXFileReference; fileEncoding = 4; lastKnownFileType = sourcecode.c.h; path = YPPlaceHolderTextView.h; sourceTree = "<group>"; };
		7ECB6C9B1FA02CBC009F8AAF /* YPPlaceHolderTextView.m */ = {isa = PBXFileReference; fileEncoding = 4; lastKnownFileType = sourcecode.c.objc; path = YPPlaceHolderTextView.m; sourceTree = "<group>"; };
		7ECB6C9C1FA02CBC009F8AAF /* YPTextView.h */ = {isa = PBXFileReference; fileEncoding = 4; lastKnownFileType = sourcecode.c.h; path = YPTextView.h; sourceTree = "<group>"; };
		7ECB6C9D1FA02CBC009F8AAF /* YPTextView.m */ = {isa = PBXFileReference; fileEncoding = 4; lastKnownFileType = sourcecode.c.objc; path = YPTextView.m; sourceTree = "<group>"; };
		7ECB6C9E1FA02CBC009F8AAF /* YPKit.h */ = {isa = PBXFileReference; fileEncoding = 4; lastKnownFileType = sourcecode.c.h; path = YPKit.h; sourceTree = "<group>"; };
		7ECB6C9F1FA02CBC009F8AAF /* YPKitMacro.h */ = {isa = PBXFileReference; fileEncoding = 4; lastKnownFileType = sourcecode.c.h; path = YPKitMacro.h; sourceTree = "<group>"; };
		7ECB6CCA1FA02D3E009F8AAF /* YPBaseUpwardsView.h */ = {isa = PBXFileReference; fileEncoding = 4; lastKnownFileType = sourcecode.c.h; path = YPBaseUpwardsView.h; sourceTree = "<group>"; };
		7ECB6CCB1FA02D3E009F8AAF /* YPBaseUpwardsView.m */ = {isa = PBXFileReference; fileEncoding = 4; lastKnownFileType = sourcecode.c.objc; path = YPBaseUpwardsView.m; sourceTree = "<group>"; };
/* End PBXFileReference section */

/* Begin PBXFrameworksBuildPhase section */
		7ECB6B781F9F168C009F8AAF /* Frameworks */ = {
			isa = PBXFrameworksBuildPhase;
			buildActionMask = 2147483647;
			files = (
			);
			runOnlyForDeploymentPostprocessing = 0;
		};
/* End PBXFrameworksBuildPhase section */

/* Begin PBXGroup section */
		7ECB6B721F9F168C009F8AAF = {
			isa = PBXGroup;
			children = (
				7ECB6B7D1F9F168C009F8AAF /* YPKit */,
				7ECB6B7C1F9F168C009F8AAF /* Products */,
			);
			sourceTree = "<group>";
		};
		7ECB6B7C1F9F168C009F8AAF /* Products */ = {
			isa = PBXGroup;
			children = (
				7ECB6B7B1F9F168C009F8AAF /* YPKit.app */,
			);
			name = Products;
			sourceTree = "<group>";
		};
		7ECB6B7D1F9F168C009F8AAF /* YPKit */ = {
			isa = PBXGroup;
			children = (
				7ECB6C421FA02CBC009F8AAF /* YPKit */,
				7ECB6C2F1F9F19BF009F8AAF /* Demo */,
			);
			path = YPKit;
			sourceTree = "<group>";
		};
		7ECB6C2F1F9F19BF009F8AAF /* Demo */ = {
			isa = PBXGroup;
			children = (
				7ECB6C301F9F19BF009F8AAF /* AppDelegate.h */,
				7ECB6C311F9F19BF009F8AAF /* AppDelegate.m */,
				7ECB6C321F9F19BF009F8AAF /* Assets.xcassets */,
				7ECB6C331F9F19BF009F8AAF /* Info.plist */,
				7ECB6C341F9F19BF009F8AAF /* LaunchScreen.storyboard */,
				7ECB6C351F9F19BF009F8AAF /* main.m */,
				7ECB6C361F9F19BF009F8AAF /* Main.storyboard */,
				7ECB6C371F9F19BF009F8AAF /* ViewController.h */,
				7ECB6C381F9F19BF009F8AAF /* ViewController.m */,
			);
			path = Demo;
			sourceTree = "<group>";
		};
		7ECB6C421FA02CBC009F8AAF /* YPKit */ = {
			isa = PBXGroup;
			children = (
				7ECB6C431FA02CBC009F8AAF /* Category */,
				7ECB6C851FA02CBC009F8AAF /* CustomView */,
				7ECB6C9E1FA02CBC009F8AAF /* YPKit.h */,
				7ECB6C9F1FA02CBC009F8AAF /* YPKitMacro.h */,
			);
			path = YPKit;
			sourceTree = "<group>";
		};
		7ECB6C431FA02CBC009F8AAF /* Category */ = {
			isa = PBXGroup;
			children = (
				7ECB6C441FA02CBC009F8AAF /* Foundation */,
				7ECB6C611FA02CBC009F8AAF /* Others */,
				7ECB6C641FA02CBC009F8AAF /* UIKit */,
			);
			path = Category;
			sourceTree = "<group>";
		};
		7ECB6C441FA02CBC009F8AAF /* Foundation */ = {
			isa = PBXGroup;
			children = (
				7ECB6C451FA02CBC009F8AAF /* NSArray+YPKit.h */,
				7ECB6C461FA02CBC009F8AAF /* NSArray+YPKit.m */,
				7ECB6C471FA02CBC009F8AAF /* NSAttributedString+YPKit.h */,
				7ECB6C481FA02CBC009F8AAF /* NSAttributedString+YPKit.m */,
				7ECB6C491FA02CBC009F8AAF /* NSData+YPKit.h */,
				7ECB6C4A1FA02CBC009F8AAF /* NSData+YPKit.m */,
				7ECB6C4B1FA02CBC009F8AAF /* NSDate+YPKit.h */,
				7ECB6C4C1FA02CBC009F8AAF /* NSDate+YPKit.m */,
				7ECB6C4D1FA02CBC009F8AAF /* NSDictionary+YPKit.h */,
				7ECB6C4E1FA02CBC009F8AAF /* NSDictionary+YPKit.m */,
				7ECB6C4F1FA02CBC009F8AAF /* NSFileManager+YPKit.h */,
				7ECB6C501FA02CBC009F8AAF /* NSFileManager+YPKit.m */,
				7ECB6C511FA02CBC009F8AAF /* NSMutableArray+YPKit.h */,
				7ECB6C521FA02CBC009F8AAF /* NSMutableArray+YPKit.m */,
				7ECB6C531FA02CBC009F8AAF /* NSMutableAttributedString+YPKit.h */,
				7ECB6C541FA02CBC009F8AAF /* NSMutableAttributedString+YPKit.m */,
				7ECB6C551FA02CBC009F8AAF /* NSNumber+YPKit.h */,
				7ECB6C561FA02CBC009F8AAF /* NSNumber+YPKit.m */,
				7ECB6C571FA02CBC009F8AAF /* NSObject+YPKit.h */,
				7ECB6C581FA02CBC009F8AAF /* NSObject+YPKit.m */,
				7ECB6C591FA02CBC009F8AAF /* NSSet+YPKit.h */,
				7ECB6C5A1FA02CBC009F8AAF /* NSSet+YPKit.m */,
				7ECB6C5B1FA02CBC009F8AAF /* NSString+YPKit.h */,
				7ECB6C5C1FA02CBC009F8AAF /* NSString+YPKit.m */,
				7ECB6C5D1FA02CBC009F8AAF /* NSTimer+YPKit.h */,
				7ECB6C5E1FA02CBC009F8AAF /* NSTimer+YPKit.m */,
				7ECB6C5F1FA02CBC009F8AAF /* NSUserDefaults+YPKit.h */,
				7ECB6C601FA02CBC009F8AAF /* NSUserDefaults+YPKit.m */,
			);
			path = Foundation;
			sourceTree = "<group>";
		};
		7ECB6C611FA02CBC009F8AAF /* Others */ = {
			isa = PBXGroup;
			children = (
				7ECB6C621FA02CBC009F8AAF /* CALayer+YPKit.h */,
				7ECB6C631FA02CBC009F8AAF /* CALayer+YPKit.m */,
			);
			path = Others;
			sourceTree = "<group>";
		};
		7ECB6C641FA02CBC009F8AAF /* UIKit */ = {
			isa = PBXGroup;
			children = (
				7ECB6C651FA02CBC009F8AAF /* UIAlertController+YPKit.h */,
				7ECB6C661FA02CBC009F8AAF /* UIAlertController+YPKit.m */,
				7ECB6C671FA02CBC009F8AAF /* UIApplication+YPKit.h */,
				7ECB6C681FA02CBC009F8AAF /* UIApplication+YPKit.m */,
				7ECB6C691FA02CBC009F8AAF /* UIButton+YPKit.h */,
				7ECB6C6A1FA02CBC009F8AAF /* UIButton+YPKit.m */,
				7ECB6C6B1FA02CBC009F8AAF /* UIColor+YPKit.h */,
				7ECB6C6C1FA02CBC009F8AAF /* UIColor+YPKit.m */,
				7ECB6C6D1FA02CBC009F8AAF /* UIControl+YPKit.h */,
				7ECB6C6E1FA02CBC009F8AAF /* UIControl+YPKit.m */,
				7ECB6C6F1FA02CBC009F8AAF /* UIDevice+YPKit.h */,
				7ECB6C701FA02CBC009F8AAF /* UIDevice+YPKit.m */,
				7ECB6C711FA02CBC009F8AAF /* UIGestureRecognizer+YPKit.h */,
				7ECB6C721FA02CBC009F8AAF /* UIGestureRecognizer+YPKit.m */,
				7ECB6C731FA02CBC009F8AAF /* UIImage+YPKit.h */,
				7ECB6C741FA02CBC009F8AAF /* UIImage+YPKit.m */,
				7ECB6C751FA02CBC009F8AAF /* UILabel+YPKit.h */,
				7ECB6C761FA02CBC009F8AAF /* UILabel+YPKit.m */,
				7ECB6C771FA02CBC009F8AAF /* UIScreen+YPKit.h */,
				7ECB6C781FA02CBC009F8AAF /* UIScreen+YPKit.m */,
				7ECB6C791FA02CBC009F8AAF /* UIScrollView+YPKit.h */,
				7ECB6C7A1FA02CBC009F8AAF /* UIScrollView+YPKit.m */,
				7ECB6C7B1FA02CBC009F8AAF /* UITableView+YPKit.h */,
				7ECB6C7C1FA02CBC009F8AAF /* UITableView+YPKit.m */,
				7ECB6C7D1FA02CBC009F8AAF /* UITableViewCell+YPKit.h */,
				7ECB6C7E1FA02CBC009F8AAF /* UITableViewCell+YPKit.m */,
				7ECB6C7F1FA02CBC009F8AAF /* UITextField+YPKit.h */,
				7ECB6C801FA02CBC009F8AAF /* UITextField+YPKit.m */,
				7ECB6C811FA02CBC009F8AAF /* UIView+YPKit.h */,
				7ECB6C821FA02CBC009F8AAF /* UIView+YPKit.m */,
				7ECB6C831FA02CBC009F8AAF /* UIViewController+YPKit.h */,
				7ECB6C841FA02CBC009F8AAF /* UIViewController+YPKit.m */,
			);
			path = UIKit;
			sourceTree = "<group>";
		};
		7ECB6C851FA02CBC009F8AAF /* CustomView */ = {
			isa = PBXGroup;
			children = (
				7ECB6CC91FA02D3E009F8AAF /* YPBaseUpwardsView */,
				7ECB6C891FA02CBC009F8AAF /* YPCheckBox */,
				7ECB6C8C1FA02CBC009F8AAF /* YPPageControlView */,
				7ECB6C961FA02CBC009F8AAF /* YPTagCloudView */,
				7ECB6C991FA02CBC009F8AAF /* YPTextView */,
			);
			path = CustomView;
			sourceTree = "<group>";
		};
		7ECB6C891FA02CBC009F8AAF /* YPCheckBox */ = {
			isa = PBXGroup;
			children = (
				7ECB6C8A1FA02CBC009F8AAF /* YPCheckBox.h */,
				7ECB6C8B1FA02CBC009F8AAF /* YPCheckBox.m */,
			);
			path = YPCheckBox;
			sourceTree = "<group>";
		};
		7ECB6C8C1FA02CBC009F8AAF /* YPPageControlView */ = {
			isa = PBXGroup;
			children = (
				7ECB6C8D1FA02CBC009F8AAF /* YPPageView.h */,
				7ECB6C8E1FA02CBC009F8AAF /* YPPageView.m */,
				7ECB6C8F1FA02CBC009F8AAF /* YPPageViewCell.h */,
				7ECB6C901FA02CBC009F8AAF /* YPPageViewCell.m */,
			);
			path = YPPageControlView;
			sourceTree = "<group>";
		};
		7ECB6C961FA02CBC009F8AAF /* YPTagCloudView */ = {
			isa = PBXGroup;
			children = (
				7ECB6C971FA02CBC009F8AAF /* YPTagCloudView.h */,
				7ECB6C981FA02CBC009F8AAF /* YPTagCloudView.m */,
			);
			path = YPTagCloudView;
			sourceTree = "<group>";
		};
		7ECB6C991FA02CBC009F8AAF /* YPTextView */ = {
			isa = PBXGroup;
			children = (
				7ECB6C9A1FA02CBC009F8AAF /* YPPlaceHolderTextView.h */,
				7ECB6C9B1FA02CBC009F8AAF /* YPPlaceHolderTextView.m */,
				7ECB6C9C1FA02CBC009F8AAF /* YPTextView.h */,
				7ECB6C9D1FA02CBC009F8AAF /* YPTextView.m */,
			);
			path = YPTextView;
			sourceTree = "<group>";
		};
		7ECB6CC91FA02D3E009F8AAF /* YPBaseUpwardsView */ = {
			isa = PBXGroup;
			children = (
				7ECB6CCA1FA02D3E009F8AAF /* YPBaseUpwardsView.h */,
				7ECB6CCB1FA02D3E009F8AAF /* YPBaseUpwardsView.m */,
			);
			path = YPBaseUpwardsView;
			sourceTree = "<group>";
		};
/* End PBXGroup section */

/* Begin PBXNativeTarget section */
		7ECB6B7A1F9F168C009F8AAF /* YPKit */ = {
			isa = PBXNativeTarget;
			buildConfigurationList = 7ECB6B911F9F168C009F8AAF /* Build configuration list for PBXNativeTarget "YPKit" */;
			buildPhases = (
				7ECB6B771F9F168C009F8AAF /* Sources */,
				7ECB6B781F9F168C009F8AAF /* Frameworks */,
				7ECB6B791F9F168C009F8AAF /* Resources */,
			);
			buildRules = (
			);
			dependencies = (
			);
			name = YPKit;
			productName = YPKit;
			productReference = 7ECB6B7B1F9F168C009F8AAF /* YPKit.app */;
			productType = "com.apple.product-type.application";
		};
/* End PBXNativeTarget section */

/* Begin PBXProject section */
		7ECB6B731F9F168C009F8AAF /* Project object */ = {
			isa = PBXProject;
			attributes = {
				LastUpgradeCheck = 0900;
				ORGANIZATIONNAME = YPKit;
				TargetAttributes = {
					7ECB6B7A1F9F168C009F8AAF = {
						CreatedOnToolsVersion = 9.0;
						ProvisioningStyle = Automatic;
					};
				};
			};
			buildConfigurationList = 7ECB6B761F9F168C009F8AAF /* Build configuration list for PBXProject "YPKit" */;
			compatibilityVersion = "Xcode 8.0";
			developmentRegion = en;
			hasScannedForEncodings = 0;
			knownRegions = (
				en,
				Base,
			);
			mainGroup = 7ECB6B721F9F168C009F8AAF;
			productRefGroup = 7ECB6B7C1F9F168C009F8AAF /* Products */;
			projectDirPath = "";
			projectRoot = "";
			targets = (
				7ECB6B7A1F9F168C009F8AAF /* YPKit */,
			);
		};
/* End PBXProject section */

/* Begin PBXResourcesBuildPhase section */
		7ECB6B791F9F168C009F8AAF /* Resources */ = {
			isa = PBXResourcesBuildPhase;
			buildActionMask = 2147483647;
			files = (
				7ECB6C3C1F9F19BF009F8AAF /* LaunchScreen.storyboard in Resources */,
				7ECB6C3A1F9F19BF009F8AAF /* Assets.xcassets in Resources */,
				7ECB6C3E1F9F19BF009F8AAF /* Main.storyboard in Resources */,
			);
			runOnlyForDeploymentPostprocessing = 0;
		};
/* End PBXResourcesBuildPhase section */

/* Begin PBXSourcesBuildPhase section */
		7ECB6B771F9F168C009F8AAF /* Sources */ = {
			isa = PBXSourcesBuildPhase;
			buildActionMask = 2147483647;
			files = (
				7ECB6C3F1F9F19BF009F8AAF /* ViewController.m in Sources */,
				7ECB6CB81FA02CBC009F8AAF /* UIScreen+YPKit.m in Sources */,
				7ECB6CC21FA02CBC009F8AAF /* YPPageViewCell.m in Sources */,
				7ECB6CB91FA02CBC009F8AAF /* UIScrollView+YPKit.m in Sources */,
				7ECB6CAA1FA02CBC009F8AAF /* NSSet+YPKit.m in Sources */,
				7ECB6CC81FA02CBC009F8AAF /* YPTextView.m in Sources */,
				7ECB6C391F9F19BF009F8AAF /* AppDelegate.m in Sources */,
				7ECB6CA41FA02CBC009F8AAF /* NSDictionary+YPKit.m in Sources */,
				7ECB6CA31FA02CBC009F8AAF /* NSDate+YPKit.m in Sources */,
				7ECB6CA51FA02CBC009F8AAF /* NSFileManager+YPKit.m in Sources */,
				7ECB6CB01FA02CBC009F8AAF /* UIApplication+YPKit.m in Sources */,
				7ECB6CA81FA02CBC009F8AAF /* NSNumber+YPKit.m in Sources */,
				7ECB6CB11FA02CBC009F8AAF /* UIButton+YPKit.m in Sources */,
				7ECB6CC01FA02CBC009F8AAF /* YPCheckBox.m in Sources */,
				7ECB6CCC1FA02D3E009F8AAF /* YPBaseUpwardsView.m in Sources */,
				7ECB6CB21FA02CBC009F8AAF /* UIColor+YPKit.m in Sources */,
				7ECB6CC71FA02CBC009F8AAF /* YPPlaceHolderTextView.m in Sources */,
				7ECB6CA21FA02CBC009F8AAF /* NSData+YPKit.m in Sources */,
				7ECB6CB61FA02CBC009F8AAF /* UIImage+YPKit.m in Sources */,
				7ECB6CAC1FA02CBC009F8AAF /* NSTimer+YPKit.m in Sources */,
				7ECB6CA01FA02CBC009F8AAF /* NSArray+YPKit.m in Sources */,
				7ECB6CBB1FA02CBC009F8AAF /* UITableViewCell+YPKit.m in Sources */,
				7ECB6CC11FA02CBC009F8AAF /* YPPageView.m in Sources */,
				7ECB6CBC1FA02CBC009F8AAF /* UITextField+YPKit.m in Sources */,
				7ECB6CA71FA02CBC009F8AAF /* NSMutableAttributedString+YPKit.m in Sources */,
				7ECB6CB31FA02CBC009F8AAF /* UIControl+YPKit.m in Sources */,
				7ECB6CBD1FA02CBC009F8AAF /* UIView+YPKit.m in Sources */,
				7ECB6CB51FA02CBC009F8AAF /* UIGestureRecognizer+YPKit.m in Sources */,
				7ECB6CA91FA02CBC009F8AAF /* NSObject+YPKit.m in Sources */,
				7ECB6C3D1F9F19BF009F8AAF /* main.m in Sources */,
				7ECB6CAB1FA02CBC009F8AAF /* NSString+YPKit.m in Sources */,
				7ECB6CA11FA02CBC009F8AAF /* NSAttributedString+YPKit.m in Sources */,
				7ECB6CAD1FA02CBC009F8AAF /* NSUserDefaults+YPKit.m in Sources */,
				7ECB6CB71FA02CBC009F8AAF /* UILabel+YPKit.m in Sources */,
				7ECB6CBE1FA02CBC009F8AAF /* UIViewController+YPKit.m in Sources */,
				7ECB6CC61FA02CBC009F8AAF /* YPTagCloudView.m in Sources */,
				7ECB6CAF1FA02CBC009F8AAF /* UIAlertController+YPKit.m in Sources */,
				7ECB6CB41FA02CBC009F8AAF /* UIDevice+YPKit.m in Sources */,
				7ECB6CA61FA02CBC009F8AAF /* NSMutableArray+YPKit.m in Sources */,
				7ECB6CAE1FA02CBC009F8AAF /* CALayer+YPKit.m in Sources */,
				7ECB6CBA1FA02CBC009F8AAF /* UITableView+YPKit.m in Sources */,
			);
			runOnlyForDeploymentPostprocessing = 0;
		};
/* End PBXSourcesBuildPhase section */

/* Begin XCBuildConfiguration section */
		7ECB6B8F1F9F168C009F8AAF /* Debug */ = {
			isa = XCBuildConfiguration;
			buildSettings = {
				ALWAYS_SEARCH_USER_PATHS = NO;
				CLANG_ANALYZER_NONNULL = YES;
				CLANG_ANALYZER_NUMBER_OBJECT_CONVERSION = YES_AGGRESSIVE;
				CLANG_CXX_LANGUAGE_STANDARD = "gnu++14";
				CLANG_CXX_LIBRARY = "libc++";
				CLANG_ENABLE_MODULES = YES;
				CLANG_ENABLE_OBJC_ARC = YES;
				CLANG_WARN_BLOCK_CAPTURE_AUTORELEASING = YES;
				CLANG_WARN_BOOL_CONVERSION = YES;
				CLANG_WARN_COMMA = YES;
				CLANG_WARN_CONSTANT_CONVERSION = YES;
				CLANG_WARN_DIRECT_OBJC_ISA_USAGE = YES_ERROR;
				CLANG_WARN_DOCUMENTATION_COMMENTS = YES;
				CLANG_WARN_EMPTY_BODY = YES;
				CLANG_WARN_ENUM_CONVERSION = YES;
				CLANG_WARN_INFINITE_RECURSION = YES;
				CLANG_WARN_INT_CONVERSION = YES;
				CLANG_WARN_NON_LITERAL_NULL_CONVERSION = YES;
				CLANG_WARN_OBJC_LITERAL_CONVERSION = YES;
				CLANG_WARN_OBJC_ROOT_CLASS = YES_ERROR;
				CLANG_WARN_RANGE_LOOP_ANALYSIS = YES;
				CLANG_WARN_STRICT_PROTOTYPES = YES;
				CLANG_WARN_SUSPICIOUS_MOVE = YES;
				CLANG_WARN_UNGUARDED_AVAILABILITY = YES_AGGRESSIVE;
				CLANG_WARN_UNREACHABLE_CODE = YES;
				CLANG_WARN__DUPLICATE_METHOD_MATCH = YES;
				CODE_SIGN_IDENTITY = "iPhone Developer";
				COPY_PHASE_STRIP = NO;
				DEBUG_INFORMATION_FORMAT = dwarf;
				ENABLE_STRICT_OBJC_MSGSEND = YES;
				ENABLE_TESTABILITY = YES;
				GCC_C_LANGUAGE_STANDARD = gnu11;
				GCC_DYNAMIC_NO_PIC = NO;
				GCC_NO_COMMON_BLOCKS = YES;
				GCC_OPTIMIZATION_LEVEL = 0;
				GCC_PREPROCESSOR_DEFINITIONS = (
					"DEBUG=1",
					"$(inherited)",
				);
				GCC_WARN_64_TO_32_BIT_CONVERSION = YES;
				GCC_WARN_ABOUT_RETURN_TYPE = YES_ERROR;
				GCC_WARN_UNDECLARED_SELECTOR = YES;
				GCC_WARN_UNINITIALIZED_AUTOS = YES_AGGRESSIVE;
				GCC_WARN_UNUSED_FUNCTION = YES;
				GCC_WARN_UNUSED_VARIABLE = YES;
				IPHONEOS_DEPLOYMENT_TARGET = 11.0;
				MTL_ENABLE_DEBUG_INFO = YES;
				ONLY_ACTIVE_ARCH = YES;
				SDKROOT = iphoneos;
			};
			name = Debug;
		};
		7ECB6B901F9F168C009F8AAF /* Release */ = {
			isa = XCBuildConfiguration;
			buildSettings = {
				ALWAYS_SEARCH_USER_PATHS = NO;
				CLANG_ANALYZER_NONNULL = YES;
				CLANG_ANALYZER_NUMBER_OBJECT_CONVERSION = YES_AGGRESSIVE;
				CLANG_CXX_LANGUAGE_STANDARD = "gnu++14";
				CLANG_CXX_LIBRARY = "libc++";
				CLANG_ENABLE_MODULES = YES;
				CLANG_ENABLE_OBJC_ARC = YES;
				CLANG_WARN_BLOCK_CAPTURE_AUTORELEASING = YES;
				CLANG_WARN_BOOL_CONVERSION = YES;
				CLANG_WARN_COMMA = YES;
				CLANG_WARN_CONSTANT_CONVERSION = YES;
				CLANG_WARN_DIRECT_OBJC_ISA_USAGE = YES_ERROR;
				CLANG_WARN_DOCUMENTATION_COMMENTS = YES;
				CLANG_WARN_EMPTY_BODY = YES;
				CLANG_WARN_ENUM_CONVERSION = YES;
				CLANG_WARN_INFINITE_RECURSION = YES;
				CLANG_WARN_INT_CONVERSION = YES;
				CLANG_WARN_NON_LITERAL_NULL_CONVERSION = YES;
				CLANG_WARN_OBJC_LITERAL_CONVERSION = YES;
				CLANG_WARN_OBJC_ROOT_CLASS = YES_ERROR;
				CLANG_WARN_RANGE_LOOP_ANALYSIS = YES;
				CLANG_WARN_STRICT_PROTOTYPES = YES;
				CLANG_WARN_SUSPICIOUS_MOVE = YES;
				CLANG_WARN_UNGUARDED_AVAILABILITY = YES_AGGRESSIVE;
				CLANG_WARN_UNREACHABLE_CODE = YES;
				CLANG_WARN__DUPLICATE_METHOD_MATCH = YES;
				CODE_SIGN_IDENTITY = "iPhone Developer";
				COPY_PHASE_STRIP = NO;
				DEBUG_INFORMATION_FORMAT = "dwarf-with-dsym";
				ENABLE_NS_ASSERTIONS = NO;
				ENABLE_STRICT_OBJC_MSGSEND = YES;
				GCC_C_LANGUAGE_STANDARD = gnu11;
				GCC_NO_COMMON_BLOCKS = YES;
				GCC_WARN_64_TO_32_BIT_CONVERSION = YES;
				GCC_WARN_ABOUT_RETURN_TYPE = YES_ERROR;
				GCC_WARN_UNDECLARED_SELECTOR = YES;
				GCC_WARN_UNINITIALIZED_AUTOS = YES_AGGRESSIVE;
				GCC_WARN_UNUSED_FUNCTION = YES;
				GCC_WARN_UNUSED_VARIABLE = YES;
				IPHONEOS_DEPLOYMENT_TARGET = 11.0;
				MTL_ENABLE_DEBUG_INFO = NO;
				SDKROOT = iphoneos;
				VALIDATE_PRODUCT = YES;
			};
			name = Release;
		};
		7ECB6B921F9F168C009F8AAF /* Debug */ = {
			isa = XCBuildConfiguration;
			buildSettings = {
				ASSETCATALOG_COMPILER_APPICON_NAME = AppIcon;
				CODE_SIGN_STYLE = Automatic;
				INFOPLIST_FILE = YPKit/Demo/Info.plist;
				LD_RUNPATH_SEARCH_PATHS = "$(inherited) @executable_path/Frameworks";
				PRODUCT_BUNDLE_IDENTIFIER = com.yp.YPKit;
				PRODUCT_NAME = "$(TARGET_NAME)";
				TARGETED_DEVICE_FAMILY = "1,2";
			};
			name = Debug;
		};
		7ECB6B931F9F168C009F8AAF /* Release */ = {
			isa = XCBuildConfiguration;
			buildSettings = {
				ASSETCATALOG_COMPILER_APPICON_NAME = AppIcon;
				CODE_SIGN_STYLE = Automatic;
				INFOPLIST_FILE = YPKit/Demo/Info.plist;
				LD_RUNPATH_SEARCH_PATHS = "$(inherited) @executable_path/Frameworks";
				PRODUCT_BUNDLE_IDENTIFIER = com.yp.YPKit;
				PRODUCT_NAME = "$(TARGET_NAME)";
				TARGETED_DEVICE_FAMILY = "1,2";
			};
			name = Release;
		};
/* End XCBuildConfiguration section */

/* Begin XCConfigurationList section */
		7ECB6B761F9F168C009F8AAF /* Build configuration list for PBXProject "YPKit" */ = {
			isa = XCConfigurationList;
			buildConfigurations = (
				7ECB6B8F1F9F168C009F8AAF /* Debug */,
				7ECB6B901F9F168C009F8AAF /* Release */,
			);
			defaultConfigurationIsVisible = 0;
			defaultConfigurationName = Release;
		};
		7ECB6B911F9F168C009F8AAF /* Build configuration list for PBXNativeTarget "YPKit" */ = {
			isa = XCConfigurationList;
			buildConfigurations = (
				7ECB6B921F9F168C009F8AAF /* Debug */,
				7ECB6B931F9F168C009F8AAF /* Release */,
			);
			defaultConfigurationIsVisible = 0;
			defaultConfigurationName = Release;
		};
/* End XCConfigurationList section */
	};
	rootObject = 7ECB6B731F9F168C009F8AAF /* Project object */;
}
