// !$*UTF8*$!
{
	archiveVersion = 1;
	classes = {
	};
	objectVersion = 46;
	objects = {

/* Begin PBXBuildFile section */
		F009E39B1B7C414300D80FD5 /* YPKitTests.m in Sources */ = {isa = PBXBuildFile; fileRef = F009E39A1B7C414300D80FD5 /* YPKitTests.m */; };
		F0ADC41B1CC5BE3B009DBB53 /* AppDelegate.m in Sources */ = {isa = PBXBuildFile; fileRef = F0ADC3231CC5BE3A009DBB53 /* AppDelegate.m */; };
		F0ADC41C1CC5BE3B009DBB53 /* AutoLayoutCell.m in Sources */ = {isa = PBXBuildFile; fileRef = F0ADC3251CC5BE3A009DBB53 /* AutoLayoutCell.m */; };
		F0ADC41D1CC5BE3B009DBB53 /* AutoLayoutCell.xib in Resources */ = {isa = PBXBuildFile; fileRef = F0ADC3261CC5BE3A009DBB53 /* AutoLayoutCell.xib */; };
		F0ADC41E1CC5BE3B009DBB53 /* AutoLayoutCellController.m in Sources */ = {isa = PBXBuildFile; fileRef = F0ADC3281CC5BE3A009DBB53 /* AutoLayoutCellController.m */; };
		F0ADC41F1CC5BE3B009DBB53 /* AutoLayoutCellController.xib in Resources */ = {isa = PBXBuildFile; fileRef = F0ADC3291CC5BE3A009DBB53 /* AutoLayoutCellController.xib */; };
		F0ADC4201CC5BE3B009DBB53 /* LaunchScreen.xib in Resources */ = {isa = PBXBuildFile; fileRef = F0ADC32A1CC5BE3A009DBB53 /* LaunchScreen.xib */; };
		F0ADC4211CC5BE3B009DBB53 /* icon_arrow_light@2x.png in Resources */ = {isa = PBXBuildFile; fileRef = F0ADC32C1CC5BE3A009DBB53 /* icon_arrow_light@2x.png */; };
		F0ADC4221CC5BE3B009DBB53 /* icon_discovery_joined@2x.png in Resources */ = {isa = PBXBuildFile; fileRef = F0ADC32D1CC5BE3A009DBB53 /* icon_discovery_joined@2x.png */; };
		F0ADC4231CC5BE3B009DBB53 /* Images.xcassets in Resources */ = {isa = PBXBuildFile; fileRef = F0ADC32E1CC5BE3A009DBB53 /* Images.xcassets */; };
		F0ADC4241CC5BE3B009DBB53 /* Info.plist in Resources */ = {isa = PBXBuildFile; fileRef = F0ADC32F1CC5BE3A009DBB53 /* Info.plist */; };
		F0ADC4251CC5BE3B009DBB53 /* main.m in Sources */ = {isa = PBXBuildFile; fileRef = F0ADC3301CC5BE3A009DBB53 /* main.m */; };
		F0ADC4261CC5BE3B009DBB53 /* RootController.m in Sources */ = {isa = PBXBuildFile; fileRef = F0ADC3321CC5BE3A009DBB53 /* RootController.m */; };
		F0ADC4271CC5BE3B009DBB53 /* test.txt in Resources */ = {isa = PBXBuildFile; fileRef = F0ADC3331CC5BE3A009DBB53 /* test.txt */; };
		F0ADC4281CC5BE3B009DBB53 /* UITableView+FDIndexPathHeightCache.m in Sources */ = {isa = PBXBuildFile; fileRef = F0ADC3371CC5BE3A009DBB53 /* UITableView+FDIndexPathHeightCache.m */; };
		F0ADC4291CC5BE3B009DBB53 /* UITableView+FDKeyedHeightCache.m in Sources */ = {isa = PBXBuildFile; fileRef = F0ADC3391CC5BE3A009DBB53 /* UITableView+FDKeyedHeightCache.m */; };
		F0ADC42A1CC5BE3B009DBB53 /* UITableView+FDTemplateLayoutCell.m in Sources */ = {isa = PBXBuildFile; fileRef = F0ADC33B1CC5BE3A009DBB53 /* UITableView+FDTemplateLayoutCell.m */; };
		F0ADC42B1CC5BE3B009DBB53 /* UITableView+FDTemplateLayoutCellDebug.m in Sources */ = {isa = PBXBuildFile; fileRef = F0ADC33D1CC5BE3A009DBB53 /* UITableView+FDTemplateLayoutCellDebug.m */; };
		F0ADC42C1CC5BE3B009DBB53 /* ViewController.m in Sources */ = {isa = PBXBuildFile; fileRef = F0ADC33F1CC5BE3A009DBB53 /* ViewController.m */; };
		F0ADC42D1CC5BE3B009DBB53 /* WebViewController.m in Sources */ = {isa = PBXBuildFile; fileRef = F0ADC3411CC5BE3A009DBB53 /* WebViewController.m */; };
		F0ADC42E1CC5BE3B009DBB53 /* WebViewController.xib in Resources */ = {isa = PBXBuildFile; fileRef = F0ADC3421CC5BE3A009DBB53 /* WebViewController.xib */; };
		F0ADC42F1CC5BE3B009DBB53 /* YPDateUtilController.m in Sources */ = {isa = PBXBuildFile; fileRef = F0ADC3441CC5BE3A009DBB53 /* YPDateUtilController.m */; };
		F0ADC4301CC5BE3B009DBB53 /* YPDateUtilController.xib in Resources */ = {isa = PBXBuildFile; fileRef = F0ADC3451CC5BE3A009DBB53 /* YPDateUtilController.xib */; };
		F0ADC4311CC5BE3B009DBB53 /* YPTextViewController.m in Sources */ = {isa = PBXBuildFile; fileRef = F0ADC3481CC5BE3A009DBB53 /* YPTextViewController.m */; };
		F0ADC4321CC5BE3B009DBB53 /* YPTextViewController.xib in Resources */ = {isa = PBXBuildFile; fileRef = F0ADC3491CC5BE3A009DBB53 /* YPTextViewController.xib */; };
		F0ADC4331CC5BE3B009DBB53 /* YPBaseCollectionViewController.m in Sources */ = {isa = PBXBuildFile; fileRef = F0ADC34D1CC5BE3A009DBB53 /* YPBaseCollectionViewController.m */; };
		F0ADC4341CC5BE3B009DBB53 /* YPBaseSegmentedController.m in Sources */ = {isa = PBXBuildFile; fileRef = F0ADC34F1CC5BE3A009DBB53 /* YPBaseSegmentedController.m */; };
		F0ADC4351CC5BE3B009DBB53 /* YPBaseTableViewController.m in Sources */ = {isa = PBXBuildFile; fileRef = F0ADC3511CC5BE3A009DBB53 /* YPBaseTableViewController.m */; };
		F0ADC4361CC5BE3B009DBB53 /* YPBaseViewController.m in Sources */ = {isa = PBXBuildFile; fileRef = F0ADC3531CC5BE3A009DBB53 /* YPBaseViewController.m */; };
		F0ADC4371CC5BE3B009DBB53 /* YPTableViewController.m in Sources */ = {isa = PBXBuildFile; fileRef = F0ADC3551CC5BE3A009DBB53 /* YPTableViewController.m */; };
		F0ADC4381CC5BE3B009DBB53 /* CALayer+YPKit.m in Sources */ = {isa = PBXBuildFile; fileRef = F0ADC3581CC5BE3A009DBB53 /* CALayer+YPKit.m */; };
		F0ADC4391CC5BE3B009DBB53 /* NSArray+YPKit.m in Sources */ = {isa = PBXBuildFile; fileRef = F0ADC35A1CC5BE3A009DBB53 /* NSArray+YPKit.m */; };
		F0ADC43A1CC5BE3B009DBB53 /* NSAttributedString+YPKit.m in Sources */ = {isa = PBXBuildFile; fileRef = F0ADC35C1CC5BE3A009DBB53 /* NSAttributedString+YPKit.m */; };
		F0ADC43B1CC5BE3B009DBB53 /* NSDictionary+YPKit.m in Sources */ = {isa = PBXBuildFile; fileRef = F0ADC35E1CC5BE3A009DBB53 /* NSDictionary+YPKit.m */; };
		F0ADC43C1CC5BE3B009DBB53 /* NSMutableAttributedString+YPKit.m in Sources */ = {isa = PBXBuildFile; fileRef = F0ADC3601CC5BE3A009DBB53 /* NSMutableAttributedString+YPKit.m */; };
		F0ADC43D1CC5BE3B009DBB53 /* NSNumber+YPKit.m in Sources */ = {isa = PBXBuildFile; fileRef = F0ADC3621CC5BE3A009DBB53 /* NSNumber+YPKit.m */; };
		F0ADC43E1CC5BE3B009DBB53 /* NSObject+YPKit.m in Sources */ = {isa = PBXBuildFile; fileRef = F0ADC3641CC5BE3A009DBB53 /* NSObject+YPKit.m */; };
		F0ADC43F1CC5BE3B009DBB53 /* NSSet+YPKit.m in Sources */ = {isa = PBXBuildFile; fileRef = F0ADC3661CC5BE3A009DBB53 /* NSSet+YPKit.m */; };
		F0ADC4401CC5BE3B009DBB53 /* NSString+YPKit.m in Sources */ = {isa = PBXBuildFile; fileRef = F0ADC3681CC5BE3A009DBB53 /* NSString+YPKit.m */; };
		F0ADC4411CC5BE3B009DBB53 /* UIAlertView+YPKit.m in Sources */ = {isa = PBXBuildFile; fileRef = F0ADC36A1CC5BE3A009DBB53 /* UIAlertView+YPKit.m */; };
		F0ADC4421CC5BE3B009DBB53 /* UIButton+YPKit.m in Sources */ = {isa = PBXBuildFile; fileRef = F0ADC36C1CC5BE3A009DBB53 /* UIButton+YPKit.m */; };
		F0ADC4431CC5BE3B009DBB53 /* UIImage+YPKit.m in Sources */ = {isa = PBXBuildFile; fileRef = F0ADC36E1CC5BE3A009DBB53 /* UIImage+YPKit.m */; };
		F0ADC4441CC5BE3B009DBB53 /* UILabel+YPKit.m in Sources */ = {isa = PBXBuildFile; fileRef = F0ADC3701CC5BE3A009DBB53 /* UILabel+YPKit.m */; };
		F0ADC4451CC5BE3B009DBB53 /* UITableView+YPKit.m in Sources */ = {isa = PBXBuildFile; fileRef = F0ADC3721CC5BE3A009DBB53 /* UITableView+YPKit.m */; };
		F0ADC4461CC5BE3B009DBB53 /* UITextField+YPKit.m in Sources */ = {isa = PBXBuildFile; fileRef = F0ADC3741CC5BE3A009DBB53 /* UITextField+YPKit.m */; };
		F0ADC4471CC5BE3B009DBB53 /* UIView+YPKit.m in Sources */ = {isa = PBXBuildFile; fileRef = F0ADC3761CC5BE3A009DBB53 /* UIView+YPKit.m */; };
		F0ADC4481CC5BE3B009DBB53 /* UIViewController+YPKit.m in Sources */ = {isa = PBXBuildFile; fileRef = F0ADC3781CC5BE3A009DBB53 /* UIViewController+YPKit.m */; };
		F0ADC4491CC5BE3B009DBB53 /* YPBadgeView.m in Sources */ = {isa = PBXBuildFile; fileRef = F0ADC37C1CC5BE3A009DBB53 /* YPBadgeView.m */; };
		F0ADC44A1CC5BE3B009DBB53 /* YPBaseUpwardsView.m in Sources */ = {isa = PBXBuildFile; fileRef = F0ADC37F1CC5BE3A009DBB53 /* YPBaseUpwardsView.m */; };
		F0ADC44B1CC5BE3B009DBB53 /* YPCheckBox.m in Sources */ = {isa = PBXBuildFile; fileRef = F0ADC3821CC5BE3A009DBB53 /* YPCheckBox.m */; };
		F0ADC44C1CC5BE3B009DBB53 /* YPControlLabel.m in Sources */ = {isa = PBXBuildFile; fileRef = F0ADC3851CC5BE3A009DBB53 /* YPControlLabel.m */; };
		F0ADC44D1CC5BE3B009DBB53 /* YPControlView.m in Sources */ = {isa = PBXBuildFile; fileRef = F0ADC3871CC5BE3A009DBB53 /* YPControlView.m */; };
		F0ADC44E1CC5BE3B009DBB53 /* YPPageView.m in Sources */ = {isa = PBXBuildFile; fileRef = F0ADC38A1CC5BE3A009DBB53 /* YPPageView.m */; };
		F0ADC44F1CC5BE3B009DBB53 /* YPPageViewCell.m in Sources */ = {isa = PBXBuildFile; fileRef = F0ADC38C1CC5BE3A009DBB53 /* YPPageViewCell.m */; };
		F0ADC4501CC5BE3B009DBB53 /* YPPageViewCell.xib in Resources */ = {isa = PBXBuildFile; fileRef = F0ADC38D1CC5BE3A009DBB53 /* YPPageViewCell.xib */; };
		F0ADC4511CC5BE3B009DBB53 /* YPUpwardsPicker.m in Sources */ = {isa = PBXBuildFile; fileRef = F0ADC3901CC5BE3A009DBB53 /* YPUpwardsPicker.m */; };
		F0ADC4521CC5BE3B009DBB53 /* YPUpwardsPicker.xib in Resources */ = {isa = PBXBuildFile; fileRef = F0ADC3911CC5BE3A009DBB53 /* YPUpwardsPicker.xib */; };
		F0ADC4531CC5BE3B009DBB53 /* YPSettingItem.m in Sources */ = {isa = PBXBuildFile; fileRef = F0ADC3941CC5BE3A009DBB53 /* YPSettingItem.m */; };
		F0ADC4541CC5BE3B009DBB53 /* YPTagCloudView.m in Sources */ = {isa = PBXBuildFile; fileRef = F0ADC3971CC5BE3A009DBB53 /* YPTagCloudView.m */; };
		F0ADC4551CC5BE3B009DBB53 /* YPPlaceHolderTextView.m in Sources */ = {isa = PBXBuildFile; fileRef = F0ADC39A1CC5BE3A009DBB53 /* YPPlaceHolderTextView.m */; };
		F0ADC4561CC5BE3B009DBB53 /* YPTextView.m in Sources */ = {isa = PBXBuildFile; fileRef = F0ADC39C1CC5BE3A009DBB53 /* YPTextView.m */; };
		F0ADC4571CC5BE3B009DBB53 /* AFHTTPSessionManager.m in Sources */ = {isa = PBXBuildFile; fileRef = F0ADC3A01CC5BE3A009DBB53 /* AFHTTPSessionManager.m */; };
		F0ADC4581CC5BE3B009DBB53 /* AFNetworkReachabilityManager.m in Sources */ = {isa = PBXBuildFile; fileRef = F0ADC3A31CC5BE3A009DBB53 /* AFNetworkReachabilityManager.m */; };
		F0ADC4591CC5BE3B009DBB53 /* AFSecurityPolicy.m in Sources */ = {isa = PBXBuildFile; fileRef = F0ADC3A51CC5BE3A009DBB53 /* AFSecurityPolicy.m */; };
		F0ADC45A1CC5BE3B009DBB53 /* AFURLRequestSerialization.m in Sources */ = {isa = PBXBuildFile; fileRef = F0ADC3A71CC5BE3A009DBB53 /* AFURLRequestSerialization.m */; };
		F0ADC45B1CC5BE3B009DBB53 /* AFURLResponseSerialization.m in Sources */ = {isa = PBXBuildFile; fileRef = F0ADC3A91CC5BE3A009DBB53 /* AFURLResponseSerialization.m */; };
		F0ADC45C1CC5BE3B009DBB53 /* AFURLSessionManager.m in Sources */ = {isa = PBXBuildFile; fileRef = F0ADC3AB1CC5BE3A009DBB53 /* AFURLSessionManager.m */; };
		F0ADC45D1CC5BE3B009DBB53 /* BUIControl.m in Sources */ = {isa = PBXBuildFile; fileRef = F0ADC3AF1CC5BE3B009DBB53 /* BUIControl.m */; };
		F0ADC45E1CC5BE3B009DBB53 /* BUIView.m in Sources */ = {isa = PBXBuildFile; fileRef = F0ADC3B11CC5BE3B009DBB53 /* BUIView.m */; };
		F0ADC45F1CC5BE3B009DBB53 /* ZXObject.m in Sources */ = {isa = PBXBuildFile; fileRef = F0ADC3B31CC5BE3B009DBB53 /* ZXObject.m */; };
		F0ADC4601CC5BE3B009DBB53 /* Info.plist in Resources */ = {isa = PBXBuildFile; fileRef = F0ADC3B51CC5BE3B009DBB53 /* Info.plist */; };
		F0ADC4611CC5BE3B009DBB53 /* MASCompositeConstraint.m in Sources */ = {isa = PBXBuildFile; fileRef = F0ADC3B71CC5BE3B009DBB53 /* MASCompositeConstraint.m */; };
		F0ADC4621CC5BE3B009DBB53 /* MASConstraint.m in Sources */ = {isa = PBXBuildFile; fileRef = F0ADC3BA1CC5BE3B009DBB53 /* MASConstraint.m */; };
		F0ADC4631CC5BE3B009DBB53 /* MASConstraintMaker.m in Sources */ = {isa = PBXBuildFile; fileRef = F0ADC3BC1CC5BE3B009DBB53 /* MASConstraintMaker.m */; };
		F0ADC4641CC5BE3B009DBB53 /* MASLayoutConstraint.m in Sources */ = {isa = PBXBuildFile; fileRef = F0ADC3BE1CC5BE3B009DBB53 /* MASLayoutConstraint.m */; };
		F0ADC4651CC5BE3B009DBB53 /* MASViewAttribute.m in Sources */ = {isa = PBXBuildFile; fileRef = F0ADC3C21CC5BE3B009DBB53 /* MASViewAttribute.m */; };
		F0ADC4661CC5BE3B009DBB53 /* MASViewConstraint.m in Sources */ = {isa = PBXBuildFile; fileRef = F0ADC3C41CC5BE3B009DBB53 /* MASViewConstraint.m */; };
		F0ADC4671CC5BE3B009DBB53 /* NSArray+MASAdditions.m in Sources */ = {isa = PBXBuildFile; fileRef = F0ADC3C61CC5BE3B009DBB53 /* NSArray+MASAdditions.m */; };
		F0ADC4681CC5BE3B009DBB53 /* NSLayoutConstraint+MASDebugAdditions.m in Sources */ = {isa = PBXBuildFile; fileRef = F0ADC3C91CC5BE3B009DBB53 /* NSLayoutConstraint+MASDebugAdditions.m */; };
		F0ADC4691CC5BE3B009DBB53 /* View+MASAdditions.m in Sources */ = {isa = PBXBuildFile; fileRef = F0ADC3CB1CC5BE3B009DBB53 /* View+MASAdditions.m */; };
		F0ADC46A1CC5BE3B009DBB53 /* ViewController+MASAdditions.m in Sources */ = {isa = PBXBuildFile; fileRef = F0ADC3CE1CC5BE3B009DBB53 /* ViewController+MASAdditions.m */; };
		F0ADC46B1CC5BE3B009DBB53 /* MBProgressHUD.m in Sources */ = {isa = PBXBuildFile; fileRef = F0ADC3D11CC5BE3B009DBB53 /* MBProgressHUD.m */; };
		F0ADC46C1CC5BE3B009DBB53 /* NSAlert+MKNetworkKitAdditions.m in Sources */ = {isa = PBXBuildFile; fileRef = F0ADC3D51CC5BE3B009DBB53 /* NSAlert+MKNetworkKitAdditions.m */; };
		F0ADC46D1CC5BE3B009DBB53 /* NSData+MKBase64.m in Sources */ = {isa = PBXBuildFile; fileRef = F0ADC3D71CC5BE3B009DBB53 /* NSData+MKBase64.m */; };
		F0ADC46E1CC5BE3B009DBB53 /* NSDate+RFC1123.m in Sources */ = {isa = PBXBuildFile; fileRef = F0ADC3D91CC5BE3B009DBB53 /* NSDate+RFC1123.m */; };
		F0ADC46F1CC5BE3B009DBB53 /* NSDictionary+RequestEncoding.m in Sources */ = {isa = PBXBuildFile; fileRef = F0ADC3DB1CC5BE3B009DBB53 /* NSDictionary+RequestEncoding.m */; };
		F0ADC4701CC5BE3B009DBB53 /* NSString+MKNetworkKitAdditions.m in Sources */ = {isa = PBXBuildFile; fileRef = F0ADC3DD1CC5BE3B009DBB53 /* NSString+MKNetworkKitAdditions.m */; };
		F0ADC4711CC5BE3B009DBB53 /* UIAlertView+MKNetworkKitAdditions.m in Sources */ = {isa = PBXBuildFile; fileRef = F0ADC3DF1CC5BE3B009DBB53 /* UIAlertView+MKNetworkKitAdditions.m */; };
		F0ADC4721CC5BE3B009DBB53 /* UIImageView+MKNetworkKitAdditions.m in Sources */ = {isa = PBXBuildFile; fileRef = F0ADC3E11CC5BE3B009DBB53 /* UIImageView+MKNetworkKitAdditions.m */; };
		F0ADC4731CC5BE3B009DBB53 /* MKNetworkEngine.m in Sources */ = {isa = PBXBuildFile; fileRef = F0ADC3E31CC5BE3B009DBB53 /* MKNetworkEngine.m */; };
		F0ADC4741CC5BE3B009DBB53 /* MKNetworkOperation.m in Sources */ = {isa = PBXBuildFile; fileRef = F0ADC3E61CC5BE3B009DBB53 /* MKNetworkOperation.m */; };
		F0ADC4751CC5BE3B009DBB53 /* Reachability.m in Sources */ = {isa = PBXBuildFile; fileRef = F0ADC3E91CC5BE3B009DBB53 /* Reachability.m */; };
		F0ADC4761CC5BE3B009DBB53 /* QBAssetsCollectionCheckmarkView.m in Sources */ = {isa = PBXBuildFile; fileRef = F0ADC3EC1CC5BE3B009DBB53 /* QBAssetsCollectionCheckmarkView.m */; };
		F0ADC4771CC5BE3B009DBB53 /* QBAssetsCollectionFooterView.m in Sources */ = {isa = PBXBuildFile; fileRef = F0ADC3EE1CC5BE3B009DBB53 /* QBAssetsCollectionFooterView.m */; };
		F0ADC4781CC5BE3B009DBB53 /* QBAssetsCollectionOverlayView.m in Sources */ = {isa = PBXBuildFile; fileRef = F0ADC3F01CC5BE3B009DBB53 /* QBAssetsCollectionOverlayView.m */; };
		F0ADC4791CC5BE3B009DBB53 /* QBAssetsCollectionViewCell.m in Sources */ = {isa = PBXBuildFile; fileRef = F0ADC3F21CC5BE3B009DBB53 /* QBAssetsCollectionViewCell.m */; };
		F0ADC47A1CC5BE3B009DBB53 /* QBAssetsCollectionViewController.m in Sources */ = {isa = PBXBuildFile; fileRef = F0ADC3F41CC5BE3B009DBB53 /* QBAssetsCollectionViewController.m */; };
		F0ADC47B1CC5BE3B009DBB53 /* QBAssetsCollectionViewLayout.m in Sources */ = {isa = PBXBuildFile; fileRef = F0ADC3F61CC5BE3B009DBB53 /* QBAssetsCollectionViewLayout.m */; };
		F0ADC47C1CC5BE3B009DBB53 /* QBImagePickerController.m in Sources */ = {isa = PBXBuildFile; fileRef = F0ADC3F81CC5BE3B009DBB53 /* QBImagePickerController.m */; };
		F0ADC47D1CC5BE3B009DBB53 /* QBImagePickerGroupCell.m in Sources */ = {isa = PBXBuildFile; fileRef = F0ADC3FA1CC5BE3B009DBB53 /* QBImagePickerGroupCell.m */; };
		F0ADC47E1CC5BE3B009DBB53 /* QBImagePickerThumbnailView.m in Sources */ = {isa = PBXBuildFile; fileRef = F0ADC3FC1CC5BE3B009DBB53 /* QBImagePickerThumbnailView.m */; };
		F0ADC47F1CC5BE3B009DBB53 /* QBImagePickerController.strings in Resources */ = {isa = PBXBuildFile; fileRef = F0ADC3FE1CC5BE3B009DBB53 /* QBImagePickerController.strings */; };
		F0ADC4801CC5BE3B009DBB53 /* NSArray+ ZXPUnicode.m in Sources */ = {isa = PBXBuildFile; fileRef = F0ADC4031CC5BE3B009DBB53 /* NSArray+ ZXPUnicode.m */; };
		F0ADC4811CC5BE3B009DBB53 /* NSDictionary+ZXPUnicode.m in Sources */ = {isa = PBXBuildFile; fileRef = F0ADC4061CC5BE3B009DBB53 /* NSDictionary+ZXPUnicode.m */; };
		F0ADC4821CC5BE3B009DBB53 /* NSObject+ZXPUnicode.m in Sources */ = {isa = PBXBuildFile; fileRef = F0ADC4081CC5BE3B009DBB53 /* NSObject+ZXPUnicode.m */; };
		F0ADC4831CC5BE3B009DBB53 /* AccountUtil.m in Sources */ = {isa = PBXBuildFile; fileRef = F0ADC40B1CC5BE3B009DBB53 /* AccountUtil.m */; };
		F0ADC4851CC5BE3B009DBB53 /* YPDateUtil.m in Sources */ = {isa = PBXBuildFile; fileRef = F0ADC40F1CC5BE3B009DBB53 /* YPDateUtil.m */; };
		F0ADC4861CC5BE3B009DBB53 /* YPFileUtil.m in Sources */ = {isa = PBXBuildFile; fileRef = F0ADC4111CC5BE3B009DBB53 /* YPFileUtil.m */; };
		F0ADC4871CC5BE3B009DBB53 /* YPHttpEngine.m in Sources */ = {isa = PBXBuildFile; fileRef = F0ADC4131CC5BE3B009DBB53 /* YPHttpEngine.m */; };
		F0ADC4881CC5BE3B009DBB53 /* YPHttpUtil.m in Sources */ = {isa = PBXBuildFile; fileRef = F0ADC4151CC5BE3B009DBB53 /* YPHttpUtil.m */; };
		F0ADC4891CC5BE3B009DBB53 /* YPImagePicker.m in Sources */ = {isa = PBXBuildFile; fileRef = F0ADC4171CC5BE3B009DBB53 /* YPImagePicker.m */; };
		F0ADC48A1CC5BE3B009DBB53 /* YPNativeUtil.m in Sources */ = {isa = PBXBuildFile; fileRef = F0ADC4191CC5BE3B009DBB53 /* YPNativeUtil.m */; };
		F0B510911C34D4410082A252 /* Foundation.framework in Frameworks */ = {isa = PBXBuildFile; fileRef = F0B510901C34D4410082A252 /* Foundation.framework */; };
/* End PBXBuildFile section */

/* Begin PBXContainerItemProxy section */
		F009E3951B7C414300D80FD5 /* PBXContainerItemProxy */ = {
			isa = PBXContainerItemProxy;
			containerPortal = F009E3731B7C414300D80FD5 /* Project object */;
			proxyType = 1;
			remoteGlobalIDString = F009E37A1B7C414300D80FD5;
			remoteInfo = YPKit;
		};
/* End PBXContainerItemProxy section */

/* Begin PBXFileReference section */
		F009E37B1B7C414300D80FD5 /* YPKit.app */ = {isa = PBXFileReference; explicitFileType = wrapper.application; includeInIndex = 0; path = YPKit.app; sourceTree = BUILT_PRODUCTS_DIR; };
		F009E3941B7C414300D80FD5 /* YPKitTests.xctest */ = {isa = PBXFileReference; explicitFileType = wrapper.cfbundle; includeInIndex = 0; path = YPKitTests.xctest; sourceTree = BUILT_PRODUCTS_DIR; };
		F009E3991B7C414300D80FD5 /* Info.plist */ = {isa = PBXFileReference; lastKnownFileType = text.plist.xml; path = Info.plist; sourceTree = "<group>"; };
		F009E39A1B7C414300D80FD5 /* YPKitTests.m */ = {isa = PBXFileReference; lastKnownFileType = sourcecode.c.objc; path = YPKitTests.m; sourceTree = "<group>"; };
		F0ADC3221CC5BE3A009DBB53 /* AppDelegate.h */ = {isa = PBXFileReference; fileEncoding = 4; lastKnownFileType = sourcecode.c.h; path = AppDelegate.h; sourceTree = "<group>"; };
		F0ADC3231CC5BE3A009DBB53 /* AppDelegate.m */ = {isa = PBXFileReference; fileEncoding = 4; lastKnownFileType = sourcecode.c.objc; path = AppDelegate.m; sourceTree = "<group>"; };
		F0ADC3241CC5BE3A009DBB53 /* AutoLayoutCell.h */ = {isa = PBXFileReference; fileEncoding = 4; lastKnownFileType = sourcecode.c.h; path = AutoLayoutCell.h; sourceTree = "<group>"; };
		F0ADC3251CC5BE3A009DBB53 /* AutoLayoutCell.m */ = {isa = PBXFileReference; fileEncoding = 4; lastKnownFileType = sourcecode.c.objc; path = AutoLayoutCell.m; sourceTree = "<group>"; };
		F0ADC3261CC5BE3A009DBB53 /* AutoLayoutCell.xib */ = {isa = PBXFileReference; fileEncoding = 4; lastKnownFileType = file.xib; path = AutoLayoutCell.xib; sourceTree = "<group>"; };
		F0ADC3271CC5BE3A009DBB53 /* AutoLayoutCellController.h */ = {isa = PBXFileReference; fileEncoding = 4; lastKnownFileType = sourcecode.c.h; path = AutoLayoutCellController.h; sourceTree = "<group>"; };
		F0ADC3281CC5BE3A009DBB53 /* AutoLayoutCellController.m */ = {isa = PBXFileReference; fileEncoding = 4; lastKnownFileType = sourcecode.c.objc; path = AutoLayoutCellController.m; sourceTree = "<group>"; };
		F0ADC3291CC5BE3A009DBB53 /* AutoLayoutCellController.xib */ = {isa = PBXFileReference; fileEncoding = 4; lastKnownFileType = file.xib; path = AutoLayoutCellController.xib; sourceTree = "<group>"; };
		F0ADC32B1CC5BE3A009DBB53 /* Base */ = {isa = PBXFileReference; lastKnownFileType = file.xib; name = Base; path = Base.lproj/LaunchScreen.xib; sourceTree = "<group>"; };
		F0ADC32C1CC5BE3A009DBB53 /* icon_arrow_light@2x.png */ = {isa = PBXFileReference; lastKnownFileType = image.png; path = "icon_arrow_light@2x.png"; sourceTree = "<group>"; };
		F0ADC32D1CC5BE3A009DBB53 /* icon_discovery_joined@2x.png */ = {isa = PBXFileReference; lastKnownFileType = image.png; path = "icon_discovery_joined@2x.png"; sourceTree = "<group>"; };
		F0ADC32E1CC5BE3A009DBB53 /* Images.xcassets */ = {isa = PBXFileReference; lastKnownFileType = folder.assetcatalog; path = Images.xcassets; sourceTree = "<group>"; };
		F0ADC32F1CC5BE3A009DBB53 /* Info.plist */ = {isa = PBXFileReference; fileEncoding = 4; lastKnownFileType = text.plist.xml; path = Info.plist; sourceTree = "<group>"; };
		F0ADC3301CC5BE3A009DBB53 /* main.m */ = {isa = PBXFileReference; fileEncoding = 4; lastKnownFileType = sourcecode.c.objc; path = main.m; sourceTree = "<group>"; };
		F0ADC3311CC5BE3A009DBB53 /* RootController.h */ = {isa = PBXFileReference; fileEncoding = 4; lastKnownFileType = sourcecode.c.h; path = RootController.h; sourceTree = "<group>"; };
		F0ADC3321CC5BE3A009DBB53 /* RootController.m */ = {isa = PBXFileReference; fileEncoding = 4; lastKnownFileType = sourcecode.c.objc; path = RootController.m; sourceTree = "<group>"; };
		F0ADC3331CC5BE3A009DBB53 /* test.txt */ = {isa = PBXFileReference; fileEncoding = 4; lastKnownFileType = text; path = test.txt; sourceTree = "<group>"; };
		F0ADC3361CC5BE3A009DBB53 /* UITableView+FDIndexPathHeightCache.h */ = {isa = PBXFileReference; fileEncoding = 4; lastKnownFileType = sourcecode.c.h; path = "UITableView+FDIndexPathHeightCache.h"; sourceTree = "<group>"; };
		F0ADC3371CC5BE3A009DBB53 /* UITableView+FDIndexPathHeightCache.m */ = {isa = PBXFileReference; fileEncoding = 4; lastKnownFileType = sourcecode.c.objc; path = "UITableView+FDIndexPathHeightCache.m"; sourceTree = "<group>"; };
		F0ADC3381CC5BE3A009DBB53 /* UITableView+FDKeyedHeightCache.h */ = {isa = PBXFileReference; fileEncoding = 4; lastKnownFileType = sourcecode.c.h; path = "UITableView+FDKeyedHeightCache.h"; sourceTree = "<group>"; };
		F0ADC3391CC5BE3A009DBB53 /* UITableView+FDKeyedHeightCache.m */ = {isa = PBXFileReference; fileEncoding = 4; lastKnownFileType = sourcecode.c.objc; path = "UITableView+FDKeyedHeightCache.m"; sourceTree = "<group>"; };
		F0ADC33A1CC5BE3A009DBB53 /* UITableView+FDTemplateLayoutCell.h */ = {isa = PBXFileReference; fileEncoding = 4; lastKnownFileType = sourcecode.c.h; path = "UITableView+FDTemplateLayoutCell.h"; sourceTree = "<group>"; };
		F0ADC33B1CC5BE3A009DBB53 /* UITableView+FDTemplateLayoutCell.m */ = {isa = PBXFileReference; fileEncoding = 4; lastKnownFileType = sourcecode.c.objc; path = "UITableView+FDTemplateLayoutCell.m"; sourceTree = "<group>"; };
		F0ADC33C1CC5BE3A009DBB53 /* UITableView+FDTemplateLayoutCellDebug.h */ = {isa = PBXFileReference; fileEncoding = 4; lastKnownFileType = sourcecode.c.h; path = "UITableView+FDTemplateLayoutCellDebug.h"; sourceTree = "<group>"; };
		F0ADC33D1CC5BE3A009DBB53 /* UITableView+FDTemplateLayoutCellDebug.m */ = {isa = PBXFileReference; fileEncoding = 4; lastKnownFileType = sourcecode.c.objc; path = "UITableView+FDTemplateLayoutCellDebug.m"; sourceTree = "<group>"; };
		F0ADC33E1CC5BE3A009DBB53 /* ViewController.h */ = {isa = PBXFileReference; fileEncoding = 4; lastKnownFileType = sourcecode.c.h; path = ViewController.h; sourceTree = "<group>"; };
		F0ADC33F1CC5BE3A009DBB53 /* ViewController.m */ = {isa = PBXFileReference; fileEncoding = 4; lastKnownFileType = sourcecode.c.objc; path = ViewController.m; sourceTree = "<group>"; };
		F0ADC3401CC5BE3A009DBB53 /* WebViewController.h */ = {isa = PBXFileReference; fileEncoding = 4; lastKnownFileType = sourcecode.c.h; path = WebViewController.h; sourceTree = "<group>"; };
		F0ADC3411CC5BE3A009DBB53 /* WebViewController.m */ = {isa = PBXFileReference; fileEncoding = 4; lastKnownFileType = sourcecode.c.objc; path = WebViewController.m; sourceTree = "<group>"; };
		F0ADC3421CC5BE3A009DBB53 /* WebViewController.xib */ = {isa = PBXFileReference; fileEncoding = 4; lastKnownFileType = file.xib; path = WebViewController.xib; sourceTree = "<group>"; };
		F0ADC3431CC5BE3A009DBB53 /* YPDateUtilController.h */ = {isa = PBXFileReference; fileEncoding = 4; lastKnownFileType = sourcecode.c.h; path = YPDateUtilController.h; sourceTree = "<group>"; };
		F0ADC3441CC5BE3A009DBB53 /* YPDateUtilController.m */ = {isa = PBXFileReference; fileEncoding = 4; lastKnownFileType = sourcecode.c.objc; path = YPDateUtilController.m; sourceTree = "<group>"; };
		F0ADC3451CC5BE3A009DBB53 /* YPDateUtilController.xib */ = {isa = PBXFileReference; fileEncoding = 4; lastKnownFileType = file.xib; path = YPDateUtilController.xib; sourceTree = "<group>"; };
		F0ADC3461CC5BE3A009DBB53 /* YPKit-Prefix.pch */ = {isa = PBXFileReference; fileEncoding = 4; lastKnownFileType = sourcecode.c.h; path = "YPKit-Prefix.pch"; sourceTree = "<group>"; };
		F0ADC3471CC5BE3A009DBB53 /* YPTextViewController.h */ = {isa = PBXFileReference; fileEncoding = 4; lastKnownFileType = sourcecode.c.h; path = YPTextViewController.h; sourceTree = "<group>"; };
		F0ADC3481CC5BE3A009DBB53 /* YPTextViewController.m */ = {isa = PBXFileReference; fileEncoding = 4; lastKnownFileType = sourcecode.c.objc; path = YPTextViewController.m; sourceTree = "<group>"; };
		F0ADC3491CC5BE3A009DBB53 /* YPTextViewController.xib */ = {isa = PBXFileReference; fileEncoding = 4; lastKnownFileType = file.xib; path = YPTextViewController.xib; sourceTree = "<group>"; };
		F0ADC34C1CC5BE3A009DBB53 /* YPBaseCollectionViewController.h */ = {isa = PBXFileReference; fileEncoding = 4; lastKnownFileType = sourcecode.c.h; path = YPBaseCollectionViewController.h; sourceTree = "<group>"; };
		F0ADC34D1CC5BE3A009DBB53 /* YPBaseCollectionViewController.m */ = {isa = PBXFileReference; fileEncoding = 4; lastKnownFileType = sourcecode.c.objc; path = YPBaseCollectionViewController.m; sourceTree = "<group>"; };
		F0ADC34E1CC5BE3A009DBB53 /* YPBaseSegmentedController.h */ = {isa = PBXFileReference; fileEncoding = 4; lastKnownFileType = sourcecode.c.h; path = YPBaseSegmentedController.h; sourceTree = "<group>"; };
		F0ADC34F1CC5BE3A009DBB53 /* YPBaseSegmentedController.m */ = {isa = PBXFileReference; fileEncoding = 4; lastKnownFileType = sourcecode.c.objc; path = YPBaseSegmentedController.m; sourceTree = "<group>"; };
		F0ADC3501CC5BE3A009DBB53 /* YPBaseTableViewController.h */ = {isa = PBXFileReference; fileEncoding = 4; lastKnownFileType = sourcecode.c.h; path = YPBaseTableViewController.h; sourceTree = "<group>"; };
		F0ADC3511CC5BE3A009DBB53 /* YPBaseTableViewController.m */ = {isa = PBXFileReference; fileEncoding = 4; lastKnownFileType = sourcecode.c.objc; path = YPBaseTableViewController.m; sourceTree = "<group>"; };
		F0ADC3521CC5BE3A009DBB53 /* YPBaseViewController.h */ = {isa = PBXFileReference; fileEncoding = 4; lastKnownFileType = sourcecode.c.h; path = YPBaseViewController.h; sourceTree = "<group>"; };
		F0ADC3531CC5BE3A009DBB53 /* YPBaseViewController.m */ = {isa = PBXFileReference; fileEncoding = 4; lastKnownFileType = sourcecode.c.objc; path = YPBaseViewController.m; sourceTree = "<group>"; };
		F0ADC3541CC5BE3A009DBB53 /* YPTableViewController.h */ = {isa = PBXFileReference; fileEncoding = 4; lastKnownFileType = sourcecode.c.h; path = YPTableViewController.h; sourceTree = "<group>"; };
		F0ADC3551CC5BE3A009DBB53 /* YPTableViewController.m */ = {isa = PBXFileReference; fileEncoding = 4; lastKnownFileType = sourcecode.c.objc; path = YPTableViewController.m; sourceTree = "<group>"; };
		F0ADC3571CC5BE3A009DBB53 /* CALayer+YPKit.h */ = {isa = PBXFileReference; fileEncoding = 4; lastKnownFileType = sourcecode.c.h; path = "CALayer+YPKit.h"; sourceTree = "<group>"; };
		F0ADC3581CC5BE3A009DBB53 /* CALayer+YPKit.m */ = {isa = PBXFileReference; fileEncoding = 4; lastKnownFileType = sourcecode.c.objc; path = "CALayer+YPKit.m"; sourceTree = "<group>"; };
		F0ADC3591CC5BE3A009DBB53 /* NSArray+YPKit.h */ = {isa = PBXFileReference; fileEncoding = 4; lastKnownFileType = sourcecode.c.h; path = "NSArray+YPKit.h"; sourceTree = "<group>"; };
		F0ADC35A1CC5BE3A009DBB53 /* NSArray+YPKit.m */ = {isa = PBXFileReference; fileEncoding = 4; lastKnownFileType = sourcecode.c.objc; path = "NSArray+YPKit.m"; sourceTree = "<group>"; };
		F0ADC35B1CC5BE3A009DBB53 /* NSAttributedString+YPKit.h */ = {isa = PBXFileReference; fileEncoding = 4; lastKnownFileType = sourcecode.c.h; path = "NSAttributedString+YPKit.h"; sourceTree = "<group>"; };
		F0ADC35C1CC5BE3A009DBB53 /* NSAttributedString+YPKit.m */ = {isa = PBXFileReference; fileEncoding = 4; lastKnownFileType = sourcecode.c.objc; path = "NSAttributedString+YPKit.m"; sourceTree = "<group>"; };
		F0ADC35D1CC5BE3A009DBB53 /* NSDictionary+YPKit.h */ = {isa = PBXFileReference; fileEncoding = 4; lastKnownFileType = sourcecode.c.h; path = "NSDictionary+YPKit.h"; sourceTree = "<group>"; };
		F0ADC35E1CC5BE3A009DBB53 /* NSDictionary+YPKit.m */ = {isa = PBXFileReference; fileEncoding = 4; lastKnownFileType = sourcecode.c.objc; path = "NSDictionary+YPKit.m"; sourceTree = "<group>"; };
		F0ADC35F1CC5BE3A009DBB53 /* NSMutableAttributedString+YPKit.h */ = {isa = PBXFileReference; fileEncoding = 4; lastKnownFileType = sourcecode.c.h; path = "NSMutableAttributedString+YPKit.h"; sourceTree = "<group>"; };
		F0ADC3601CC5BE3A009DBB53 /* NSMutableAttributedString+YPKit.m */ = {isa = PBXFileReference; fileEncoding = 4; lastKnownFileType = sourcecode.c.objc; path = "NSMutableAttributedString+YPKit.m"; sourceTree = "<group>"; };
		F0ADC3611CC5BE3A009DBB53 /* NSNumber+YPKit.h */ = {isa = PBXFileReference; fileEncoding = 4; lastKnownFileType = sourcecode.c.h; path = "NSNumber+YPKit.h"; sourceTree = "<group>"; };
		F0ADC3621CC5BE3A009DBB53 /* NSNumber+YPKit.m */ = {isa = PBXFileReference; fileEncoding = 4; lastKnownFileType = sourcecode.c.objc; path = "NSNumber+YPKit.m"; sourceTree = "<group>"; };
		F0ADC3631CC5BE3A009DBB53 /* NSObject+YPKit.h */ = {isa = PBXFileReference; fileEncoding = 4; lastKnownFileType = sourcecode.c.h; path = "NSObject+YPKit.h"; sourceTree = "<group>"; };
		F0ADC3641CC5BE3A009DBB53 /* NSObject+YPKit.m */ = {isa = PBXFileReference; fileEncoding = 4; lastKnownFileType = sourcecode.c.objc; path = "NSObject+YPKit.m"; sourceTree = "<group>"; };
		F0ADC3651CC5BE3A009DBB53 /* NSSet+YPKit.h */ = {isa = PBXFileReference; fileEncoding = 4; lastKnownFileType = sourcecode.c.h; path = "NSSet+YPKit.h"; sourceTree = "<group>"; };
		F0ADC3661CC5BE3A009DBB53 /* NSSet+YPKit.m */ = {isa = PBXFileReference; fileEncoding = 4; lastKnownFileType = sourcecode.c.objc; path = "NSSet+YPKit.m"; sourceTree = "<group>"; };
		F0ADC3671CC5BE3A009DBB53 /* NSString+YPKit.h */ = {isa = PBXFileReference; fileEncoding = 4; lastKnownFileType = sourcecode.c.h; path = "NSString+YPKit.h"; sourceTree = "<group>"; };
		F0ADC3681CC5BE3A009DBB53 /* NSString+YPKit.m */ = {isa = PBXFileReference; fileEncoding = 4; lastKnownFileType = sourcecode.c.objc; path = "NSString+YPKit.m"; sourceTree = "<group>"; };
		F0ADC3691CC5BE3A009DBB53 /* UIAlertView+YPKit.h */ = {isa = PBXFileReference; fileEncoding = 4; lastKnownFileType = sourcecode.c.h; path = "UIAlertView+YPKit.h"; sourceTree = "<group>"; };
		F0ADC36A1CC5BE3A009DBB53 /* UIAlertView+YPKit.m */ = {isa = PBXFileReference; fileEncoding = 4; lastKnownFileType = sourcecode.c.objc; path = "UIAlertView+YPKit.m"; sourceTree = "<group>"; };
		F0ADC36B1CC5BE3A009DBB53 /* UIButton+YPKit.h */ = {isa = PBXFileReference; fileEncoding = 4; lastKnownFileType = sourcecode.c.h; path = "UIButton+YPKit.h"; sourceTree = "<group>"; };
		F0ADC36C1CC5BE3A009DBB53 /* UIButton+YPKit.m */ = {isa = PBXFileReference; fileEncoding = 4; lastKnownFileType = sourcecode.c.objc; path = "UIButton+YPKit.m"; sourceTree = "<group>"; };
		F0ADC36D1CC5BE3A009DBB53 /* UIImage+YPKit.h */ = {isa = PBXFileReference; fileEncoding = 4; lastKnownFileType = sourcecode.c.h; path = "UIImage+YPKit.h"; sourceTree = "<group>"; };
		F0ADC36E1CC5BE3A009DBB53 /* UIImage+YPKit.m */ = {isa = PBXFileReference; fileEncoding = 4; lastKnownFileType = sourcecode.c.objc; path = "UIImage+YPKit.m"; sourceTree = "<group>"; };
		F0ADC36F1CC5BE3A009DBB53 /* UILabel+YPKit.h */ = {isa = PBXFileReference; fileEncoding = 4; lastKnownFileType = sourcecode.c.h; path = "UILabel+YPKit.h"; sourceTree = "<group>"; };
		F0ADC3701CC5BE3A009DBB53 /* UILabel+YPKit.m */ = {isa = PBXFileReference; fileEncoding = 4; lastKnownFileType = sourcecode.c.objc; path = "UILabel+YPKit.m"; sourceTree = "<group>"; };
		F0ADC3711CC5BE3A009DBB53 /* UITableView+YPKit.h */ = {isa = PBXFileReference; fileEncoding = 4; lastKnownFileType = sourcecode.c.h; path = "UITableView+YPKit.h"; sourceTree = "<group>"; };
		F0ADC3721CC5BE3A009DBB53 /* UITableView+YPKit.m */ = {isa = PBXFileReference; fileEncoding = 4; lastKnownFileType = sourcecode.c.objc; path = "UITableView+YPKit.m"; sourceTree = "<group>"; };
		F0ADC3731CC5BE3A009DBB53 /* UITextField+YPKit.h */ = {isa = PBXFileReference; fileEncoding = 4; lastKnownFileType = sourcecode.c.h; path = "UITextField+YPKit.h"; sourceTree = "<group>"; };
		F0ADC3741CC5BE3A009DBB53 /* UITextField+YPKit.m */ = {isa = PBXFileReference; fileEncoding = 4; lastKnownFileType = sourcecode.c.objc; path = "UITextField+YPKit.m"; sourceTree = "<group>"; };
		F0ADC3751CC5BE3A009DBB53 /* UIView+YPKit.h */ = {isa = PBXFileReference; fileEncoding = 4; lastKnownFileType = sourcecode.c.h; path = "UIView+YPKit.h"; sourceTree = "<group>"; };
		F0ADC3761CC5BE3A009DBB53 /* UIView+YPKit.m */ = {isa = PBXFileReference; fileEncoding = 4; lastKnownFileType = sourcecode.c.objc; path = "UIView+YPKit.m"; sourceTree = "<group>"; };
		F0ADC3771CC5BE3A009DBB53 /* UIViewController+YPKit.h */ = {isa = PBXFileReference; fileEncoding = 4; lastKnownFileType = sourcecode.c.h; path = "UIViewController+YPKit.h"; sourceTree = "<group>"; };
		F0ADC3781CC5BE3A009DBB53 /* UIViewController+YPKit.m */ = {isa = PBXFileReference; fileEncoding = 4; lastKnownFileType = sourcecode.c.objc; path = "UIViewController+YPKit.m"; sourceTree = "<group>"; };
		F0ADC37B1CC5BE3A009DBB53 /* YPBadgeView.h */ = {isa = PBXFileReference; fileEncoding = 4; lastKnownFileType = sourcecode.c.h; path = YPBadgeView.h; sourceTree = "<group>"; };
		F0ADC37C1CC5BE3A009DBB53 /* YPBadgeView.m */ = {isa = PBXFileReference; fileEncoding = 4; lastKnownFileType = sourcecode.c.objc; path = YPBadgeView.m; sourceTree = "<group>"; };
		F0ADC37E1CC5BE3A009DBB53 /* YPBaseUpwardsView.h */ = {isa = PBXFileReference; fileEncoding = 4; lastKnownFileType = sourcecode.c.h; path = YPBaseUpwardsView.h; sourceTree = "<group>"; };
		F0ADC37F1CC5BE3A009DBB53 /* YPBaseUpwardsView.m */ = {isa = PBXFileReference; fileEncoding = 4; lastKnownFileType = sourcecode.c.objc; path = YPBaseUpwardsView.m; sourceTree = "<group>"; };
		F0ADC3811CC5BE3A009DBB53 /* YPCheckBox.h */ = {isa = PBXFileReference; fileEncoding = 4; lastKnownFileType = sourcecode.c.h; path = YPCheckBox.h; sourceTree = "<group>"; };
		F0ADC3821CC5BE3A009DBB53 /* YPCheckBox.m */ = {isa = PBXFileReference; fileEncoding = 4; lastKnownFileType = sourcecode.c.objc; path = YPCheckBox.m; sourceTree = "<group>"; };
		F0ADC3841CC5BE3A009DBB53 /* YPControlLabel.h */ = {isa = PBXFileReference; fileEncoding = 4; lastKnownFileType = sourcecode.c.h; path = YPControlLabel.h; sourceTree = "<group>"; };
		F0ADC3851CC5BE3A009DBB53 /* YPControlLabel.m */ = {isa = PBXFileReference; fileEncoding = 4; lastKnownFileType = sourcecode.c.objc; path = YPControlLabel.m; sourceTree = "<group>"; };
		F0ADC3861CC5BE3A009DBB53 /* YPControlView.h */ = {isa = PBXFileReference; fileEncoding = 4; lastKnownFileType = sourcecode.c.h; path = YPControlView.h; sourceTree = "<group>"; };
		F0ADC3871CC5BE3A009DBB53 /* YPControlView.m */ = {isa = PBXFileReference; fileEncoding = 4; lastKnownFileType = sourcecode.c.objc; path = YPControlView.m; sourceTree = "<group>"; };
		F0ADC3891CC5BE3A009DBB53 /* YPPageView.h */ = {isa = PBXFileReference; fileEncoding = 4; lastKnownFileType = sourcecode.c.h; path = YPPageView.h; sourceTree = "<group>"; };
		F0ADC38A1CC5BE3A009DBB53 /* YPPageView.m */ = {isa = PBXFileReference; fileEncoding = 4; lastKnownFileType = sourcecode.c.objc; path = YPPageView.m; sourceTree = "<group>"; };
		F0ADC38B1CC5BE3A009DBB53 /* YPPageViewCell.h */ = {isa = PBXFileReference; fileEncoding = 4; lastKnownFileType = sourcecode.c.h; path = YPPageViewCell.h; sourceTree = "<group>"; };
		F0ADC38C1CC5BE3A009DBB53 /* YPPageViewCell.m */ = {isa = PBXFileReference; fileEncoding = 4; lastKnownFileType = sourcecode.c.objc; path = YPPageViewCell.m; sourceTree = "<group>"; };
		F0ADC38D1CC5BE3A009DBB53 /* YPPageViewCell.xib */ = {isa = PBXFileReference; fileEncoding = 4; lastKnownFileType = file.xib; path = YPPageViewCell.xib; sourceTree = "<group>"; };
		F0ADC38F1CC5BE3A009DBB53 /* YPUpwardsPicker.h */ = {isa = PBXFileReference; fileEncoding = 4; lastKnownFileType = sourcecode.c.h; path = YPUpwardsPicker.h; sourceTree = "<group>"; };
		F0ADC3901CC5BE3A009DBB53 /* YPUpwardsPicker.m */ = {isa = PBXFileReference; fileEncoding = 4; lastKnownFileType = sourcecode.c.objc; path = YPUpwardsPicker.m; sourceTree = "<group>"; };
		F0ADC3911CC5BE3A009DBB53 /* YPUpwardsPicker.xib */ = {isa = PBXFileReference; fileEncoding = 4; lastKnownFileType = file.xib; path = YPUpwardsPicker.xib; sourceTree = "<group>"; };
		F0ADC3931CC5BE3A009DBB53 /* YPSettingItem.h */ = {isa = PBXFileReference; fileEncoding = 4; lastKnownFileType = sourcecode.c.h; path = YPSettingItem.h; sourceTree = "<group>"; };
		F0ADC3941CC5BE3A009DBB53 /* YPSettingItem.m */ = {isa = PBXFileReference; fileEncoding = 4; lastKnownFileType = sourcecode.c.objc; path = YPSettingItem.m; sourceTree = "<group>"; };
		F0ADC3961CC5BE3A009DBB53 /* YPTagCloudView.h */ = {isa = PBXFileReference; fileEncoding = 4; lastKnownFileType = sourcecode.c.h; path = YPTagCloudView.h; sourceTree = "<group>"; };
		F0ADC3971CC5BE3A009DBB53 /* YPTagCloudView.m */ = {isa = PBXFileReference; fileEncoding = 4; lastKnownFileType = sourcecode.c.objc; path = YPTagCloudView.m; sourceTree = "<group>"; };
		F0ADC3991CC5BE3A009DBB53 /* YPPlaceHolderTextView.h */ = {isa = PBXFileReference; fileEncoding = 4; lastKnownFileType = sourcecode.c.h; path = YPPlaceHolderTextView.h; sourceTree = "<group>"; };
		F0ADC39A1CC5BE3A009DBB53 /* YPPlaceHolderTextView.m */ = {isa = PBXFileReference; fileEncoding = 4; lastKnownFileType = sourcecode.c.objc; path = YPPlaceHolderTextView.m; sourceTree = "<group>"; };
		F0ADC39B1CC5BE3A009DBB53 /* YPTextView.h */ = {isa = PBXFileReference; fileEncoding = 4; lastKnownFileType = sourcecode.c.h; path = YPTextView.h; sourceTree = "<group>"; };
		F0ADC39C1CC5BE3A009DBB53 /* YPTextView.m */ = {isa = PBXFileReference; fileEncoding = 4; lastKnownFileType = sourcecode.c.objc; path = YPTextView.m; sourceTree = "<group>"; };
		F0ADC39F1CC5BE3A009DBB53 /* AFHTTPSessionManager.h */ = {isa = PBXFileReference; fileEncoding = 4; lastKnownFileType = sourcecode.c.h; path = AFHTTPSessionManager.h; sourceTree = "<group>"; };
		F0ADC3A01CC5BE3A009DBB53 /* AFHTTPSessionManager.m */ = {isa = PBXFileReference; fileEncoding = 4; lastKnownFileType = sourcecode.c.objc; path = AFHTTPSessionManager.m; sourceTree = "<group>"; };
		F0ADC3A11CC5BE3A009DBB53 /* AFNetworking.h */ = {isa = PBXFileReference; fileEncoding = 4; lastKnownFileType = sourcecode.c.h; path = AFNetworking.h; sourceTree = "<group>"; };
		F0ADC3A21CC5BE3A009DBB53 /* AFNetworkReachabilityManager.h */ = {isa = PBXFileReference; fileEncoding = 4; lastKnownFileType = sourcecode.c.h; path = AFNetworkReachabilityManager.h; sourceTree = "<group>"; };
		F0ADC3A31CC5BE3A009DBB53 /* AFNetworkReachabilityManager.m */ = {isa = PBXFileReference; fileEncoding = 4; lastKnownFileType = sourcecode.c.objc; path = AFNetworkReachabilityManager.m; sourceTree = "<group>"; };
		F0ADC3A41CC5BE3A009DBB53 /* AFSecurityPolicy.h */ = {isa = PBXFileReference; fileEncoding = 4; lastKnownFileType = sourcecode.c.h; path = AFSecurityPolicy.h; sourceTree = "<group>"; };
		F0ADC3A51CC5BE3A009DBB53 /* AFSecurityPolicy.m */ = {isa = PBXFileReference; fileEncoding = 4; lastKnownFileType = sourcecode.c.objc; path = AFSecurityPolicy.m; sourceTree = "<group>"; };
		F0ADC3A61CC5BE3A009DBB53 /* AFURLRequestSerialization.h */ = {isa = PBXFileReference; fileEncoding = 4; lastKnownFileType = sourcecode.c.h; path = AFURLRequestSerialization.h; sourceTree = "<group>"; };
		F0ADC3A71CC5BE3A009DBB53 /* AFURLRequestSerialization.m */ = {isa = PBXFileReference; fileEncoding = 4; lastKnownFileType = sourcecode.c.objc; path = AFURLRequestSerialization.m; sourceTree = "<group>"; };
		F0ADC3A81CC5BE3A009DBB53 /* AFURLResponseSerialization.h */ = {isa = PBXFileReference; fileEncoding = 4; lastKnownFileType = sourcecode.c.h; path = AFURLResponseSerialization.h; sourceTree = "<group>"; };
		F0ADC3A91CC5BE3A009DBB53 /* AFURLResponseSerialization.m */ = {isa = PBXFileReference; fileEncoding = 4; lastKnownFileType = sourcecode.c.objc; path = AFURLResponseSerialization.m; sourceTree = "<group>"; };
		F0ADC3AA1CC5BE3A009DBB53 /* AFURLSessionManager.h */ = {isa = PBXFileReference; fileEncoding = 4; lastKnownFileType = sourcecode.c.h; path = AFURLSessionManager.h; sourceTree = "<group>"; };
		F0ADC3AB1CC5BE3A009DBB53 /* AFURLSessionManager.m */ = {isa = PBXFileReference; fileEncoding = 4; lastKnownFileType = sourcecode.c.objc; path = AFURLSessionManager.m; sourceTree = "<group>"; };
		F0ADC3AD1CC5BE3B009DBB53 /* BlockUI.h */ = {isa = PBXFileReference; fileEncoding = 4; lastKnownFileType = sourcecode.c.h; path = BlockUI.h; sourceTree = "<group>"; };
		F0ADC3AE1CC5BE3B009DBB53 /* BUIControl.h */ = {isa = PBXFileReference; fileEncoding = 4; lastKnownFileType = sourcecode.c.h; path = BUIControl.h; sourceTree = "<group>"; };
		F0ADC3AF1CC5BE3B009DBB53 /* BUIControl.m */ = {isa = PBXFileReference; fileEncoding = 4; lastKnownFileType = sourcecode.c.objc; path = BUIControl.m; sourceTree = "<group>"; };
		F0ADC3B01CC5BE3B009DBB53 /* BUIView.h */ = {isa = PBXFileReference; fileEncoding = 4; lastKnownFileType = sourcecode.c.h; path = BUIView.h; sourceTree = "<group>"; };
		F0ADC3B11CC5BE3B009DBB53 /* BUIView.m */ = {isa = PBXFileReference; fileEncoding = 4; lastKnownFileType = sourcecode.c.objc; path = BUIView.m; sourceTree = "<group>"; };
		F0ADC3B21CC5BE3B009DBB53 /* ZXObject.h */ = {isa = PBXFileReference; fileEncoding = 4; lastKnownFileType = sourcecode.c.h; path = ZXObject.h; sourceTree = "<group>"; };
		F0ADC3B31CC5BE3B009DBB53 /* ZXObject.m */ = {isa = PBXFileReference; fileEncoding = 4; lastKnownFileType = sourcecode.c.objc; path = ZXObject.m; sourceTree = "<group>"; };
		F0ADC3B51CC5BE3B009DBB53 /* Info.plist */ = {isa = PBXFileReference; fileEncoding = 4; lastKnownFileType = text.plist.xml; path = Info.plist; sourceTree = "<group>"; };
		F0ADC3B61CC5BE3B009DBB53 /* MASCompositeConstraint.h */ = {isa = PBXFileReference; fileEncoding = 4; lastKnownFileType = sourcecode.c.h; path = MASCompositeConstraint.h; sourceTree = "<group>"; };
		F0ADC3B71CC5BE3B009DBB53 /* MASCompositeConstraint.m */ = {isa = PBXFileReference; fileEncoding = 4; lastKnownFileType = sourcecode.c.objc; path = MASCompositeConstraint.m; sourceTree = "<group>"; };
		F0ADC3B81CC5BE3B009DBB53 /* MASConstraint+Private.h */ = {isa = PBXFileReference; fileEncoding = 4; lastKnownFileType = sourcecode.c.h; path = "MASConstraint+Private.h"; sourceTree = "<group>"; };
		F0ADC3B91CC5BE3B009DBB53 /* MASConstraint.h */ = {isa = PBXFileReference; fileEncoding = 4; lastKnownFileType = sourcecode.c.h; path = MASConstraint.h; sourceTree = "<group>"; };
		F0ADC3BA1CC5BE3B009DBB53 /* MASConstraint.m */ = {isa = PBXFileReference; fileEncoding = 4; lastKnownFileType = sourcecode.c.objc; path = MASConstraint.m; sourceTree = "<group>"; };
		F0ADC3BB1CC5BE3B009DBB53 /* MASConstraintMaker.h */ = {isa = PBXFileReference; fileEncoding = 4; lastKnownFileType = sourcecode.c.h; path = MASConstraintMaker.h; sourceTree = "<group>"; };
		F0ADC3BC1CC5BE3B009DBB53 /* MASConstraintMaker.m */ = {isa = PBXFileReference; fileEncoding = 4; lastKnownFileType = sourcecode.c.objc; path = MASConstraintMaker.m; sourceTree = "<group>"; };
		F0ADC3BD1CC5BE3B009DBB53 /* MASLayoutConstraint.h */ = {isa = PBXFileReference; fileEncoding = 4; lastKnownFileType = sourcecode.c.h; path = MASLayoutConstraint.h; sourceTree = "<group>"; };
		F0ADC3BE1CC5BE3B009DBB53 /* MASLayoutConstraint.m */ = {isa = PBXFileReference; fileEncoding = 4; lastKnownFileType = sourcecode.c.objc; path = MASLayoutConstraint.m; sourceTree = "<group>"; };
		F0ADC3BF1CC5BE3B009DBB53 /* Masonry.h */ = {isa = PBXFileReference; fileEncoding = 4; lastKnownFileType = sourcecode.c.h; path = Masonry.h; sourceTree = "<group>"; };
		F0ADC3C01CC5BE3B009DBB53 /* MASUtilities.h */ = {isa = PBXFileReference; fileEncoding = 4; lastKnownFileType = sourcecode.c.h; path = MASUtilities.h; sourceTree = "<group>"; };
		F0ADC3C11CC5BE3B009DBB53 /* MASViewAttribute.h */ = {isa = PBXFileReference; fileEncoding = 4; lastKnownFileType = sourcecode.c.h; path = MASViewAttribute.h; sourceTree = "<group>"; };
		F0ADC3C21CC5BE3B009DBB53 /* MASViewAttribute.m */ = {isa = PBXFileReference; fileEncoding = 4; lastKnownFileType = sourcecode.c.objc; path = MASViewAttribute.m; sourceTree = "<group>"; };
		F0ADC3C31CC5BE3B009DBB53 /* MASViewConstraint.h */ = {isa = PBXFileReference; fileEncoding = 4; lastKnownFileType = sourcecode.c.h; path = MASViewConstraint.h; sourceTree = "<group>"; };
		F0ADC3C41CC5BE3B009DBB53 /* MASViewConstraint.m */ = {isa = PBXFileReference; fileEncoding = 4; lastKnownFileType = sourcecode.c.objc; path = MASViewConstraint.m; sourceTree = "<group>"; };
		F0ADC3C51CC5BE3B009DBB53 /* NSArray+MASAdditions.h */ = {isa = PBXFileReference; fileEncoding = 4; lastKnownFileType = sourcecode.c.h; path = "NSArray+MASAdditions.h"; sourceTree = "<group>"; };
		F0ADC3C61CC5BE3B009DBB53 /* NSArray+MASAdditions.m */ = {isa = PBXFileReference; fileEncoding = 4; lastKnownFileType = sourcecode.c.objc; path = "NSArray+MASAdditions.m"; sourceTree = "<group>"; };
		F0ADC3C71CC5BE3B009DBB53 /* NSArray+MASShorthandAdditions.h */ = {isa = PBXFileReference; fileEncoding = 4; lastKnownFileType = sourcecode.c.h; path = "NSArray+MASShorthandAdditions.h"; sourceTree = "<group>"; };
		F0ADC3C81CC5BE3B009DBB53 /* NSLayoutConstraint+MASDebugAdditions.h */ = {isa = PBXFileReference; fileEncoding = 4; lastKnownFileType = sourcecode.c.h; path = "NSLayoutConstraint+MASDebugAdditions.h"; sourceTree = "<group>"; };
		F0ADC3C91CC5BE3B009DBB53 /* NSLayoutConstraint+MASDebugAdditions.m */ = {isa = PBXFileReference; fileEncoding = 4; lastKnownFileType = sourcecode.c.objc; path = "NSLayoutConstraint+MASDebugAdditions.m"; sourceTree = "<group>"; };
		F0ADC3CA1CC5BE3B009DBB53 /* View+MASAdditions.h */ = {isa = PBXFileReference; fileEncoding = 4; lastKnownFileType = sourcecode.c.h; path = "View+MASAdditions.h"; sourceTree = "<group>"; };
		F0ADC3CB1CC5BE3B009DBB53 /* View+MASAdditions.m */ = {isa = PBXFileReference; fileEncoding = 4; lastKnownFileType = sourcecode.c.objc; path = "View+MASAdditions.m"; sourceTree = "<group>"; };
		F0ADC3CC1CC5BE3B009DBB53 /* View+MASShorthandAdditions.h */ = {isa = PBXFileReference; fileEncoding = 4; lastKnownFileType = sourcecode.c.h; path = "View+MASShorthandAdditions.h"; sourceTree = "<group>"; };
		F0ADC3CD1CC5BE3B009DBB53 /* ViewController+MASAdditions.h */ = {isa = PBXFileReference; fileEncoding = 4; lastKnownFileType = sourcecode.c.h; path = "ViewController+MASAdditions.h"; sourceTree = "<group>"; };
		F0ADC3CE1CC5BE3B009DBB53 /* ViewController+MASAdditions.m */ = {isa = PBXFileReference; fileEncoding = 4; lastKnownFileType = sourcecode.c.objc; path = "ViewController+MASAdditions.m"; sourceTree = "<group>"; };
		F0ADC3D01CC5BE3B009DBB53 /* MBProgressHUD.h */ = {isa = PBXFileReference; fileEncoding = 4; lastKnownFileType = sourcecode.c.h; path = MBProgressHUD.h; sourceTree = "<group>"; };
		F0ADC3D11CC5BE3B009DBB53 /* MBProgressHUD.m */ = {isa = PBXFileReference; fileEncoding = 4; lastKnownFileType = sourcecode.c.objc; path = MBProgressHUD.m; sourceTree = "<group>"; };
		F0ADC3D41CC5BE3B009DBB53 /* NSAlert+MKNetworkKitAdditions.h */ = {isa = PBXFileReference; fileEncoding = 4; lastKnownFileType = sourcecode.c.h; path = "NSAlert+MKNetworkKitAdditions.h"; sourceTree = "<group>"; };
		F0ADC3D51CC5BE3B009DBB53 /* NSAlert+MKNetworkKitAdditions.m */ = {isa = PBXFileReference; fileEncoding = 4; lastKnownFileType = sourcecode.c.objc; path = "NSAlert+MKNetworkKitAdditions.m"; sourceTree = "<group>"; };
		F0ADC3D61CC5BE3B009DBB53 /* NSData+MKBase64.h */ = {isa = PBXFileReference; fileEncoding = 4; lastKnownFileType = sourcecode.c.h; path = "NSData+MKBase64.h"; sourceTree = "<group>"; };
		F0ADC3D71CC5BE3B009DBB53 /* NSData+MKBase64.m */ = {isa = PBXFileReference; fileEncoding = 4; lastKnownFileType = sourcecode.c.objc; path = "NSData+MKBase64.m"; sourceTree = "<group>"; };
		F0ADC3D81CC5BE3B009DBB53 /* NSDate+RFC1123.h */ = {isa = PBXFileReference; fileEncoding = 4; lastKnownFileType = sourcecode.c.h; path = "NSDate+RFC1123.h"; sourceTree = "<group>"; };
		F0ADC3D91CC5BE3B009DBB53 /* NSDate+RFC1123.m */ = {isa = PBXFileReference; fileEncoding = 4; lastKnownFileType = sourcecode.c.objc; path = "NSDate+RFC1123.m"; sourceTree = "<group>"; };
		F0ADC3DA1CC5BE3B009DBB53 /* NSDictionary+RequestEncoding.h */ = {isa = PBXFileReference; fileEncoding = 4; lastKnownFileType = sourcecode.c.h; path = "NSDictionary+RequestEncoding.h"; sourceTree = "<group>"; };
		F0ADC3DB1CC5BE3B009DBB53 /* NSDictionary+RequestEncoding.m */ = {isa = PBXFileReference; fileEncoding = 4; lastKnownFileType = sourcecode.c.objc; path = "NSDictionary+RequestEncoding.m"; sourceTree = "<group>"; };
		F0ADC3DC1CC5BE3B009DBB53 /* NSString+MKNetworkKitAdditions.h */ = {isa = PBXFileReference; fileEncoding = 4; lastKnownFileType = sourcecode.c.h; path = "NSString+MKNetworkKitAdditions.h"; sourceTree = "<group>"; };
		F0ADC3DD1CC5BE3B009DBB53 /* NSString+MKNetworkKitAdditions.m */ = {isa = PBXFileReference; fileEncoding = 4; lastKnownFileType = sourcecode.c.objc; path = "NSString+MKNetworkKitAdditions.m"; sourceTree = "<group>"; };
		F0ADC3DE1CC5BE3B009DBB53 /* UIAlertView+MKNetworkKitAdditions.h */ = {isa = PBXFileReference; fileEncoding = 4; lastKnownFileType = sourcecode.c.h; path = "UIAlertView+MKNetworkKitAdditions.h"; sourceTree = "<group>"; };
		F0ADC3DF1CC5BE3B009DBB53 /* UIAlertView+MKNetworkKitAdditions.m */ = {isa = PBXFileReference; fileEncoding = 4; lastKnownFileType = sourcecode.c.objc; path = "UIAlertView+MKNetworkKitAdditions.m"; sourceTree = "<group>"; };
		F0ADC3E01CC5BE3B009DBB53 /* UIImageView+MKNetworkKitAdditions.h */ = {isa = PBXFileReference; fileEncoding = 4; lastKnownFileType = sourcecode.c.h; path = "UIImageView+MKNetworkKitAdditions.h"; sourceTree = "<group>"; };
		F0ADC3E11CC5BE3B009DBB53 /* UIImageView+MKNetworkKitAdditions.m */ = {isa = PBXFileReference; fileEncoding = 4; lastKnownFileType = sourcecode.c.objc; path = "UIImageView+MKNetworkKitAdditions.m"; sourceTree = "<group>"; };
		F0ADC3E21CC5BE3B009DBB53 /* MKNetworkEngine.h */ = {isa = PBXFileReference; fileEncoding = 4; lastKnownFileType = sourcecode.c.h; path = MKNetworkEngine.h; sourceTree = "<group>"; };
		F0ADC3E31CC5BE3B009DBB53 /* MKNetworkEngine.m */ = {isa = PBXFileReference; fileEncoding = 4; lastKnownFileType = sourcecode.c.objc; path = MKNetworkEngine.m; sourceTree = "<group>"; };
		F0ADC3E41CC5BE3B009DBB53 /* MKNetworkKit.h */ = {isa = PBXFileReference; fileEncoding = 4; lastKnownFileType = sourcecode.c.h; path = MKNetworkKit.h; sourceTree = "<group>"; };
		F0ADC3E51CC5BE3B009DBB53 /* MKNetworkOperation.h */ = {isa = PBXFileReference; fileEncoding = 4; lastKnownFileType = sourcecode.c.h; path = MKNetworkOperation.h; sourceTree = "<group>"; };
		F0ADC3E61CC5BE3B009DBB53 /* MKNetworkOperation.m */ = {isa = PBXFileReference; fileEncoding = 4; lastKnownFileType = sourcecode.c.objc; path = MKNetworkOperation.m; sourceTree = "<group>"; };
		F0ADC3E81CC5BE3B009DBB53 /* Reachability.h */ = {isa = PBXFileReference; fileEncoding = 4; lastKnownFileType = sourcecode.c.h; path = Reachability.h; sourceTree = "<group>"; };
		F0ADC3E91CC5BE3B009DBB53 /* Reachability.m */ = {isa = PBXFileReference; fileEncoding = 4; lastKnownFileType = sourcecode.c.objc; path = Reachability.m; sourceTree = "<group>"; };
		F0ADC3EB1CC5BE3B009DBB53 /* QBAssetsCollectionCheckmarkView.h */ = {isa = PBXFileReference; fileEncoding = 4; lastKnownFileType = sourcecode.c.h; path = QBAssetsCollectionCheckmarkView.h; sourceTree = "<group>"; };
		F0ADC3EC1CC5BE3B009DBB53 /* QBAssetsCollectionCheckmarkView.m */ = {isa = PBXFileReference; fileEncoding = 4; lastKnownFileType = sourcecode.c.objc; path = QBAssetsCollectionCheckmarkView.m; sourceTree = "<group>"; };
		F0ADC3ED1CC5BE3B009DBB53 /* QBAssetsCollectionFooterView.h */ = {isa = PBXFileReference; fileEncoding = 4; lastKnownFileType = sourcecode.c.h; path = QBAssetsCollectionFooterView.h; sourceTree = "<group>"; };
		F0ADC3EE1CC5BE3B009DBB53 /* QBAssetsCollectionFooterView.m */ = {isa = PBXFileReference; fileEncoding = 4; lastKnownFileType = sourcecode.c.objc; path = QBAssetsCollectionFooterView.m; sourceTree = "<group>"; };
		F0ADC3EF1CC5BE3B009DBB53 /* QBAssetsCollectionOverlayView.h */ = {isa = PBXFileReference; fileEncoding = 4; lastKnownFileType = sourcecode.c.h; path = QBAssetsCollectionOverlayView.h; sourceTree = "<group>"; };
		F0ADC3F01CC5BE3B009DBB53 /* QBAssetsCollectionOverlayView.m */ = {isa = PBXFileReference; fileEncoding = 4; lastKnownFileType = sourcecode.c.objc; path = QBAssetsCollectionOverlayView.m; sourceTree = "<group>"; };
		F0ADC3F11CC5BE3B009DBB53 /* QBAssetsCollectionViewCell.h */ = {isa = PBXFileReference; fileEncoding = 4; lastKnownFileType = sourcecode.c.h; path = QBAssetsCollectionViewCell.h; sourceTree = "<group>"; };
		F0ADC3F21CC5BE3B009DBB53 /* QBAssetsCollectionViewCell.m */ = {isa = PBXFileReference; fileEncoding = 4; lastKnownFileType = sourcecode.c.objc; path = QBAssetsCollectionViewCell.m; sourceTree = "<group>"; };
		F0ADC3F31CC5BE3B009DBB53 /* QBAssetsCollectionViewController.h */ = {isa = PBXFileReference; fileEncoding = 4; lastKnownFileType = sourcecode.c.h; path = QBAssetsCollectionViewController.h; sourceTree = "<group>"; };
		F0ADC3F41CC5BE3B009DBB53 /* QBAssetsCollectionViewController.m */ = {isa = PBXFileReference; fileEncoding = 4; lastKnownFileType = sourcecode.c.objc; path = QBAssetsCollectionViewController.m; sourceTree = "<group>"; };
		F0ADC3F51CC5BE3B009DBB53 /* QBAssetsCollectionViewLayout.h */ = {isa = PBXFileReference; fileEncoding = 4; lastKnownFileType = sourcecode.c.h; path = QBAssetsCollectionViewLayout.h; sourceTree = "<group>"; };
		F0ADC3F61CC5BE3B009DBB53 /* QBAssetsCollectionViewLayout.m */ = {isa = PBXFileReference; fileEncoding = 4; lastKnownFileType = sourcecode.c.objc; path = QBAssetsCollectionViewLayout.m; sourceTree = "<group>"; };
		F0ADC3F71CC5BE3B009DBB53 /* QBImagePickerController.h */ = {isa = PBXFileReference; fileEncoding = 4; lastKnownFileType = sourcecode.c.h; path = QBImagePickerController.h; sourceTree = "<group>"; };
		F0ADC3F81CC5BE3B009DBB53 /* QBImagePickerController.m */ = {isa = PBXFileReference; fileEncoding = 4; lastKnownFileType = sourcecode.c.objc; path = QBImagePickerController.m; sourceTree = "<group>"; };
		F0ADC3F91CC5BE3B009DBB53 /* QBImagePickerGroupCell.h */ = {isa = PBXFileReference; fileEncoding = 4; lastKnownFileType = sourcecode.c.h; path = QBImagePickerGroupCell.h; sourceTree = "<group>"; };
		F0ADC3FA1CC5BE3B009DBB53 /* QBImagePickerGroupCell.m */ = {isa = PBXFileReference; fileEncoding = 4; lastKnownFileType = sourcecode.c.objc; path = QBImagePickerGroupCell.m; sourceTree = "<group>"; };
		F0ADC3FB1CC5BE3B009DBB53 /* QBImagePickerThumbnailView.h */ = {isa = PBXFileReference; fileEncoding = 4; lastKnownFileType = sourcecode.c.h; path = QBImagePickerThumbnailView.h; sourceTree = "<group>"; };
		F0ADC3FC1CC5BE3B009DBB53 /* QBImagePickerThumbnailView.m */ = {isa = PBXFileReference; fileEncoding = 4; lastKnownFileType = sourcecode.c.objc; path = QBImagePickerThumbnailView.m; sourceTree = "<group>"; };
		F0ADC3FF1CC5BE3B009DBB53 /* en */ = {isa = PBXFileReference; lastKnownFileType = text.plist.strings; name = en; path = en.lproj/QBImagePickerController.strings; sourceTree = "<group>"; };
		F0ADC4001CC5BE3B009DBB53 /* ja */ = {isa = PBXFileReference; lastKnownFileType = text.plist.strings; name = ja; path = ja.lproj/QBImagePickerController.strings; sourceTree = "<group>"; };
		F0ADC4011CC5BE3B009DBB53 /* zh-Hans */ = {isa = PBXFileReference; lastKnownFileType = text.plist.strings; name = "zh-Hans"; path = "zh-Hans.lproj/QBImagePickerController.strings"; sourceTree = "<group>"; };
		F0ADC4031CC5BE3B009DBB53 /* NSArray+ ZXPUnicode.m */ = {isa = PBXFileReference; fileEncoding = 4; lastKnownFileType = sourcecode.c.objc; path = "NSArray+ ZXPUnicode.m"; sourceTree = "<group>"; };
		F0ADC4041CC5BE3B009DBB53 /* NSArray+ZXPUnicode.h */ = {isa = PBXFileReference; fileEncoding = 4; lastKnownFileType = sourcecode.c.h; path = "NSArray+ZXPUnicode.h"; sourceTree = "<group>"; };
		F0ADC4051CC5BE3B009DBB53 /* NSDictionary+ZXPUnicode.h */ = {isa = PBXFileReference; fileEncoding = 4; lastKnownFileType = sourcecode.c.h; path = "NSDictionary+ZXPUnicode.h"; sourceTree = "<group>"; };
		F0ADC4061CC5BE3B009DBB53 /* NSDictionary+ZXPUnicode.m */ = {isa = PBXFileReference; fileEncoding = 4; lastKnownFileType = sourcecode.c.objc; path = "NSDictionary+ZXPUnicode.m"; sourceTree = "<group>"; };
		F0ADC4071CC5BE3B009DBB53 /* NSObject+ZXPUnicode.h */ = {isa = PBXFileReference; fileEncoding = 4; lastKnownFileType = sourcecode.c.h; path = "NSObject+ZXPUnicode.h"; sourceTree = "<group>"; };
		F0ADC4081CC5BE3B009DBB53 /* NSObject+ZXPUnicode.m */ = {isa = PBXFileReference; fileEncoding = 4; lastKnownFileType = sourcecode.c.objc; path = "NSObject+ZXPUnicode.m"; sourceTree = "<group>"; };
		F0ADC40A1CC5BE3B009DBB53 /* AccountUtil.h */ = {isa = PBXFileReference; fileEncoding = 4; lastKnownFileType = sourcecode.c.h; path = AccountUtil.h; sourceTree = "<group>"; };
		F0ADC40B1CC5BE3B009DBB53 /* AccountUtil.m */ = {isa = PBXFileReference; fileEncoding = 4; lastKnownFileType = sourcecode.c.objc; path = AccountUtil.m; sourceTree = "<group>"; };
		F0ADC40E1CC5BE3B009DBB53 /* YPDateUtil.h */ = {isa = PBXFileReference; fileEncoding = 4; lastKnownFileType = sourcecode.c.h; path = YPDateUtil.h; sourceTree = "<group>"; };
		F0ADC40F1CC5BE3B009DBB53 /* YPDateUtil.m */ = {isa = PBXFileReference; fileEncoding = 4; lastKnownFileType = sourcecode.c.objc; path = YPDateUtil.m; sourceTree = "<group>"; };
		F0ADC4101CC5BE3B009DBB53 /* YPFileUtil.h */ = {isa = PBXFileReference; fileEncoding = 4; lastKnownFileType = sourcecode.c.h; path = YPFileUtil.h; sourceTree = "<group>"; };
		F0ADC4111CC5BE3B009DBB53 /* YPFileUtil.m */ = {isa = PBXFileReference; fileEncoding = 4; lastKnownFileType = sourcecode.c.objc; path = YPFileUtil.m; sourceTree = "<group>"; };
		F0ADC4121CC5BE3B009DBB53 /* YPHttpEngine.h */ = {isa = PBXFileReference; fileEncoding = 4; lastKnownFileType = sourcecode.c.h; path = YPHttpEngine.h; sourceTree = "<group>"; };
		F0ADC4131CC5BE3B009DBB53 /* YPHttpEngine.m */ = {isa = PBXFileReference; fileEncoding = 4; lastKnownFileType = sourcecode.c.objc; path = YPHttpEngine.m; sourceTree = "<group>"; };
		F0ADC4141CC5BE3B009DBB53 /* YPHttpUtil.h */ = {isa = PBXFileReference; fileEncoding = 4; lastKnownFileType = sourcecode.c.h; path = YPHttpUtil.h; sourceTree = "<group>"; };
		F0ADC4151CC5BE3B009DBB53 /* YPHttpUtil.m */ = {isa = PBXFileReference; fileEncoding = 4; lastKnownFileType = sourcecode.c.objc; path = YPHttpUtil.m; sourceTree = "<group>"; };
		F0ADC4161CC5BE3B009DBB53 /* YPImagePicker.h */ = {isa = PBXFileReference; fileEncoding = 4; lastKnownFileType = sourcecode.c.h; path = YPImagePicker.h; sourceTree = "<group>"; };
		F0ADC4171CC5BE3B009DBB53 /* YPImagePicker.m */ = {isa = PBXFileReference; fileEncoding = 4; lastKnownFileType = sourcecode.c.objc; path = YPImagePicker.m; sourceTree = "<group>"; };
		F0ADC4181CC5BE3B009DBB53 /* YPNativeUtil.h */ = {isa = PBXFileReference; fileEncoding = 4; lastKnownFileType = sourcecode.c.h; path = YPNativeUtil.h; sourceTree = "<group>"; };
		F0ADC4191CC5BE3B009DBB53 /* YPNativeUtil.m */ = {isa = PBXFileReference; fileEncoding = 4; lastKnownFileType = sourcecode.c.objc; path = YPNativeUtil.m; sourceTree = "<group>"; };
		F0ADC41A1CC5BE3B009DBB53 /* YPKit.h */ = {isa = PBXFileReference; fileEncoding = 4; lastKnownFileType = sourcecode.c.h; path = YPKit.h; sourceTree = "<group>"; };
		F0B510901C34D4410082A252 /* Foundation.framework */ = {isa = PBXFileReference; lastKnownFileType = wrapper.framework; name = Foundation.framework; path = System/Library/Frameworks/Foundation.framework; sourceTree = SDKROOT; };
/* End PBXFileReference section */

/* Begin PBXFrameworksBuildPhase section */
		F009E3781B7C414300D80FD5 /* Frameworks */ = {
			isa = PBXFrameworksBuildPhase;
			buildActionMask = 2147483647;
			files = (
				F0B510911C34D4410082A252 /* Foundation.framework in Frameworks */,
			);
			runOnlyForDeploymentPostprocessing = 0;
		};
		F009E3911B7C414300D80FD5 /* Frameworks */ = {
			isa = PBXFrameworksBuildPhase;
			buildActionMask = 2147483647;
			files = (
			);
			runOnlyForDeploymentPostprocessing = 0;
		};
/* End PBXFrameworksBuildPhase section */

/* Begin PBXGroup section */
		F009E3721B7C414300D80FD5 = {
			isa = PBXGroup;
			children = (
				F009E37D1B7C414300D80FD5 /* YPKit */,
				F009E3971B7C414300D80FD5 /* YPKitTests */,
				F009E37C1B7C414300D80FD5 /* Products */,
				F24CD6ED5F73D0B48B12E584 /* Frameworks */,
			);
			sourceTree = "<group>";
		};
		F009E37C1B7C414300D80FD5 /* Products */ = {
			isa = PBXGroup;
			children = (
				F009E37B1B7C414300D80FD5 /* YPKit.app */,
				F009E3941B7C414300D80FD5 /* YPKitTests.xctest */,
			);
			name = Products;
			sourceTree = "<group>";
		};
		F009E37D1B7C414300D80FD5 /* YPKit */ = {
			isa = PBXGroup;
			children = (
				F0ADC34A1CC5BE3A009DBB53 /* YPKit */,
				F0ADC3211CC5BE3A009DBB53 /* Demo */,
			);
			path = YPKit;
			sourceTree = "<group>";
		};
		F009E3971B7C414300D80FD5 /* YPKitTests */ = {
			isa = PBXGroup;
			children = (
				F009E39A1B7C414300D80FD5 /* YPKitTests.m */,
				F009E3981B7C414300D80FD5 /* Supporting Files */,
			);
			path = YPKitTests;
			sourceTree = "<group>";
		};
		F009E3981B7C414300D80FD5 /* Supporting Files */ = {
			isa = PBXGroup;
			children = (
				F009E3991B7C414300D80FD5 /* Info.plist */,
			);
			name = "Supporting Files";
			sourceTree = "<group>";
		};
		F0ADC3211CC5BE3A009DBB53 /* Demo */ = {
			isa = PBXGroup;
			children = (
				F0ADC3221CC5BE3A009DBB53 /* AppDelegate.h */,
				F0ADC3231CC5BE3A009DBB53 /* AppDelegate.m */,
				F0ADC3241CC5BE3A009DBB53 /* AutoLayoutCell.h */,
				F0ADC3251CC5BE3A009DBB53 /* AutoLayoutCell.m */,
				F0ADC3261CC5BE3A009DBB53 /* AutoLayoutCell.xib */,
				F0ADC3271CC5BE3A009DBB53 /* AutoLayoutCellController.h */,
				F0ADC3281CC5BE3A009DBB53 /* AutoLayoutCellController.m */,
				F0ADC3291CC5BE3A009DBB53 /* AutoLayoutCellController.xib */,
				F0ADC32A1CC5BE3A009DBB53 /* LaunchScreen.xib */,
				F0ADC32C1CC5BE3A009DBB53 /* icon_arrow_light@2x.png */,
				F0ADC32D1CC5BE3A009DBB53 /* icon_discovery_joined@2x.png */,
				F0ADC32E1CC5BE3A009DBB53 /* Images.xcassets */,
				F0ADC32F1CC5BE3A009DBB53 /* Info.plist */,
				F0ADC3301CC5BE3A009DBB53 /* main.m */,
				F0ADC3311CC5BE3A009DBB53 /* RootController.h */,
				F0ADC3321CC5BE3A009DBB53 /* RootController.m */,
				F0ADC3331CC5BE3A009DBB53 /* test.txt */,
				F0ADC3341CC5BE3A009DBB53 /* ThirdParty */,
				F0ADC33E1CC5BE3A009DBB53 /* ViewController.h */,
				F0ADC33F1CC5BE3A009DBB53 /* ViewController.m */,
				F0ADC3401CC5BE3A009DBB53 /* WebViewController.h */,
				F0ADC3411CC5BE3A009DBB53 /* WebViewController.m */,
				F0ADC3421CC5BE3A009DBB53 /* WebViewController.xib */,
				F0ADC3431CC5BE3A009DBB53 /* YPDateUtilController.h */,
				F0ADC3441CC5BE3A009DBB53 /* YPDateUtilController.m */,
				F0ADC3451CC5BE3A009DBB53 /* YPDateUtilController.xib */,
				F0ADC3461CC5BE3A009DBB53 /* YPKit-Prefix.pch */,
				F0ADC3471CC5BE3A009DBB53 /* YPTextViewController.h */,
				F0ADC3481CC5BE3A009DBB53 /* YPTextViewController.m */,
				F0ADC3491CC5BE3A009DBB53 /* YPTextViewController.xib */,
			);
			path = Demo;
			sourceTree = "<group>";
		};
		F0ADC3341CC5BE3A009DBB53 /* ThirdParty */ = {
			isa = PBXGroup;
			children = (
				F0ADC3351CC5BE3A009DBB53 /* FDTemplateLayoutCell */,
			);
			path = ThirdParty;
			sourceTree = "<group>";
		};
		F0ADC3351CC5BE3A009DBB53 /* FDTemplateLayoutCell */ = {
			isa = PBXGroup;
			children = (
				F0ADC3361CC5BE3A009DBB53 /* UITableView+FDIndexPathHeightCache.h */,
				F0ADC3371CC5BE3A009DBB53 /* UITableView+FDIndexPathHeightCache.m */,
				F0ADC3381CC5BE3A009DBB53 /* UITableView+FDKeyedHeightCache.h */,
				F0ADC3391CC5BE3A009DBB53 /* UITableView+FDKeyedHeightCache.m */,
				F0ADC33A1CC5BE3A009DBB53 /* UITableView+FDTemplateLayoutCell.h */,
				F0ADC33B1CC5BE3A009DBB53 /* UITableView+FDTemplateLayoutCell.m */,
				F0ADC33C1CC5BE3A009DBB53 /* UITableView+FDTemplateLayoutCellDebug.h */,
				F0ADC33D1CC5BE3A009DBB53 /* UITableView+FDTemplateLayoutCellDebug.m */,
			);
			path = FDTemplateLayoutCell;
			sourceTree = "<group>";
		};
		F0ADC34A1CC5BE3A009DBB53 /* YPKit */ = {
			isa = PBXGroup;
			children = (
				F0ADC34B1CC5BE3A009DBB53 /* BaseViewController */,
				F0ADC3561CC5BE3A009DBB53 /* Category */,
				F0ADC3791CC5BE3A009DBB53 /* CustomView */,
				F0ADC39D1CC5BE3A009DBB53 /* ThirdParty */,
				F0ADC4091CC5BE3B009DBB53 /* Util */,
				F0ADC41A1CC5BE3B009DBB53 /* YPKit.h */,
			);
			path = YPKit;
			sourceTree = "<group>";
		};
		F0ADC34B1CC5BE3A009DBB53 /* BaseViewController */ = {
			isa = PBXGroup;
			children = (
				F0ADC34C1CC5BE3A009DBB53 /* YPBaseCollectionViewController.h */,
				F0ADC34D1CC5BE3A009DBB53 /* YPBaseCollectionViewController.m */,
				F0ADC34E1CC5BE3A009DBB53 /* YPBaseSegmentedController.h */,
				F0ADC34F1CC5BE3A009DBB53 /* YPBaseSegmentedController.m */,
				F0ADC3501CC5BE3A009DBB53 /* YPBaseTableViewController.h */,
				F0ADC3511CC5BE3A009DBB53 /* YPBaseTableViewController.m */,
				F0ADC3521CC5BE3A009DBB53 /* YPBaseViewController.h */,
				F0ADC3531CC5BE3A009DBB53 /* YPBaseViewController.m */,
				F0ADC3541CC5BE3A009DBB53 /* YPTableViewController.h */,
				F0ADC3551CC5BE3A009DBB53 /* YPTableViewController.m */,
			);
			path = BaseViewController;
			sourceTree = "<group>";
		};
		F0ADC3561CC5BE3A009DBB53 /* Category */ = {
			isa = PBXGroup;
			children = (
				F0ADC3571CC5BE3A009DBB53 /* CALayer+YPKit.h */,
				F0ADC3581CC5BE3A009DBB53 /* CALayer+YPKit.m */,
				F0ADC3591CC5BE3A009DBB53 /* NSArray+YPKit.h */,
				F0ADC35A1CC5BE3A009DBB53 /* NSArray+YPKit.m */,
				F0ADC35B1CC5BE3A009DBB53 /* NSAttributedString+YPKit.h */,
				F0ADC35C1CC5BE3A009DBB53 /* NSAttributedString+YPKit.m */,
				F0ADC35D1CC5BE3A009DBB53 /* NSDictionary+YPKit.h */,
				F0ADC35E1CC5BE3A009DBB53 /* NSDictionary+YPKit.m */,
				F0ADC35F1CC5BE3A009DBB53 /* NSMutableAttributedString+YPKit.h */,
				F0ADC3601CC5BE3A009DBB53 /* NSMutableAttributedString+YPKit.m */,
				F0ADC3611CC5BE3A009DBB53 /* NSNumber+YPKit.h */,
				F0ADC3621CC5BE3A009DBB53 /* NSNumber+YPKit.m */,
				F0ADC3631CC5BE3A009DBB53 /* NSObject+YPKit.h */,
				F0ADC3641CC5BE3A009DBB53 /* NSObject+YPKit.m */,
				F0ADC3651CC5BE3A009DBB53 /* NSSet+YPKit.h */,
				F0ADC3661CC5BE3A009DBB53 /* NSSet+YPKit.m */,
				F0ADC3671CC5BE3A009DBB53 /* NSString+YPKit.h */,
				F0ADC3681CC5BE3A009DBB53 /* NSString+YPKit.m */,
				F0ADC3691CC5BE3A009DBB53 /* UIAlertView+YPKit.h */,
				F0ADC36A1CC5BE3A009DBB53 /* UIAlertView+YPKit.m */,
				F0ADC36B1CC5BE3A009DBB53 /* UIButton+YPKit.h */,
				F0ADC36C1CC5BE3A009DBB53 /* UIButton+YPKit.m */,
				F0ADC36D1CC5BE3A009DBB53 /* UIImage+YPKit.h */,
				F0ADC36E1CC5BE3A009DBB53 /* UIImage+YPKit.m */,
				F0ADC36F1CC5BE3A009DBB53 /* UILabel+YPKit.h */,
				F0ADC3701CC5BE3A009DBB53 /* UILabel+YPKit.m */,
				F0ADC3711CC5BE3A009DBB53 /* UITableView+YPKit.h */,
				F0ADC3721CC5BE3A009DBB53 /* UITableView+YPKit.m */,
				F0ADC3731CC5BE3A009DBB53 /* UITextField+YPKit.h */,
				F0ADC3741CC5BE3A009DBB53 /* UITextField+YPKit.m */,
				F0ADC3751CC5BE3A009DBB53 /* UIView+YPKit.h */,
				F0ADC3761CC5BE3A009DBB53 /* UIView+YPKit.m */,
				F0ADC3771CC5BE3A009DBB53 /* UIViewController+YPKit.h */,
				F0ADC3781CC5BE3A009DBB53 /* UIViewController+YPKit.m */,
			);
			path = Category;
			sourceTree = "<group>";
		};
		F0ADC3791CC5BE3A009DBB53 /* CustomView */ = {
			isa = PBXGroup;
			children = (
				F0ADC37A1CC5BE3A009DBB53 /* YPBadgeView */,
				F0ADC37D1CC5BE3A009DBB53 /* YPBaseUpwardsView */,
				F0ADC3801CC5BE3A009DBB53 /* YPCheckBox */,
				F0ADC3831CC5BE3A009DBB53 /* YPControlView */,
				F0ADC3881CC5BE3A009DBB53 /* YPPageControlView */,
				F0ADC38E1CC5BE3A009DBB53 /* YPPickerView */,
				F0ADC3921CC5BE3A009DBB53 /* YPSettingItem */,
				F0ADC3951CC5BE3A009DBB53 /* YPTagCloudView */,
				F0ADC3981CC5BE3A009DBB53 /* YPTextView */,
			);
			path = CustomView;
			sourceTree = "<group>";
		};
		F0ADC37A1CC5BE3A009DBB53 /* YPBadgeView */ = {
			isa = PBXGroup;
			children = (
				F0ADC37B1CC5BE3A009DBB53 /* YPBadgeView.h */,
				F0ADC37C1CC5BE3A009DBB53 /* YPBadgeView.m */,
			);
			path = YPBadgeView;
			sourceTree = "<group>";
		};
		F0ADC37D1CC5BE3A009DBB53 /* YPBaseUpwardsView */ = {
			isa = PBXGroup;
			children = (
				F0ADC37E1CC5BE3A009DBB53 /* YPBaseUpwardsView.h */,
				F0ADC37F1CC5BE3A009DBB53 /* YPBaseUpwardsView.m */,
			);
			path = YPBaseUpwardsView;
			sourceTree = "<group>";
		};
		F0ADC3801CC5BE3A009DBB53 /* YPCheckBox */ = {
			isa = PBXGroup;
			children = (
				F0ADC3811CC5BE3A009DBB53 /* YPCheckBox.h */,
				F0ADC3821CC5BE3A009DBB53 /* YPCheckBox.m */,
			);
			path = YPCheckBox;
			sourceTree = "<group>";
		};
		F0ADC3831CC5BE3A009DBB53 /* YPControlView */ = {
			isa = PBXGroup;
			children = (
				F0ADC3841CC5BE3A009DBB53 /* YPControlLabel.h */,
				F0ADC3851CC5BE3A009DBB53 /* YPControlLabel.m */,
				F0ADC3861CC5BE3A009DBB53 /* YPControlView.h */,
				F0ADC3871CC5BE3A009DBB53 /* YPControlView.m */,
			);
			path = YPControlView;
			sourceTree = "<group>";
		};
		F0ADC3881CC5BE3A009DBB53 /* YPPageControlView */ = {
			isa = PBXGroup;
			children = (
				F0ADC3891CC5BE3A009DBB53 /* YPPageView.h */,
				F0ADC38A1CC5BE3A009DBB53 /* YPPageView.m */,
				F0ADC38B1CC5BE3A009DBB53 /* YPPageViewCell.h */,
				F0ADC38C1CC5BE3A009DBB53 /* YPPageViewCell.m */,
				F0ADC38D1CC5BE3A009DBB53 /* YPPageViewCell.xib */,
			);
			path = YPPageControlView;
			sourceTree = "<group>";
		};
		F0ADC38E1CC5BE3A009DBB53 /* YPPickerView */ = {
			isa = PBXGroup;
			children = (
				F0ADC38F1CC5BE3A009DBB53 /* YPUpwardsPicker.h */,
				F0ADC3901CC5BE3A009DBB53 /* YPUpwardsPicker.m */,
				F0ADC3911CC5BE3A009DBB53 /* YPUpwardsPicker.xib */,
			);
			path = YPPickerView;
			sourceTree = "<group>";
		};
		F0ADC3921CC5BE3A009DBB53 /* YPSettingItem */ = {
			isa = PBXGroup;
			children = (
				F0ADC3931CC5BE3A009DBB53 /* YPSettingItem.h */,
				F0ADC3941CC5BE3A009DBB53 /* YPSettingItem.m */,
			);
			path = YPSettingItem;
			sourceTree = "<group>";
		};
		F0ADC3951CC5BE3A009DBB53 /* YPTagCloudView */ = {
			isa = PBXGroup;
			children = (
				F0ADC3961CC5BE3A009DBB53 /* YPTagCloudView.h */,
				F0ADC3971CC5BE3A009DBB53 /* YPTagCloudView.m */,
			);
			path = YPTagCloudView;
			sourceTree = "<group>";
		};
		F0ADC3981CC5BE3A009DBB53 /* YPTextView */ = {
			isa = PBXGroup;
			children = (
				F0ADC3991CC5BE3A009DBB53 /* YPPlaceHolderTextView.h */,
				F0ADC39A1CC5BE3A009DBB53 /* YPPlaceHolderTextView.m */,
				F0ADC39B1CC5BE3A009DBB53 /* YPTextView.h */,
				F0ADC39C1CC5BE3A009DBB53 /* YPTextView.m */,
			);
			path = YPTextView;
			sourceTree = "<group>";
		};
		F0ADC39D1CC5BE3A009DBB53 /* ThirdParty */ = {
			isa = PBXGroup;
			children = (
				F0ADC39E1CC5BE3A009DBB53 /* AFNetworking */,
				F0ADC3AC1CC5BE3B009DBB53 /* BlockUI */,
				F0ADC3B41CC5BE3B009DBB53 /* Masonry */,
				F0ADC3CF1CC5BE3B009DBB53 /* MBProgressHUD */,
				F0ADC3D21CC5BE3B009DBB53 /* MKNetworkKit */,
				F0ADC3EA1CC5BE3B009DBB53 /* QBImagePickerController */,
				F0ADC4021CC5BE3B009DBB53 /* ZXPUnicode */,
			);
			path = ThirdParty;
			sourceTree = "<group>";
		};
		F0ADC39E1CC5BE3A009DBB53 /* AFNetworking */ = {
			isa = PBXGroup;
			children = (
				F0ADC39F1CC5BE3A009DBB53 /* AFHTTPSessionManager.h */,
				F0ADC3A01CC5BE3A009DBB53 /* AFHTTPSessionManager.m */,
				F0ADC3A11CC5BE3A009DBB53 /* AFNetworking.h */,
				F0ADC3A21CC5BE3A009DBB53 /* AFNetworkReachabilityManager.h */,
				F0ADC3A31CC5BE3A009DBB53 /* AFNetworkReachabilityManager.m */,
				F0ADC3A41CC5BE3A009DBB53 /* AFSecurityPolicy.h */,
				F0ADC3A51CC5BE3A009DBB53 /* AFSecurityPolicy.m */,
				F0ADC3A61CC5BE3A009DBB53 /* AFURLRequestSerialization.h */,
				F0ADC3A71CC5BE3A009DBB53 /* AFURLRequestSerialization.m */,
				F0ADC3A81CC5BE3A009DBB53 /* AFURLResponseSerialization.h */,
				F0ADC3A91CC5BE3A009DBB53 /* AFURLResponseSerialization.m */,
				F0ADC3AA1CC5BE3A009DBB53 /* AFURLSessionManager.h */,
				F0ADC3AB1CC5BE3A009DBB53 /* AFURLSessionManager.m */,
			);
			path = AFNetworking;
			sourceTree = "<group>";
		};
		F0ADC3AC1CC5BE3B009DBB53 /* BlockUI */ = {
			isa = PBXGroup;
			children = (
				F0ADC3AD1CC5BE3B009DBB53 /* BlockUI.h */,
				F0ADC3AE1CC5BE3B009DBB53 /* BUIControl.h */,
				F0ADC3AF1CC5BE3B009DBB53 /* BUIControl.m */,
				F0ADC3B01CC5BE3B009DBB53 /* BUIView.h */,
				F0ADC3B11CC5BE3B009DBB53 /* BUIView.m */,
				F0ADC3B21CC5BE3B009DBB53 /* ZXObject.h */,
				F0ADC3B31CC5BE3B009DBB53 /* ZXObject.m */,
			);
			path = BlockUI;
			sourceTree = "<group>";
		};
		F0ADC3B41CC5BE3B009DBB53 /* Masonry */ = {
			isa = PBXGroup;
			children = (
				F0ADC3B51CC5BE3B009DBB53 /* Info.plist */,
				F0ADC3B61CC5BE3B009DBB53 /* MASCompositeConstraint.h */,
				F0ADC3B71CC5BE3B009DBB53 /* MASCompositeConstraint.m */,
				F0ADC3B81CC5BE3B009DBB53 /* MASConstraint+Private.h */,
				F0ADC3B91CC5BE3B009DBB53 /* MASConstraint.h */,
				F0ADC3BA1CC5BE3B009DBB53 /* MASConstraint.m */,
				F0ADC3BB1CC5BE3B009DBB53 /* MASConstraintMaker.h */,
				F0ADC3BC1CC5BE3B009DBB53 /* MASConstraintMaker.m */,
				F0ADC3BD1CC5BE3B009DBB53 /* MASLayoutConstraint.h */,
				F0ADC3BE1CC5BE3B009DBB53 /* MASLayoutConstraint.m */,
				F0ADC3BF1CC5BE3B009DBB53 /* Masonry.h */,
				F0ADC3C01CC5BE3B009DBB53 /* MASUtilities.h */,
				F0ADC3C11CC5BE3B009DBB53 /* MASViewAttribute.h */,
				F0ADC3C21CC5BE3B009DBB53 /* MASViewAttribute.m */,
				F0ADC3C31CC5BE3B009DBB53 /* MASViewConstraint.h */,
				F0ADC3C41CC5BE3B009DBB53 /* MASViewConstraint.m */,
				F0ADC3C51CC5BE3B009DBB53 /* NSArray+MASAdditions.h */,
				F0ADC3C61CC5BE3B009DBB53 /* NSArray+MASAdditions.m */,
				F0ADC3C71CC5BE3B009DBB53 /* NSArray+MASShorthandAdditions.h */,
				F0ADC3C81CC5BE3B009DBB53 /* NSLayoutConstraint+MASDebugAdditions.h */,
				F0ADC3C91CC5BE3B009DBB53 /* NSLayoutConstraint+MASDebugAdditions.m */,
				F0ADC3CA1CC5BE3B009DBB53 /* View+MASAdditions.h */,
				F0ADC3CB1CC5BE3B009DBB53 /* View+MASAdditions.m */,
				F0ADC3CC1CC5BE3B009DBB53 /* View+MASShorthandAdditions.h */,
				F0ADC3CD1CC5BE3B009DBB53 /* ViewController+MASAdditions.h */,
				F0ADC3CE1CC5BE3B009DBB53 /* ViewController+MASAdditions.m */,
			);
			path = Masonry;
			sourceTree = "<group>";
		};
		F0ADC3CF1CC5BE3B009DBB53 /* MBProgressHUD */ = {
			isa = PBXGroup;
			children = (
				F0ADC3D01CC5BE3B009DBB53 /* MBProgressHUD.h */,
				F0ADC3D11CC5BE3B009DBB53 /* MBProgressHUD.m */,
			);
			path = MBProgressHUD;
			sourceTree = "<group>";
		};
		F0ADC3D21CC5BE3B009DBB53 /* MKNetworkKit */ = {
			isa = PBXGroup;
			children = (
				F0ADC3D31CC5BE3B009DBB53 /* Categories */,
				F0ADC3E21CC5BE3B009DBB53 /* MKNetworkEngine.h */,
				F0ADC3E31CC5BE3B009DBB53 /* MKNetworkEngine.m */,
				F0ADC3E41CC5BE3B009DBB53 /* MKNetworkKit.h */,
				F0ADC3E51CC5BE3B009DBB53 /* MKNetworkOperation.h */,
				F0ADC3E61CC5BE3B009DBB53 /* MKNetworkOperation.m */,
				F0ADC3E71CC5BE3B009DBB53 /* Reachability */,
			);
			path = MKNetworkKit;
			sourceTree = "<group>";
		};
		F0ADC3D31CC5BE3B009DBB53 /* Categories */ = {
			isa = PBXGroup;
			children = (
				F0ADC3D41CC5BE3B009DBB53 /* NSAlert+MKNetworkKitAdditions.h */,
				F0ADC3D51CC5BE3B009DBB53 /* NSAlert+MKNetworkKitAdditions.m */,
				F0ADC3D61CC5BE3B009DBB53 /* NSData+MKBase64.h */,
				F0ADC3D71CC5BE3B009DBB53 /* NSData+MKBase64.m */,
				F0ADC3D81CC5BE3B009DBB53 /* NSDate+RFC1123.h */,
				F0ADC3D91CC5BE3B009DBB53 /* NSDate+RFC1123.m */,
				F0ADC3DA1CC5BE3B009DBB53 /* NSDictionary+RequestEncoding.h */,
				F0ADC3DB1CC5BE3B009DBB53 /* NSDictionary+RequestEncoding.m */,
				F0ADC3DC1CC5BE3B009DBB53 /* NSString+MKNetworkKitAdditions.h */,
				F0ADC3DD1CC5BE3B009DBB53 /* NSString+MKNetworkKitAdditions.m */,
				F0ADC3DE1CC5BE3B009DBB53 /* UIAlertView+MKNetworkKitAdditions.h */,
				F0ADC3DF1CC5BE3B009DBB53 /* UIAlertView+MKNetworkKitAdditions.m */,
				F0ADC3E01CC5BE3B009DBB53 /* UIImageView+MKNetworkKitAdditions.h */,
				F0ADC3E11CC5BE3B009DBB53 /* UIImageView+MKNetworkKitAdditions.m */,
			);
			path = Categories;
			sourceTree = "<group>";
		};
		F0ADC3E71CC5BE3B009DBB53 /* Reachability */ = {
			isa = PBXGroup;
			children = (
				F0ADC3E81CC5BE3B009DBB53 /* Reachability.h */,
				F0ADC3E91CC5BE3B009DBB53 /* Reachability.m */,
			);
			path = Reachability;
			sourceTree = "<group>";
		};
		F0ADC3EA1CC5BE3B009DBB53 /* QBImagePickerController */ = {
			isa = PBXGroup;
			children = (
				F0ADC3EB1CC5BE3B009DBB53 /* QBAssetsCollectionCheckmarkView.h */,
				F0ADC3EC1CC5BE3B009DBB53 /* QBAssetsCollectionCheckmarkView.m */,
				F0ADC3ED1CC5BE3B009DBB53 /* QBAssetsCollectionFooterView.h */,
				F0ADC3EE1CC5BE3B009DBB53 /* QBAssetsCollectionFooterView.m */,
				F0ADC3EF1CC5BE3B009DBB53 /* QBAssetsCollectionOverlayView.h */,
				F0ADC3F01CC5BE3B009DBB53 /* QBAssetsCollectionOverlayView.m */,
				F0ADC3F11CC5BE3B009DBB53 /* QBAssetsCollectionViewCell.h */,
				F0ADC3F21CC5BE3B009DBB53 /* QBAssetsCollectionViewCell.m */,
				F0ADC3F31CC5BE3B009DBB53 /* QBAssetsCollectionViewController.h */,
				F0ADC3F41CC5BE3B009DBB53 /* QBAssetsCollectionViewController.m */,
				F0ADC3F51CC5BE3B009DBB53 /* QBAssetsCollectionViewLayout.h */,
				F0ADC3F61CC5BE3B009DBB53 /* QBAssetsCollectionViewLayout.m */,
				F0ADC3F71CC5BE3B009DBB53 /* QBImagePickerController.h */,
				F0ADC3F81CC5BE3B009DBB53 /* QBImagePickerController.m */,
				F0ADC3F91CC5BE3B009DBB53 /* QBImagePickerGroupCell.h */,
				F0ADC3FA1CC5BE3B009DBB53 /* QBImagePickerGroupCell.m */,
				F0ADC3FB1CC5BE3B009DBB53 /* QBImagePickerThumbnailView.h */,
				F0ADC3FC1CC5BE3B009DBB53 /* QBImagePickerThumbnailView.m */,
				F0ADC3FD1CC5BE3B009DBB53 /* Resources */,
			);
			path = QBImagePickerController;
			sourceTree = "<group>";
		};
		F0ADC3FD1CC5BE3B009DBB53 /* Resources */ = {
			isa = PBXGroup;
			children = (
				F0ADC3FE1CC5BE3B009DBB53 /* QBImagePickerController.strings */,
			);
			path = Resources;
			sourceTree = "<group>";
		};
		F0ADC4021CC5BE3B009DBB53 /* ZXPUnicode */ = {
			isa = PBXGroup;
			children = (
				F0ADC4031CC5BE3B009DBB53 /* NSArray+ ZXPUnicode.m */,
				F0ADC4041CC5BE3B009DBB53 /* NSArray+ZXPUnicode.h */,
				F0ADC4051CC5BE3B009DBB53 /* NSDictionary+ZXPUnicode.h */,
				F0ADC4061CC5BE3B009DBB53 /* NSDictionary+ZXPUnicode.m */,
				F0ADC4071CC5BE3B009DBB53 /* NSObject+ZXPUnicode.h */,
				F0ADC4081CC5BE3B009DBB53 /* NSObject+ZXPUnicode.m */,
			);
			path = ZXPUnicode;
			sourceTree = "<group>";
		};
		F0ADC4091CC5BE3B009DBB53 /* Util */ = {
			isa = PBXGroup;
			children = (
				F0ADC40A1CC5BE3B009DBB53 /* AccountUtil.h */,
				F0ADC40B1CC5BE3B009DBB53 /* AccountUtil.m */,
				F0ADC40E1CC5BE3B009DBB53 /* YPDateUtil.h */,
				F0ADC40F1CC5BE3B009DBB53 /* YPDateUtil.m */,
				F0ADC4101CC5BE3B009DBB53 /* YPFileUtil.h */,
				F0ADC4111CC5BE3B009DBB53 /* YPFileUtil.m */,
				F0ADC4121CC5BE3B009DBB53 /* YPHttpEngine.h */,
				F0ADC4131CC5BE3B009DBB53 /* YPHttpEngine.m */,
				F0ADC4141CC5BE3B009DBB53 /* YPHttpUtil.h */,
				F0ADC4151CC5BE3B009DBB53 /* YPHttpUtil.m */,
				F0ADC4161CC5BE3B009DBB53 /* YPImagePicker.h */,
				F0ADC4171CC5BE3B009DBB53 /* YPImagePicker.m */,
				F0ADC4181CC5BE3B009DBB53 /* YPNativeUtil.h */,
				F0ADC4191CC5BE3B009DBB53 /* YPNativeUtil.m */,
			);
			path = Util;
			sourceTree = "<group>";
		};
		F24CD6ED5F73D0B48B12E584 /* Frameworks */ = {
			isa = PBXGroup;
			children = (
				F0B510901C34D4410082A252 /* Foundation.framework */,
			);
			name = Frameworks;
			sourceTree = "<group>";
		};
/* End PBXGroup section */

/* Begin PBXNativeTarget section */
		F009E37A1B7C414300D80FD5 /* YPKit */ = {
			isa = PBXNativeTarget;
			buildConfigurationList = F009E39E1B7C414300D80FD5 /* Build configuration list for PBXNativeTarget "YPKit" */;
			buildPhases = (
				F009E3771B7C414300D80FD5 /* Sources */,
				F009E3781B7C414300D80FD5 /* Frameworks */,
				F009E3791B7C414300D80FD5 /* Resources */,
			);
			buildRules = (
			);
			dependencies = (
			);
			name = YPKit;
			productName = YPKit;
			productReference = F009E37B1B7C414300D80FD5 /* YPKit.app */;
			productType = "com.apple.product-type.application";
		};
		F009E3931B7C414300D80FD5 /* YPKitTests */ = {
			isa = PBXNativeTarget;
			buildConfigurationList = F009E3A11B7C414300D80FD5 /* Build configuration list for PBXNativeTarget "YPKitTests" */;
			buildPhases = (
				F009E3901B7C414300D80FD5 /* Sources */,
				F009E3911B7C414300D80FD5 /* Frameworks */,
				F009E3921B7C414300D80FD5 /* Resources */,
			);
			buildRules = (
			);
			dependencies = (
				F009E3961B7C414300D80FD5 /* PBXTargetDependency */,
			);
			name = YPKitTests;
			productName = YPKitTests;
			productReference = F009E3941B7C414300D80FD5 /* YPKitTests.xctest */;
			productType = "com.apple.product-type.bundle.unit-test";
		};
/* End PBXNativeTarget section */

/* Begin PBXProject section */
		F009E3731B7C414300D80FD5 /* Project object */ = {
			isa = PBXProject;
			attributes = {
				LastUpgradeCheck = 0640;
				ORGANIZATIONNAME = YPKit;
				TargetAttributes = {
					F009E37A1B7C414300D80FD5 = {
						CreatedOnToolsVersion = 6.4;
						DevelopmentTeam = 7X2852KFDE;
					};
					F009E3931B7C414300D80FD5 = {
						CreatedOnToolsVersion = 6.4;
						TestTargetID = F009E37A1B7C414300D80FD5;
					};
				};
			};
			buildConfigurationList = F009E3761B7C414300D80FD5 /* Build configuration list for PBXProject "YPKit" */;
			compatibilityVersion = "Xcode 3.2";
			developmentRegion = English;
			hasScannedForEncodings = 0;
			knownRegions = (
				en,
				Base,
				ja,
				"zh-Hans",
			);
			mainGroup = F009E3721B7C414300D80FD5;
			productRefGroup = F009E37C1B7C414300D80FD5 /* Products */;
			projectDirPath = "";
			projectRoot = "";
			targets = (
				F009E37A1B7C414300D80FD5 /* YPKit */,
				F009E3931B7C414300D80FD5 /* YPKitTests */,
			);
		};
/* End PBXProject section */

/* Begin PBXResourcesBuildPhase section */
		F009E3791B7C414300D80FD5 /* Resources */ = {
			isa = PBXResourcesBuildPhase;
			buildActionMask = 2147483647;
			files = (
				F0ADC4501CC5BE3B009DBB53 /* YPPageViewCell.xib in Resources */,
				F0ADC4301CC5BE3B009DBB53 /* YPDateUtilController.xib in Resources */,
				F0ADC41F1CC5BE3B009DBB53 /* AutoLayoutCellController.xib in Resources */,
				F0ADC4221CC5BE3B009DBB53 /* icon_discovery_joined@2x.png in Resources */,
				F0ADC4321CC5BE3B009DBB53 /* YPTextViewController.xib in Resources */,
				F0ADC4201CC5BE3B009DBB53 /* LaunchScreen.xib in Resources */,
				F0ADC4601CC5BE3B009DBB53 /* Info.plist in Resources */,
				F0ADC47F1CC5BE3B009DBB53 /* QBImagePickerController.strings in Resources */,
				F0ADC42E1CC5BE3B009DBB53 /* WebViewController.xib in Resources */,
				F0ADC4231CC5BE3B009DBB53 /* Images.xcassets in Resources */,
				F0ADC4211CC5BE3B009DBB53 /* icon_arrow_light@2x.png in Resources */,
				F0ADC41D1CC5BE3B009DBB53 /* AutoLayoutCell.xib in Resources */,
				F0ADC4521CC5BE3B009DBB53 /* YPUpwardsPicker.xib in Resources */,
				F0ADC4271CC5BE3B009DBB53 /* test.txt in Resources */,
				F0ADC4241CC5BE3B009DBB53 /* Info.plist in Resources */,
			);
			runOnlyForDeploymentPostprocessing = 0;
		};
		F009E3921B7C414300D80FD5 /* Resources */ = {
			isa = PBXResourcesBuildPhase;
			buildActionMask = 2147483647;
			files = (
			);
			runOnlyForDeploymentPostprocessing = 0;
		};
/* End PBXResourcesBuildPhase section */

/* Begin PBXSourcesBuildPhase section */
		F009E3771B7C414300D80FD5 /* Sources */ = {
			isa = PBXSourcesBuildPhase;
			buildActionMask = 2147483647;
			files = (
				F0ADC45C1CC5BE3B009DBB53 /* AFURLSessionManager.m in Sources */,
				F0ADC41E1CC5BE3B009DBB53 /* AutoLayoutCellController.m in Sources */,
				F0ADC4461CC5BE3B009DBB53 /* UITextField+YPKit.m in Sources */,
				F0ADC4751CC5BE3B009DBB53 /* Reachability.m in Sources */,
				F0ADC43C1CC5BE3B009DBB53 /* NSMutableAttributedString+YPKit.m in Sources */,
				F0ADC4491CC5BE3B009DBB53 /* YPBadgeView.m in Sources */,
				F0ADC4351CC5BE3B009DBB53 /* YPBaseTableViewController.m in Sources */,
				F0ADC4651CC5BE3B009DBB53 /* MASViewAttribute.m in Sources */,
				F0ADC47C1CC5BE3B009DBB53 /* QBImagePickerController.m in Sources */,
				F0ADC4401CC5BE3B009DBB53 /* NSString+YPKit.m in Sources */,
				F0ADC4691CC5BE3B009DBB53 /* View+MASAdditions.m in Sources */,
				F0ADC4591CC5BE3B009DBB53 /* AFSecurityPolicy.m in Sources */,
				F0ADC4391CC5BE3B009DBB53 /* NSArray+YPKit.m in Sources */,
				F0ADC46D1CC5BE3B009DBB53 /* NSData+MKBase64.m in Sources */,
				F0ADC44E1CC5BE3B009DBB53 /* YPPageView.m in Sources */,
				F0ADC46B1CC5BE3B009DBB53 /* MBProgressHUD.m in Sources */,
				F0ADC44D1CC5BE3B009DBB53 /* YPControlView.m in Sources */,
				F0ADC4541CC5BE3B009DBB53 /* YPTagCloudView.m in Sources */,
				F0ADC4341CC5BE3B009DBB53 /* YPBaseSegmentedController.m in Sources */,
				F0ADC4771CC5BE3B009DBB53 /* QBAssetsCollectionFooterView.m in Sources */,
				F0ADC4891CC5BE3B009DBB53 /* YPImagePicker.m in Sources */,
				F0ADC4801CC5BE3B009DBB53 /* NSArray+ ZXPUnicode.m in Sources */,
				F0ADC4671CC5BE3B009DBB53 /* NSArray+MASAdditions.m in Sources */,
				F0ADC4861CC5BE3B009DBB53 /* YPFileUtil.m in Sources */,
				F0ADC4631CC5BE3B009DBB53 /* MASConstraintMaker.m in Sources */,
				F0ADC4811CC5BE3B009DBB53 /* NSDictionary+ZXPUnicode.m in Sources */,
				F0ADC45A1CC5BE3B009DBB53 /* AFURLRequestSerialization.m in Sources */,
				F0ADC45F1CC5BE3B009DBB53 /* ZXObject.m in Sources */,
				F0ADC44F1CC5BE3B009DBB53 /* YPPageViewCell.m in Sources */,
				F0ADC43F1CC5BE3B009DBB53 /* NSSet+YPKit.m in Sources */,
				F0ADC46E1CC5BE3B009DBB53 /* NSDate+RFC1123.m in Sources */,
				F0ADC4561CC5BE3B009DBB53 /* YPTextView.m in Sources */,
				F0ADC42A1CC5BE3B009DBB53 /* UITableView+FDTemplateLayoutCell.m in Sources */,
				F0ADC42D1CC5BE3B009DBB53 /* WebViewController.m in Sources */,
				F0ADC4681CC5BE3B009DBB53 /* NSLayoutConstraint+MASDebugAdditions.m in Sources */,
				F0ADC45B1CC5BE3B009DBB53 /* AFURLResponseSerialization.m in Sources */,
				F0ADC43B1CC5BE3B009DBB53 /* NSDictionary+YPKit.m in Sources */,
				F0ADC4621CC5BE3B009DBB53 /* MASConstraint.m in Sources */,
				F0ADC43A1CC5BE3B009DBB53 /* NSAttributedString+YPKit.m in Sources */,
				F0ADC4481CC5BE3B009DBB53 /* UIViewController+YPKit.m in Sources */,
				F0ADC4451CC5BE3B009DBB53 /* UITableView+YPKit.m in Sources */,
				F0ADC42B1CC5BE3B009DBB53 /* UITableView+FDTemplateLayoutCellDebug.m in Sources */,
				F0ADC4881CC5BE3B009DBB53 /* YPHttpUtil.m in Sources */,
				F0ADC4511CC5BE3B009DBB53 /* YPUpwardsPicker.m in Sources */,
				F0ADC4531CC5BE3B009DBB53 /* YPSettingItem.m in Sources */,
				F0ADC4551CC5BE3B009DBB53 /* YPPlaceHolderTextView.m in Sources */,
				F0ADC4471CC5BE3B009DBB53 /* UIView+YPKit.m in Sources */,
				F0ADC46F1CC5BE3B009DBB53 /* NSDictionary+RequestEncoding.m in Sources */,
				F0ADC47A1CC5BE3B009DBB53 /* QBAssetsCollectionViewController.m in Sources */,
				F0ADC47D1CC5BE3B009DBB53 /* QBImagePickerGroupCell.m in Sources */,
				F0ADC4851CC5BE3B009DBB53 /* YPDateUtil.m in Sources */,
				F0ADC4381CC5BE3B009DBB53 /* CALayer+YPKit.m in Sources */,
				F0ADC4431CC5BE3B009DBB53 /* UIImage+YPKit.m in Sources */,
				F0ADC4791CC5BE3B009DBB53 /* QBAssetsCollectionViewCell.m in Sources */,
				F0ADC46A1CC5BE3B009DBB53 /* ViewController+MASAdditions.m in Sources */,
				F0ADC4371CC5BE3B009DBB53 /* YPTableViewController.m in Sources */,
				F0ADC45D1CC5BE3B009DBB53 /* BUIControl.m in Sources */,
				F0ADC43E1CC5BE3B009DBB53 /* NSObject+YPKit.m in Sources */,
				F0ADC4731CC5BE3B009DBB53 /* MKNetworkEngine.m in Sources */,
				F0ADC4411CC5BE3B009DBB53 /* UIAlertView+YPKit.m in Sources */,
				F0ADC47E1CC5BE3B009DBB53 /* QBImagePickerThumbnailView.m in Sources */,
				F0ADC4331CC5BE3B009DBB53 /* YPBaseCollectionViewController.m in Sources */,
				F0ADC4711CC5BE3B009DBB53 /* UIAlertView+MKNetworkKitAdditions.m in Sources */,
				F0ADC4581CC5BE3B009DBB53 /* AFNetworkReachabilityManager.m in Sources */,
				F0ADC44C1CC5BE3B009DBB53 /* YPControlLabel.m in Sources */,
				F0ADC46C1CC5BE3B009DBB53 /* NSAlert+MKNetworkKitAdditions.m in Sources */,
				F0ADC41C1CC5BE3B009DBB53 /* AutoLayoutCell.m in Sources */,
				F0ADC42C1CC5BE3B009DBB53 /* ViewController.m in Sources */,
				F0ADC47B1CC5BE3B009DBB53 /* QBAssetsCollectionViewLayout.m in Sources */,
				F0ADC4781CC5BE3B009DBB53 /* QBAssetsCollectionOverlayView.m in Sources */,
				F0ADC44A1CC5BE3B009DBB53 /* YPBaseUpwardsView.m in Sources */,
				F0ADC4701CC5BE3B009DBB53 /* NSString+MKNetworkKitAdditions.m in Sources */,
				F0ADC4311CC5BE3B009DBB53 /* YPTextViewController.m in Sources */,
				F0ADC4611CC5BE3B009DBB53 /* MASCompositeConstraint.m in Sources */,
				F0ADC4251CC5BE3B009DBB53 /* main.m in Sources */,
				F0ADC4831CC5BE3B009DBB53 /* AccountUtil.m in Sources */,
				F0ADC43D1CC5BE3B009DBB53 /* NSNumber+YPKit.m in Sources */,
				F0ADC4721CC5BE3B009DBB53 /* UIImageView+MKNetworkKitAdditions.m in Sources */,
				F0ADC4441CC5BE3B009DBB53 /* UILabel+YPKit.m in Sources */,
				F0ADC4571CC5BE3B009DBB53 /* AFHTTPSessionManager.m in Sources */,
				F0ADC4361CC5BE3B009DBB53 /* YPBaseViewController.m in Sources */,
				F0ADC4821CC5BE3B009DBB53 /* NSObject+ZXPUnicode.m in Sources */,
				F0ADC4761CC5BE3B009DBB53 /* QBAssetsCollectionCheckmarkView.m in Sources */,
				F0ADC4871CC5BE3B009DBB53 /* YPHttpEngine.m in Sources */,
				F0ADC4281CC5BE3B009DBB53 /* UITableView+FDIndexPathHeightCache.m in Sources */,
				F0ADC4741CC5BE3B009DBB53 /* MKNetworkOperation.m in Sources */,
				F0ADC4641CC5BE3B009DBB53 /* MASLayoutConstraint.m in Sources */,
				F0ADC41B1CC5BE3B009DBB53 /* AppDelegate.m in Sources */,
				F0ADC4291CC5BE3B009DBB53 /* UITableView+FDKeyedHeightCache.m in Sources */,
				F0ADC48A1CC5BE3B009DBB53 /* YPNativeUtil.m in Sources */,
				F0ADC4421CC5BE3B009DBB53 /* UIButton+YPKit.m in Sources */,
				F0ADC4661CC5BE3B009DBB53 /* MASViewConstraint.m in Sources */,
				F0ADC42F1CC5BE3B009DBB53 /* YPDateUtilController.m in Sources */,
				F0ADC4261CC5BE3B009DBB53 /* RootController.m in Sources */,
				F0ADC44B1CC5BE3B009DBB53 /* YPCheckBox.m in Sources */,
				F0ADC45E1CC5BE3B009DBB53 /* BUIView.m in Sources */,
			);
			runOnlyForDeploymentPostprocessing = 0;
		};
		F009E3901B7C414300D80FD5 /* Sources */ = {
			isa = PBXSourcesBuildPhase;
			buildActionMask = 2147483647;
			files = (
				F009E39B1B7C414300D80FD5 /* YPKitTests.m in Sources */,
			);
			runOnlyForDeploymentPostprocessing = 0;
		};
/* End PBXSourcesBuildPhase section */

/* Begin PBXTargetDependency section */
		F009E3961B7C414300D80FD5 /* PBXTargetDependency */ = {
			isa = PBXTargetDependency;
			target = F009E37A1B7C414300D80FD5 /* YPKit */;
			targetProxy = F009E3951B7C414300D80FD5 /* PBXContainerItemProxy */;
		};
/* End PBXTargetDependency section */

/* Begin PBXVariantGroup section */
		F0ADC32A1CC5BE3A009DBB53 /* LaunchScreen.xib */ = {
			isa = PBXVariantGroup;
			children = (
				F0ADC32B1CC5BE3A009DBB53 /* Base */,
			);
			name = LaunchScreen.xib;
			sourceTree = "<group>";
		};
		F0ADC3FE1CC5BE3B009DBB53 /* QBImagePickerController.strings */ = {
			isa = PBXVariantGroup;
			children = (
				F0ADC3FF1CC5BE3B009DBB53 /* en */,
				F0ADC4001CC5BE3B009DBB53 /* ja */,
				F0ADC4011CC5BE3B009DBB53 /* zh-Hans */,
			);
			name = QBImagePickerController.strings;
			sourceTree = "<group>";
		};
/* End PBXVariantGroup section */

/* Begin XCBuildConfiguration section */
		F009E39C1B7C414300D80FD5 /* Debug */ = {
			isa = XCBuildConfiguration;
			buildSettings = {
				ALWAYS_SEARCH_USER_PATHS = NO;
				CLANG_CXX_LANGUAGE_STANDARD = "gnu++0x";
				CLANG_CXX_LIBRARY = "libc++";
				CLANG_ENABLE_MODULES = YES;
				CLANG_ENABLE_OBJC_ARC = YES;
				CLANG_WARN_BOOL_CONVERSION = YES;
				CLANG_WARN_CONSTANT_CONVERSION = YES;
				CLANG_WARN_DIRECT_OBJC_ISA_USAGE = YES_ERROR;
				CLANG_WARN_EMPTY_BODY = YES;
				CLANG_WARN_ENUM_CONVERSION = YES;
				CLANG_WARN_INT_CONVERSION = YES;
				CLANG_WARN_OBJC_ROOT_CLASS = YES_ERROR;
				CLANG_WARN_UNREACHABLE_CODE = YES;
				CLANG_WARN__DUPLICATE_METHOD_MATCH = YES;
				"CODE_SIGN_IDENTITY[sdk=iphoneos*]" = "iPhone Developer";
				COPY_PHASE_STRIP = NO;
				DEBUG_INFORMATION_FORMAT = "dwarf-with-dsym";
				ENABLE_STRICT_OBJC_MSGSEND = YES;
				GCC_C_LANGUAGE_STANDARD = gnu99;
				GCC_DYNAMIC_NO_PIC = NO;
				GCC_NO_COMMON_BLOCKS = YES;
				GCC_OPTIMIZATION_LEVEL = 0;
				GCC_PREPROCESSOR_DEFINITIONS = (
					"DEBUG=1",
					"$(inherited)",
				);
				GCC_SYMBOLS_PRIVATE_EXTERN = NO;
				GCC_WARN_64_TO_32_BIT_CONVERSION = YES;
				GCC_WARN_ABOUT_RETURN_TYPE = YES_ERROR;
				GCC_WARN_UNDECLARED_SELECTOR = YES;
				GCC_WARN_UNINITIALIZED_AUTOS = YES_AGGRESSIVE;
				GCC_WARN_UNUSED_FUNCTION = YES;
				GCC_WARN_UNUSED_VARIABLE = YES;
				IPHONEOS_DEPLOYMENT_TARGET = 8.4;
				MTL_ENABLE_DEBUG_INFO = YES;
				ONLY_ACTIVE_ARCH = YES;
				SDKROOT = iphoneos;
			};
			name = Debug;
		};
		F009E39D1B7C414300D80FD5 /* Release */ = {
			isa = XCBuildConfiguration;
			buildSettings = {
				ALWAYS_SEARCH_USER_PATHS = NO;
				CLANG_CXX_LANGUAGE_STANDARD = "gnu++0x";
				CLANG_CXX_LIBRARY = "libc++";
				CLANG_ENABLE_MODULES = YES;
				CLANG_ENABLE_OBJC_ARC = YES;
				CLANG_WARN_BOOL_CONVERSION = YES;
				CLANG_WARN_CONSTANT_CONVERSION = YES;
				CLANG_WARN_DIRECT_OBJC_ISA_USAGE = YES_ERROR;
				CLANG_WARN_EMPTY_BODY = YES;
				CLANG_WARN_ENUM_CONVERSION = YES;
				CLANG_WARN_INT_CONVERSION = YES;
				CLANG_WARN_OBJC_ROOT_CLASS = YES_ERROR;
				CLANG_WARN_UNREACHABLE_CODE = YES;
				CLANG_WARN__DUPLICATE_METHOD_MATCH = YES;
				"CODE_SIGN_IDENTITY[sdk=iphoneos*]" = "iPhone Developer";
				COPY_PHASE_STRIP = NO;
				DEBUG_INFORMATION_FORMAT = "dwarf-with-dsym";
				ENABLE_NS_ASSERTIONS = NO;
				ENABLE_STRICT_OBJC_MSGSEND = YES;
				GCC_C_LANGUAGE_STANDARD = gnu99;
				GCC_NO_COMMON_BLOCKS = YES;
				GCC_WARN_64_TO_32_BIT_CONVERSION = YES;
				GCC_WARN_ABOUT_RETURN_TYPE = YES_ERROR;
				GCC_WARN_UNDECLARED_SELECTOR = YES;
				GCC_WARN_UNINITIALIZED_AUTOS = YES_AGGRESSIVE;
				GCC_WARN_UNUSED_FUNCTION = YES;
				GCC_WARN_UNUSED_VARIABLE = YES;
				IPHONEOS_DEPLOYMENT_TARGET = 8.4;
				MTL_ENABLE_DEBUG_INFO = NO;
				SDKROOT = iphoneos;
				VALIDATE_PRODUCT = YES;
			};
			name = Release;
		};
		F009E39F1B7C414300D80FD5 /* Debug */ = {
			isa = XCBuildConfiguration;
			buildSettings = {
				ASSETCATALOG_COMPILER_APPICON_NAME = AppIcon;
				CODE_SIGN_IDENTITY = "iPhone Developer";
				FRAMEWORK_SEARCH_PATHS = "$(inherited)";
				GCC_PREFIX_HEADER = "YPKit/Demo/YPKit-Prefix.pch";
				INFOPLIST_FILE = YPKit/Demo/Info.plist;
				IPHONEOS_DEPLOYMENT_TARGET = 7.0;
				LD_RUNPATH_SEARCH_PATHS = "$(inherited) @executable_path/Frameworks";
				LIBRARY_SEARCH_PATHS = "$(inherited)";
				PRODUCT_MODULE_NAME = "$(TARGET_NAME)";
				PRODUCT_NAME = "$(TARGET_NAME)";
			};
			name = Debug;
		};
		F009E3A01B7C414300D80FD5 /* Release */ = {
			isa = XCBuildConfiguration;
			buildSettings = {
				ASSETCATALOG_COMPILER_APPICON_NAME = AppIcon;
				CODE_SIGN_IDENTITY = "iPhone Developer";
				FRAMEWORK_SEARCH_PATHS = "$(inherited)";
				GCC_PREFIX_HEADER = "YPKit/Demo/YPKit-Prefix.pch";
				INFOPLIST_FILE = YPKit/Demo/Info.plist;
				IPHONEOS_DEPLOYMENT_TARGET = 7.0;
				LD_RUNPATH_SEARCH_PATHS = "$(inherited) @executable_path/Frameworks";
				LIBRARY_SEARCH_PATHS = "$(inherited)";
				PRODUCT_MODULE_NAME = "$(TARGET_NAME)";
				PRODUCT_NAME = "$(TARGET_NAME)";
			};
			name = Release;
		};
		F009E3A21B7C414300D80FD5 /* Debug */ = {
			isa = XCBuildConfiguration;
			buildSettings = {
				BUNDLE_LOADER = "$(TEST_HOST)";
				FRAMEWORK_SEARCH_PATHS = (
					"$(SDKROOT)/Developer/Library/Frameworks",
					"$(inherited)",
				);
				GCC_PREPROCESSOR_DEFINITIONS = (
					"DEBUG=1",
					"$(inherited)",
				);
				INFOPLIST_FILE = YPKitTests/Info.plist;
				LD_RUNPATH_SEARCH_PATHS = "$(inherited) @executable_path/Frameworks @loader_path/Frameworks";
				PRODUCT_NAME = "$(TARGET_NAME)";
				TEST_HOST = "$(BUILT_PRODUCTS_DIR)/YPKit.app/YPKit";
			};
			name = Debug;
		};
		F009E3A31B7C414300D80FD5 /* Release */ = {
			isa = XCBuildConfiguration;
			buildSettings = {
				BUNDLE_LOADER = "$(TEST_HOST)";
				FRAMEWORK_SEARCH_PATHS = (
					"$(SDKROOT)/Developer/Library/Frameworks",
					"$(inherited)",
				);
				INFOPLIST_FILE = YPKitTests/Info.plist;
				LD_RUNPATH_SEARCH_PATHS = "$(inherited) @executable_path/Frameworks @loader_path/Frameworks";
				PRODUCT_NAME = "$(TARGET_NAME)";
				TEST_HOST = "$(BUILT_PRODUCTS_DIR)/YPKit.app/YPKit";
			};
			name = Release;
		};
/* End XCBuildConfiguration section */

/* Begin XCConfigurationList section */
		F009E3761B7C414300D80FD5 /* Build configuration list for PBXProject "YPKit" */ = {
			isa = XCConfigurationList;
			buildConfigurations = (
				F009E39C1B7C414300D80FD5 /* Debug */,
				F009E39D1B7C414300D80FD5 /* Release */,
			);
			defaultConfigurationIsVisible = 0;
			defaultConfigurationName = Release;
		};
		F009E39E1B7C414300D80FD5 /* Build configuration list for PBXNativeTarget "YPKit" */ = {
			isa = XCConfigurationList;
			buildConfigurations = (
				F009E39F1B7C414300D80FD5 /* Debug */,
				F009E3A01B7C414300D80FD5 /* Release */,
			);
			defaultConfigurationIsVisible = 0;
			defaultConfigurationName = Release;
		};
		F009E3A11B7C414300D80FD5 /* Build configuration list for PBXNativeTarget "YPKitTests" */ = {
			isa = XCConfigurationList;
			buildConfigurations = (
				F009E3A21B7C414300D80FD5 /* Debug */,
				F009E3A31B7C414300D80FD5 /* Release */,
			);
			defaultConfigurationIsVisible = 0;
			defaultConfigurationName = Release;
		};
/* End XCConfigurationList section */
	};
	rootObject = F009E3731B7C414300D80FD5 /* Project object */;
}
